
Microsoft Visual Studio Solution File, Format Version 9.00
# Visual Studio 2005
Project("{F184B08F-C81C-45F6-A57F-5ABD9991F28F}") = "Tools", "Tools\Tools.vbproj", "{FCF346AC-D1C3-42DB-9026-9144240FB766}"
	ProjectSection(WebsiteProperties) = preProject
		Debug.AspNetCompiler.Debug = "True"
		Release.AspNetCompiler.Debug = "False"
	EndProjectSection
EndProject
Project("{2150E333-8FDC-42A3-9474-1A3956D46DE8}") = "Solution Items", "Solution Items", "{847298BA-D4D1-4EBD-AF69-0193A77DC90C}"
	ProjectSection(WebsiteProperties) = preProject
		Debug.AspNetCompiler.Debug = "True"
		Release.AspNetCompiler.Debug = "False"
	EndProjectSection
	ProjectSection(SolutionItems) = preProject
		Latest.bat = Latest.bat
	EndProjectSection
EndProject
Project("{F184B08F-C81C-45F6-A57F-5ABD9991F28F}") = "Tests", "Tests\Tests.vbproj", "{79B67251-D837-4367-B571-AB806C2C7C74}"
	ProjectSection(WebsiteProperties) = preProject
		Debug.AspNetCompiler.Debug = "True"
		Release.AspNetCompiler.Debug = "False"
	EndProjectSection
EndProject
Project("{F184B08F-C81C-45F6-A57F-5ABD9991F28F}") = "Tools Win", "Tools Win\Tools Win.vbproj", "{9E0E6221-AD3B-47C8-B528-C9941BBFD663}"
	ProjectSection(WebsiteProperties) = preProject
		Debug.AspNetCompiler.Debug = "True"
		Release.AspNetCompiler.Debug = "False"
	EndProjectSection
EndProject
Project("{2150E333-8FDC-42A3-9474-1A3956D46DE8}") = "DevelopmentTools", "DevelopmentTools", "{FEA4635F-E0AE-4562-A292-1B6ABCF4444F}"
	ProjectSection(WebsiteProperties) = preProject
		Debug.AspNetCompiler.Debug = "True"
		Release.AspNetCompiler.Debug = "False"
	EndProjectSection
	ProjectSection(SolutionItems) = preProject
		DevelopmentTools\read.me.txt = DevelopmentTools\read.me.txt
		DevelopmentTools\Robocopy.exe = DevelopmentTools\Robocopy.exe
		DevelopmentTools\TransformCodeGenerator.rar = DevelopmentTools\TransformCodeGenerator.rar
	EndProjectSection
EndProject
Global
	GlobalSection(TeamFoundationVersionControl) = preSolution
		SccNumberOfProjects = 8
		SccEnterpriseProvider = {4CA58AB2-18FA-4F8D-95D4-32DDF27D184C}
		SccTeamFoundationServer = https://tfs01.codeplex.com/
		SccLocalPath0 = .
		SccProjectUniqueName1 = Tests\\Tests.vbproj
		SccProjectName1 = Tests
		SccLocalPath1 = Tests
		SccProjectUniqueName2 = Tools\\Tools.vbproj
		SccProjectName2 = Tools
		SccLocalPath2 = Tools
		SccProjectUniqueName3 = Tools\u0020Win\\Tools\u0020Win.vbproj
		SccProjectName3 = Tools\u0020Win
		SccLocalPath3 = Tools\u0020Win
		SccLocalPath4 = .
		SccProjectUniqueName5 = Tests\\Tests.vbproj
		SccProjectName5 = Tests
		SccLocalPath5 = Tests
		SccProjectUniqueName6 = Tools\\Tools.vbproj
		SccProjectName6 = Tools
		SccLocalPath6 = Tools
		SccProjectUniqueName7 = Tools\u0020Win\\Tools\u0020Win.vbproj
		SccProjectName7 = Tools\u0020Win
		SccLocalPath7 = Tools\u0020Win
	EndGlobalSection
	GlobalSection(SolutionConfigurationPlatforms) = preSolution
		Alpha|Any CPU = Alpha|Any CPU
		Alpha|Mixed Platforms = Alpha|Mixed Platforms
		Alpha|Win32 = Alpha|Win32
		Beta|Any CPU = Beta|Any CPU
		Beta|Mixed Platforms = Beta|Mixed Platforms
		Beta|Win32 = Beta|Win32
		Debug|Any CPU = Debug|Any CPU
		Debug|Mixed Platforms = Debug|Mixed Platforms
		Debug|Win32 = Debug|Win32
		Nightly|Any CPU = Nightly|Any CPU
		Nightly|Mixed Platforms = Nightly|Mixed Platforms
		Nightly|Win32 = Nightly|Win32
		RC|Any CPU = RC|Any CPU
		RC|Mixed Platforms = RC|Mixed Platforms
		RC|Win32 = RC|Win32
		Release|Any CPU = Release|Any CPU
		Release|Mixed Platforms = Release|Mixed Platforms
		Release|Win32 = Release|Win32
	EndGlobalSection
	GlobalSection(ProjectConfigurationPlatforms) = postSolution
		{FCF346AC-D1C3-42DB-9026-9144240FB766}.Alpha|Any CPU.ActiveCfg = Alpha|Any CPU
		{FCF346AC-D1C3-42DB-9026-9144240FB766}.Alpha|Any CPU.Build.0 = Alpha|Any CPU
		{FCF346AC-D1C3-42DB-9026-9144240FB766}.Alpha|Mixed Platforms.ActiveCfg = Alpha|Any CPU
		{FCF346AC-D1C3-42DB-9026-9144240FB766}.Alpha|Mixed Platforms.Build.0 = Alpha|Any CPU
		{FCF346AC-D1C3-42DB-9026-9144240FB766}.Alpha|Win32.ActiveCfg = Alpha|Any CPU
		{FCF346AC-D1C3-42DB-9026-9144240FB766}.Beta|Any CPU.ActiveCfg = Beta|Any CPU
		{FCF346AC-D1C3-42DB-9026-9144240FB766}.Beta|Any CPU.Build.0 = Beta|Any CPU
		{FCF346AC-D1C3-42DB-9026-9144240FB766}.Beta|Mixed Platforms.ActiveCfg = Beta|Any CPU
		{FCF346AC-D1C3-42DB-9026-9144240FB766}.Beta|Mixed Platforms.Build.0 = Beta|Any CPU
		{FCF346AC-D1C3-42DB-9026-9144240FB766}.Beta|Win32.ActiveCfg = Beta|Any CPU
		{FCF346AC-D1C3-42DB-9026-9144240FB766}.Debug|Any CPU.ActiveCfg = RC|Any CPU
		{FCF346AC-D1C3-42DB-9026-9144240FB766}.Debug|Any CPU.Build.0 = RC|Any CPU
		{FCF346AC-D1C3-42DB-9026-9144240FB766}.Debug|Mixed Platforms.ActiveCfg = RC|Any CPU
		{FCF346AC-D1C3-42DB-9026-9144240FB766}.Debug|Mixed Platforms.Build.0 = RC|Any CPU
		{FCF346AC-D1C3-42DB-9026-9144240FB766}.Debug|Win32.ActiveCfg = RC|Any CPU
		{FCF346AC-D1C3-42DB-9026-9144240FB766}.Nightly|Any CPU.ActiveCfg = Nightly|Any CPU
		{FCF346AC-D1C3-42DB-9026-9144240FB766}.Nightly|Any CPU.Build.0 = Nightly|Any CPU
		{FCF346AC-D1C3-42DB-9026-9144240FB766}.Nightly|Mixed Platforms.ActiveCfg = Nightly|Any CPU
		{FCF346AC-D1C3-42DB-9026-9144240FB766}.Nightly|Mixed Platforms.Build.0 = Nightly|Any CPU
		{FCF346AC-D1C3-42DB-9026-9144240FB766}.Nightly|Win32.ActiveCfg = Nightly|Any CPU
		{FCF346AC-D1C3-42DB-9026-9144240FB766}.RC|Any CPU.ActiveCfg = RC|Any CPU
		{FCF346AC-D1C3-42DB-9026-9144240FB766}.RC|Any CPU.Build.0 = RC|Any CPU
		{FCF346AC-D1C3-42DB-9026-9144240FB766}.RC|Mixed Platforms.ActiveCfg = RC|Any CPU
		{FCF346AC-D1C3-42DB-9026-9144240FB766}.RC|Mixed Platforms.Build.0 = RC|Any CPU
		{FCF346AC-D1C3-42DB-9026-9144240FB766}.RC|Win32.ActiveCfg = RC|Any CPU
		{FCF346AC-D1C3-42DB-9026-9144240FB766}.Release|Any CPU.ActiveCfg = Release|Any CPU
		{FCF346AC-D1C3-42DB-9026-9144240FB766}.Release|Any CPU.Build.0 = Release|Any CPU
		{FCF346AC-D1C3-42DB-9026-9144240FB766}.Release|Mixed Platforms.ActiveCfg = Release|Any CPU
		{FCF346AC-D1C3-42DB-9026-9144240FB766}.Release|Mixed Platforms.Build.0 = Release|Any CPU
		{FCF346AC-D1C3-42DB-9026-9144240FB766}.Release|Win32.ActiveCfg = Release|Any CPU
		{79B67251-D837-4367-B571-AB806C2C7C74}.Alpha|Any CPU.ActiveCfg = Alpha|Any CPU
		{79B67251-D837-4367-B571-AB806C2C7C74}.Alpha|Any CPU.Build.0 = Alpha|Any CPU
		{79B67251-D837-4367-B571-AB806C2C7C74}.Alpha|Mixed Platforms.ActiveCfg = Alpha|Any CPU
		{79B67251-D837-4367-B571-AB806C2C7C74}.Alpha|Mixed Platforms.Build.0 = Alpha|Any CPU
		{79B67251-D837-4367-B571-AB806C2C7C74}.Alpha|Win32.ActiveCfg = Alpha|Any CPU
		{79B67251-D837-4367-B571-AB806C2C7C74}.Beta|Any CPU.ActiveCfg = Beta|Any CPU
		{79B67251-D837-4367-B571-AB806C2C7C74}.Beta|Any CPU.Build.0 = Beta|Any CPU
		{79B67251-D837-4367-B571-AB806C2C7C74}.Beta|Mixed Platforms.ActiveCfg = Beta|Any CPU
		{79B67251-D837-4367-B571-AB806C2C7C74}.Beta|Mixed Platforms.Build.0 = Beta|Any CPU
		{79B67251-D837-4367-B571-AB806C2C7C74}.Beta|Win32.ActiveCfg = Beta|Any CPU
		{79B67251-D837-4367-B571-AB806C2C7C74}.Debug|Any CPU.ActiveCfg = RC|Any CPU
		{79B67251-D837-4367-B571-AB806C2C7C74}.Debug|Any CPU.Build.0 = RC|Any CPU
		{79B67251-D837-4367-B571-AB806C2C7C74}.Debug|Mixed Platforms.ActiveCfg = RC|Any CPU
		{79B67251-D837-4367-B571-AB806C2C7C74}.Debug|Mixed Platforms.Build.0 = RC|Any CPU
		{79B67251-D837-4367-B571-AB806C2C7C74}.Debug|Win32.ActiveCfg = RC|Any CPU
		{79B67251-D837-4367-B571-AB806C2C7C74}.Nightly|Any CPU.ActiveCfg = Nightly|Any CPU
		{79B67251-D837-4367-B571-AB806C2C7C74}.Nightly|Any CPU.Build.0 = Nightly|Any CPU
		{79B67251-D837-4367-B571-AB806C2C7C74}.Nightly|Mixed Platforms.ActiveCfg = Nightly|Any CPU
		{79B67251-D837-4367-B571-AB806C2C7C74}.Nightly|Mixed Platforms.Build.0 = Nightly|Any CPU
		{79B67251-D837-4367-B571-AB806C2C7C74}.Nightly|Win32.ActiveCfg = Nightly|Any CPU
		{79B67251-D837-4367-B571-AB806C2C7C74}.RC|Any CPU.ActiveCfg = RC|Any CPU
		{79B67251-D837-4367-B571-AB806C2C7C74}.RC|Any CPU.Build.0 = RC|Any CPU
		{79B67251-D837-4367-B571-AB806C2C7C74}.RC|Mixed Platforms.ActiveCfg = RC|Any CPU
		{79B67251-D837-4367-B571-AB806C2C7C74}.RC|Mixed Platforms.Build.0 = RC|Any CPU
		{79B67251-D837-4367-B571-AB806C2C7C74}.RC|Win32.ActiveCfg = RC|Any CPU
		{79B67251-D837-4367-B571-AB806C2C7C74}.Release|Any CPU.ActiveCfg = Release|Any CPU
		{79B67251-D837-4367-B571-AB806C2C7C74}.Release|Any CPU.Build.0 = Release|Any CPU
		{79B67251-D837-4367-B571-AB806C2C7C74}.Release|Mixed Platforms.ActiveCfg = Release|Any CPU
		{79B67251-D837-4367-B571-AB806C2C7C74}.Release|Mixed Platforms.Build.0 = Release|Any CPU
		{79B67251-D837-4367-B571-AB806C2C7C74}.Release|Win32.ActiveCfg = Release|Any CPU
		{9E0E6221-AD3B-47C8-B528-C9941BBFD663}.Alpha|Any CPU.ActiveCfg = Alpha|Any CPU
		{9E0E6221-AD3B-47C8-B528-C9941BBFD663}.Alpha|Any CPU.Build.0 = Alpha|Any CPU
		{9E0E6221-AD3B-47C8-B528-C9941BBFD663}.Alpha|Mixed Platforms.ActiveCfg = Release|Any CPU
		{9E0E6221-AD3B-47C8-B528-C9941BBFD663}.Alpha|Mixed Platforms.Build.0 = Release|Any CPU
		{9E0E6221-AD3B-47C8-B528-C9941BBFD663}.Alpha|Win32.ActiveCfg = Release|Any CPU
		{9E0E6221-AD3B-47C8-B528-C9941BBFD663}.Beta|Any CPU.ActiveCfg = Beta|Any CPU
		{9E0E6221-AD3B-47C8-B528-C9941BBFD663}.Beta|Any CPU.Build.0 = Beta|Any CPU
		{9E0E6221-AD3B-47C8-B528-C9941BBFD663}.Beta|Mixed Platforms.ActiveCfg = Release|Any CPU
		{9E0E6221-AD3B-47C8-B528-C9941BBFD663}.Beta|Mixed Platforms.Build.0 = Release|Any CPU
		{9E0E6221-AD3B-47C8-B528-C9941BBFD663}.Beta|Win32.ActiveCfg = Release|Any CPU
		{9E0E6221-AD3B-47C8-B528-C9941BBFD663}.Debug|Any CPU.ActiveCfg = RC|Any CPU
		{9E0E6221-AD3B-47C8-B528-C9941BBFD663}.Debug|Any CPU.Build.0 = RC|Any CPU
		{9E0E6221-AD3B-47C8-B528-C9941BBFD663}.Debug|Mixed Platforms.ActiveCfg = RC|Any CPU
		{9E0E6221-AD3B-47C8-B528-C9941BBFD663}.Debug|Mixed Platforms.Build.0 = RC|Any CPU
		{9E0E6221-AD3B-47C8-B528-C9941BBFD663}.Debug|Win32.ActiveCfg = RC|Any CPU
		{9E0E6221-AD3B-47C8-B528-C9941BBFD663}.Nightly|Any CPU.ActiveCfg = Nightly|Any CPU
		{9E0E6221-AD3B-47C8-B528-C9941BBFD663}.Nightly|Any CPU.Build.0 = Nightly|Any CPU
		{9E0E6221-AD3B-47C8-B528-C9941BBFD663}.Nightly|Mixed Platforms.ActiveCfg = Release|Any CPU
		{9E0E6221-AD3B-47C8-B528-C9941BBFD663}.Nightly|Mixed Platforms.Build.0 = Release|Any CPU
		{9E0E6221-AD3B-47C8-B528-C9941BBFD663}.Nightly|Win32.ActiveCfg = Release|Any CPU
		{9E0E6221-AD3B-47C8-B528-C9941BBFD663}.RC|Any CPU.ActiveCfg = RC|Any CPU
		{9E0E6221-AD3B-47C8-B528-C9941BBFD663}.RC|Any CPU.Build.0 = RC|Any CPU
		{9E0E6221-AD3B-47C8-B528-C9941BBFD663}.RC|Mixed Platforms.ActiveCfg = Release|Any CPU
		{9E0E6221-AD3B-47C8-B528-C9941BBFD663}.RC|Mixed Platforms.Build.0 = Release|Any CPU
		{9E0E6221-AD3B-47C8-B528-C9941BBFD663}.RC|Win32.ActiveCfg = Release|Any CPU
		{9E0E6221-AD3B-47C8-B528-C9941BBFD663}.Release|Any CPU.ActiveCfg = Release|Any CPU
		{9E0E6221-AD3B-47C8-B528-C9941BBFD663}.Release|Any CPU.Build.0 = Release|Any CPU
		{9E0E6221-AD3B-47C8-B528-C9941BBFD663}.Release|Mixed Platforms.ActiveCfg = Release|Any CPU
		{9E0E6221-AD3B-47C8-B528-C9941BBFD663}.Release|Mixed Platforms.Build.0 = Release|Any CPU
		{9E0E6221-AD3B-47C8-B528-C9941BBFD663}.Release|Win32.ActiveCfg = Release|Any CPU
	EndGlobalSection
	GlobalSection(SolutionProperties) = preSolution
		HideSolutionNode = FALSE
	EndGlobalSection
	GlobalSection(NestedProjects) = preSolution
		{FEA4635F-E0AE-4562-A292-1B6ABCF4444F} = {847298BA-D4D1-4EBD-AF69-0193A77DC90C}
	EndGlobalSection
	GlobalSection(TeamFoundationVersionControl) = preSolution
		SccNumberOfProjects = 8
		SccEnterpriseProvider = {4CA58AB2-18FA-4F8D-95D4-32DDF27D184C}
		SccTeamFoundationServer = https://tfs01.codeplex.com/
		SccLocalPath0 = .
		SccProjectUniqueName1 = Tests\\Tests.vbproj
		SccProjectName1 = Tests
		SccLocalPath1 = Tests
		SccProjectUniqueName2 = Tools\\Tools.vbproj
		SccProjectName2 = Tools
		SccLocalPath2 = Tools
		SccProjectUniqueName3 = Tools\u0020Win\\Tools\u0020Win.vbproj
		SccProjectName3 = Tools\u0020Win
		SccLocalPath3 = Tools\u0020Win
		SccLocalPath4 = .
		SccProjectUniqueName5 = Tests\\Tests.vbproj
		SccProjectName5 = Tests
		SccLocalPath5 = Tests
		SccProjectUniqueName6 = Tools\\Tools.vbproj
		SccProjectName6 = Tools
		SccLocalPath6 = Tools
		SccProjectUniqueName7 = Tools\u0020Win\\Tools\u0020Win.vbproj
		SccProjectName7 = Tools\u0020Win
		SccLocalPath7 = Tools\u0020Win
	EndGlobalSection
	GlobalSection(TeamFoundationVersionControl) = preSolution
		SccNumberOfProjects = 8
		SccEnterpriseProvider = {4CA58AB2-18FA-4F8D-95D4-32DDF27D184C}
		SccTeamFoundationServer = https://tfs01.codeplex.com/
		SccLocalPath0 = .
		SccProjectUniqueName1 = Tests\\Tests.vbproj
		SccProjectName1 = Tests
		SccLocalPath1 = Tests
		SccProjectUniqueName2 = Tools\\Tools.vbproj
		SccProjectName2 = Tools
		SccLocalPath2 = Tools
		SccProjectUniqueName3 = Tools\u0020Win\\Tools\u0020Win.vbproj
		SccProjectName3 = Tools\u0020Win
		SccLocalPath3 = Tools\u0020Win
		SccLocalPath4 = .
		SccProjectUniqueName5 = Tests\\Tests.vbproj
		SccProjectName5 = Tests
		SccLocalPath5 = Tests
		SccProjectUniqueName6 = Tools\\Tools.vbproj
		SccProjectName6 = Tools
		SccLocalPath6 = Tools
		SccProjectUniqueName7 = Tools\u0020Win\\Tools\u0020Win.vbproj
		SccProjectName7 = Tools\u0020Win
		SccLocalPath7 = Tools\u0020Win
	EndGlobalSection
	GlobalSection(TeamFoundationVersionControl) = preSolution
		SccNumberOfProjects = 8
		SccEnterpriseProvider = {4CA58AB2-18FA-4F8D-95D4-32DDF27D184C}
		SccTeamFoundationServer = https://tfs01.codeplex.com/
		SccLocalPath0 = .
		SccProjectUniqueName1 = Tests\\Tests.vbproj
		SccProjectName1 = Tests
		SccLocalPath1 = Tests
		SccProjectUniqueName2 = Tools\\Tools.vbproj
		SccProjectName2 = Tools
		SccLocalPath2 = Tools
		SccProjectUniqueName3 = Tools\u0020Win\\Tools\u0020Win.vbproj
		SccProjectName3 = Tools\u0020Win
		SccLocalPath3 = Tools\u0020Win
		SccLocalPath4 = .
		SccProjectUniqueName5 = Tests\\Tests.vbproj
		SccProjectName5 = Tests
		SccLocalPath5 = Tests
		SccProjectUniqueName6 = Tools\\Tools.vbproj
		SccProjectName6 = Tools
		SccLocalPath6 = Tools
		SccProjectUniqueName7 = Tools\u0020Win\\Tools\u0020Win.vbproj
		SccProjectName7 = Tools\u0020Win
		SccLocalPath7 = Tools\u0020Win
	EndGlobalSection
	GlobalSection(TeamFoundationVersionControl) = preSolution
		SccNumberOfProjects = 8
		SccEnterpriseProvider = {4CA58AB2-18FA-4F8D-95D4-32DDF27D184C}
		SccTeamFoundationServer = https://tfs01.codeplex.com/
		SccLocalPath0 = .
		SccProjectUniqueName1 = Tests\\Tests.vbproj
		SccProjectName1 = Tests
		SccLocalPath1 = Tests
		SccProjectUniqueName2 = Tools\\Tools.vbproj
		SccProjectName2 = Tools
		SccLocalPath2 = Tools
		SccProjectUniqueName3 = Tools\u0020Win\\Tools\u0020Win.vbproj
		SccProjectName3 = Tools\u0020Win
		SccLocalPath3 = Tools\u0020Win
		SccLocalPath4 = .
		SccProjectUniqueName5 = Tests\\Tests.vbproj
		SccProjectName5 = Tests
		SccLocalPath5 = Tests
		SccProjectUniqueName6 = Tools\\Tools.vbproj
		SccProjectName6 = Tools
		SccLocalPath6 = Tools
		SccProjectUniqueName7 = Tools\u0020Win\\Tools\u0020Win.vbproj
		SccProjectName7 = Tools\u0020Win
		SccLocalPath7 = Tools\u0020Win
	EndGlobalSection
	GlobalSection(TeamFoundationVersionControl) = preSolution
		SccNumberOfProjects = 8
		SccEnterpriseProvider = {4CA58AB2-18FA-4F8D-95D4-32DDF27D184C}
		SccTeamFoundationServer = https://tfs01.codeplex.com/
		SccLocalPath0 = .
		SccProjectUniqueName1 = Tests\\Tests.vbproj
		SccProjectName1 = Tests
		SccLocalPath1 = Tests
		SccProjectUniqueName2 = Tools\\Tools.vbproj
		SccProjectName2 = Tools
		SccLocalPath2 = Tools
		SccProjectUniqueName3 = Tools\u0020Win\\Tools\u0020Win.vbproj
		SccProjectName3 = Tools\u0020Win
		SccLocalPath3 = Tools\u0020Win
		SccLocalPath4 = .
		SccProjectUniqueName5 = Tests\\Tests.vbproj
		SccProjectName5 = Tests
		SccLocalPath5 = Tests
		SccProjectUniqueName6 = Tools\\Tools.vbproj
		SccProjectName6 = Tools
		SccLocalPath6 = Tools
		SccProjectUniqueName7 = Tools\u0020Win\\Tools\u0020Win.vbproj
		SccProjectName7 = Tools\u0020Win
		SccLocalPath7 = Tools\u0020Win
	EndGlobalSection
	GlobalSection(TeamFoundationVersionControl) = preSolution
		SccNumberOfProjects = 8
		SccEnterpriseProvider = {4CA58AB2-18FA-4F8D-95D4-32DDF27D184C}
		SccTeamFoundationServer = https://tfs01.codeplex.com/
		SccLocalPath0 = .
		SccProjectUniqueName1 = Tests\\Tests.vbproj
		SccProjectName1 = Tests
		SccLocalPath1 = Tests
		SccProjectUniqueName2 = Tools\\Tools.vbproj
		SccProjectName2 = Tools
		SccLocalPath2 = Tools
		SccProjectUniqueName3 = Tools\u0020Win\\Tools\u0020Win.vbproj
		SccProjectName3 = Tools\u0020Win
		SccLocalPath3 = Tools\u0020Win
		SccLocalPath4 = .
		SccProjectUniqueName5 = Tests\\Tests.vbproj
		SccProjectName5 = Tests
		SccLocalPath5 = Tests
		SccProjectUniqueName6 = Tools\\Tools.vbproj
		SccProjectName6 = Tools
		SccLocalPath6 = Tools
		SccProjectUniqueName7 = Tools\u0020Win\\Tools\u0020Win.vbproj
		SccProjectName7 = Tools\u0020Win
		SccLocalPath7 = Tools\u0020Win
	EndGlobalSection
	GlobalSection(TeamFoundationVersionControl) = preSolution
		SccNumberOfProjects = 8
		SccEnterpriseProvider = {4CA58AB2-18FA-4F8D-95D4-32DDF27D184C}
		SccTeamFoundationServer = https://tfs01.codeplex.com/
		SccLocalPath0 = .
		SccProjectUniqueName1 = Tests\\Tests.vbproj
		SccProjectName1 = Tests
		SccLocalPath1 = Tests
		SccProjectUniqueName2 = Tools\\Tools.vbproj
		SccProjectName2 = Tools
		SccLocalPath2 = Tools
		SccProjectUniqueName3 = Tools\u0020Win\\Tools\u0020Win.vbproj
		SccProjectName3 = Tools\u0020Win
		SccLocalPath3 = Tools\u0020Win
		SccLocalPath4 = .
		SccProjectUniqueName5 = Tests\\Tests.vbproj
		SccProjectName5 = Tests
		SccLocalPath5 = Tests
		SccProjectUniqueName6 = Tools\\Tools.vbproj
		SccProjectName6 = Tools
		SccLocalPath6 = Tools
		SccProjectUniqueName7 = Tools\u0020Win\\Tools\u0020Win.vbproj
		SccProjectName7 = Tools\u0020Win
		SccLocalPath7 = Tools\u0020Win
	EndGlobalSection
	GlobalSection(TeamFoundationVersionControl) = preSolution
		SccNumberOfProjects = 8
		SccEnterpriseProvider = {4CA58AB2-18FA-4F8D-95D4-32DDF27D184C}
		SccTeamFoundationServer = https://tfs01.codeplex.com/
		SccLocalPath0 = .
		SccProjectUniqueName1 = Tests\\Tests.vbproj
		SccProjectName1 = Tests
		SccLocalPath1 = Tests
		SccProjectUniqueName2 = Tools\\Tools.vbproj
		SccProjectName2 = Tools
		SccLocalPath2 = Tools
		SccProjectUniqueName3 = Tools\u0020Win\\Tools\u0020Win.vbproj
		SccProjectName3 = Tools\u0020Win
		SccLocalPath3 = Tools\u0020Win
		SccLocalPath4 = .
		SccProjectUniqueName5 = Tests\\Tests.vbproj
		SccProjectName5 = Tests
		SccLocalPath5 = Tests
		SccProjectUniqueName6 = Tools\\Tools.vbproj
		SccProjectName6 = Tools
		SccLocalPath6 = Tools
		SccProjectUniqueName7 = Tools\u0020Win\\Tools\u0020Win.vbproj
		SccProjectName7 = Tools\u0020Win
		SccLocalPath7 = Tools\u0020Win
	EndGlobalSection
	GlobalSection(TeamFoundationVersionControl) = preSolution
		SccNumberOfProjects = 8
		SccEnterpriseProvider = {4CA58AB2-18FA-4F8D-95D4-32DDF27D184C}
		SccTeamFoundationServer = https://tfs01.codeplex.com/
		SccLocalPath0 = .
		SccProjectUniqueName1 = Tests\\Tests.vbproj
		SccProjectName1 = Tests
		SccLocalPath1 = Tests
		SccProjectUniqueName2 = Tools\\Tools.vbproj
		SccProjectName2 = Tools
		SccLocalPath2 = Tools
		SccProjectUniqueName3 = Tools\u0020Win\\Tools\u0020Win.vbproj
		SccProjectName3 = Tools\u0020Win
		SccLocalPath3 = Tools\u0020Win
		SccLocalPath4 = .
		SccProjectUniqueName5 = Tests\\Tests.vbproj
		SccProjectName5 = Tests
		SccLocalPath5 = Tests
		SccProjectUniqueName6 = Tools\\Tools.vbproj
		SccProjectName6 = Tools
		SccLocalPath6 = Tools
		SccProjectUniqueName7 = Tools\u0020Win\\Tools\u0020Win.vbproj
		SccProjectName7 = Tools\u0020Win
		SccLocalPath7 = Tools\u0020Win
	EndGlobalSection
	GlobalSection(TeamFoundationVersionControl) = preSolution
		SccNumberOfProjects = 8
		SccEnterpriseProvider = {4CA58AB2-18FA-4F8D-95D4-32DDF27D184C}
		SccTeamFoundationServer = https://tfs01.codeplex.com/
		SccLocalPath0 = .
		SccProjectUniqueName1 = Tests\\Tests.vbproj
		SccProjectName1 = Tests
		SccLocalPath1 = Tests
		SccProjectUniqueName2 = Tools\\Tools.vbproj
		SccProjectName2 = Tools
		SccLocalPath2 = Tools
		SccProjectUniqueName3 = Tools\u0020Win\\Tools\u0020Win.vbproj
		SccProjectName3 = Tools\u0020Win
		SccLocalPath3 = Tools\u0020Win
		SccLocalPath4 = .
		SccProjectUniqueName5 = Tests\\Tests.vbproj
		SccProjectName5 = Tests
		SccLocalPath5 = Tests
		SccProjectUniqueName6 = Tools\\Tools.vbproj
		SccProjectName6 = Tools
		SccLocalPath6 = Tools
		SccProjectUniqueName7 = Tools\u0020Win\\Tools\u0020Win.vbproj
		SccProjectName7 = Tools\u0020Win
		SccLocalPath7 = Tools\u0020Win
	EndGlobalSection
	GlobalSection(TeamFoundationVersionControl) = preSolution
		SccNumberOfProjects = 8
		SccEnterpriseProvider = {4CA58AB2-18FA-4F8D-95D4-32DDF27D184C}
		SccTeamFoundationServer = https://tfs01.codeplex.com/
		SccLocalPath0 = .
		SccProjectUniqueName1 = Tests\\Tests.vbproj
		SccProjectName1 = Tests
		SccLocalPath1 = Tests
		SccProjectUniqueName2 = Tools\\Tools.vbproj
		SccProjectName2 = Tools
		SccLocalPath2 = Tools
		SccProjectUniqueName3 = Tools\u0020Win\\Tools\u0020Win.vbproj
		SccProjectName3 = Tools\u0020Win
		SccLocalPath3 = Tools\u0020Win
		SccLocalPath4 = .
		SccProjectUniqueName5 = Tests\\Tests.vbproj
		SccProjectName5 = Tests
		SccLocalPath5 = Tests
		SccProjectUniqueName6 = Tools\\Tools.vbproj
		SccProjectName6 = Tools
		SccLocalPath6 = Tools
		SccProjectUniqueName7 = Tools\u0020Win\\Tools\u0020Win.vbproj
		SccProjectName7 = Tools\u0020Win
		SccLocalPath7 = Tools\u0020Win
	EndGlobalSection
	GlobalSection(TeamFoundationVersionControl) = preSolution
		SccNumberOfProjects = 8
		SccEnterpriseProvider = {4CA58AB2-18FA-4F8D-95D4-32DDF27D184C}
		SccTeamFoundationServer = https://tfs01.codeplex.com/
		SccLocalPath0 = .
		SccProjectUniqueName1 = Tests\\Tests.vbproj
		SccProjectName1 = Tests
		SccLocalPath1 = Tests
		SccProjectUniqueName2 = Tools\\Tools.vbproj
		SccProjectName2 = Tools
		SccLocalPath2 = Tools
		SccProjectUniqueName3 = Tools\u0020Win\\Tools\u0020Win.vbproj
		SccProjectName3 = Tools\u0020Win
		SccLocalPath3 = Tools\u0020Win
		SccLocalPath4 = .
		SccProjectUniqueName5 = Tests\\Tests.vbproj
		SccProjectName5 = Tests
		SccLocalPath5 = Tests
		SccProjectUniqueName6 = Tools\\Tools.vbproj
		SccProjectName6 = Tools
		SccLocalPath6 = Tools
		SccProjectUniqueName7 = Tools\u0020Win\\Tools\u0020Win.vbproj
		SccProjectName7 = Tools\u0020Win
		SccLocalPath7 = Tools\u0020Win
	EndGlobalSection
	GlobalSection(TeamFoundationVersionControl) = preSolution
		SccNumberOfProjects = 8
		SccEnterpriseProvider = {4CA58AB2-18FA-4F8D-95D4-32DDF27D184C}
		SccTeamFoundationServer = https://tfs01.codeplex.com/
		SccLocalPath0 = .
		SccProjectUniqueName1 = Tests\\Tests.vbproj
		SccProjectName1 = Tests
		SccLocalPath1 = Tests
		SccProjectUniqueName2 = Tools\\Tools.vbproj
		SccProjectName2 = Tools
		SccLocalPath2 = Tools
		SccProjectUniqueName3 = Tools\u0020Win\\Tools\u0020Win.vbproj
		SccProjectName3 = Tools\u0020Win
		SccLocalPath3 = Tools\u0020Win
		SccLocalPath4 = .
		SccProjectUniqueName5 = Tests\\Tests.vbproj
		SccProjectName5 = Tests
		SccLocalPath5 = Tests
		SccProjectUniqueName6 = Tools\\Tools.vbproj
		SccProjectName6 = Tools
		SccLocalPath6 = Tools
		SccProjectUniqueName7 = Tools\u0020Win\\Tools\u0020Win.vbproj
		SccProjectName7 = Tools\u0020Win
		SccLocalPath7 = Tools\u0020Win
	EndGlobalSection
EndGlobal
