
Microsoft Visual Studio Solution File, Format Version 10.00
# Visual Studio 2008
Project("{2150E333-8FDC-42A3-9474-1A3956D46DE8}") = "Solution Items", "Solution Items", "{847298BA-D4D1-4EBD-AF69-0193A77DC90C}"
	ProjectSection(SolutionItems) = preProject
		Latest.bat = Latest.bat
	EndProjectSection
EndProject
Project("{2150E333-8FDC-42A3-9474-1A3956D46DE8}") = "DevelopmentTools", "DevelopmentTools", "{FEA4635F-E0AE-4562-A292-1B6ABCF4444F}"
	ProjectSection(SolutionItems) = preProject
		DevelopmentTools\read.me.txt = DevelopmentTools\read.me.txt
		DevelopmentTools\Robocopy.exe = DevelopmentTools\Robocopy.exe
	EndProjectSection
EndProject
Project("{2150E333-8FDC-42A3-9474-1A3956D46DE8}") = "Used doc", "Used doc", "{677A518E-909C-414F-AC5E-528AB32023AF}"
	ProjectSection(SolutionItems) = preProject
		Used doc\EXIF.pdf = Used doc\EXIF.pdf
		Used doc\FlashPix.pdf = Used doc\FlashPix.pdf
		Used doc\IPTC IIM Record No 3.pdf = Used doc\IPTC IIM Record No 3.pdf
		Used doc\IPTC IIM.pdf = Used doc\IPTC IIM.pdf
	EndProjectSection
EndProject
Project("{2150E333-8FDC-42A3-9474-1A3956D46DE8}") = "Created doc", "Created doc", "{56EC5ABD-C261-4B90-9BD3-5956D6E82CCD}"
	ProjectSection(SolutionItems) = preProject
		Created doc\ISO 2022.xlsx = Created doc\ISO 2022.xlsx
		Created doc\JPEG, EXIF, IPTC.doc = Created doc\JPEG, EXIF, IPTC.doc
		Created doc\Namespaces.xml = Created doc\Namespaces.xml
	EndProjectSection
EndProject
Project("{2150E333-8FDC-42A3-9474-1A3956D46DE8}") = "Projects", "Projects", "{507B60F2-1D3A-4DC4-9ACB-7A565BA0EF8A}"
EndProject
Project("{2150E333-8FDC-42A3-9474-1A3956D46DE8}") = "Articles", "Articles", "{982F36B7-A3E5-4782-96B0-9979A95610F1}"
EndProject
Project("{2150E333-8FDC-42A3-9474-1A3956D46DE8}") = "cz", "cz", "{97FEC59D-58AC-41BA-84B4-2FF3187CB0DE}"
	ProjectSection(SolutionItems) = preProject
		Articles\cz\Macros XMLDoc 9.htm = Articles\cz\Macros XMLDoc 9.htm
		Articles\cz\XPathObjectNavigator.htm = Articles\cz\XPathObjectNavigator.htm
	EndProjectSection
EndProject
Project("{F184B08F-C81C-45F6-A57F-5ABD9991F28F}") = "Tools", "Tools\Tools.vbproj", "{FCF346AC-D1C3-42DB-9026-9144240FB766}"
	ProjectSection(ProjectDependencies) = postProject
		{268E716E-5BF5-4CF3-86D8-904A6BBAB6AC} = {268E716E-5BF5-4CF3-86D8-904A6BBAB6AC}
	EndProjectSection
EndProject
Project("{F184B08F-C81C-45F6-A57F-5ABD9991F28F}") = "Tests", "Tests\Tests.vbproj", "{79B67251-D837-4367-B571-AB806C2C7C74}"
EndProject
Project("{F184B08F-C81C-45F6-A57F-5ABD9991F28F}") = "Tools Win", "Tools Win\Tools Win.vbproj", "{9E0E6221-AD3B-47C8-B528-C9941BBFD663}"
EndProject
Project("{F184B08F-C81C-45F6-A57F-5ABD9991F28F}") = "Tools Visual Studio", "Tools Visual Studio\Tools Visual Studio.vbproj", "{DCD6658E-6008-4668-BBDF-CCB0F0267759}"
EndProject
Project("{F184B08F-C81C-45F6-A57F-5ABD9991F28F}") = "Metanol Screen Saver", "Projects\Metanol Screen Saver\Metanol Screen Saver.vbproj", "{88FEE481-A97F-4DD6-B206-5B33F777AD4D}"
EndProject
Project("{FAE04EC0-301F-11D3-BF4B-00C04F79EFBC}") = "TransformCodeGenerator", "DevelopmentTools\TransformCodeGenerator\TransformCodeGenerator.csproj", "{43599321-D767-4BF7-A725-34850D057B4E}"
EndProject
Project("{FAE04EC0-301F-11D3-BF4B-00C04F79EFBC}") = "Tools VisualStudio CS", "Tools VisualStudio CS\Tools VisualStudio CS.csproj", "{6904C0F4-0535-48EB-AFC1-CE1396418D00}"
EndProject
Project("{8BC9CEB8-8B4A-11D0-8D11-00A0C91BC942}") = "Tools IL", "Tools IL\Tools IL.vcproj", "{C361ECDE-7940-4CB5-8FF3-106EDE0E2886}"
EndProject
Project("{F184B08F-C81C-45F6-A57F-5ABD9991F28F}") = "Experimental", "Experimental\Experimental.vbproj", "{088CB10C-E5D3-4537-979F-F5BED401DB25}"
EndProject
Project("{2150E333-8FDC-42A3-9474-1A3956D46DE8}") = "SharedFiles", "SharedFiles", "{B1BD67A4-BEC2-442D-8F70-DAEB27735602}"
	ProjectSection(SolutionItems) = preProject
		SharedFiles\AssemblyStage.cs = SharedFiles\AssemblyStage.cs
		SharedFiles\AssemblyStage.vb = SharedFiles\AssemblyStage.vb
		SharedFiles\Tools.snk = SharedFiles\Tools.snk
		SharedFiles\Version.cs = SharedFiles\Version.cs
		SharedFiles\Version.vb = SharedFiles\Version.vb
	EndProjectSection
EndProject
Project("{2150E333-8FDC-42A3-9474-1A3956D46DE8}") = "Intellisense", "Intellisense", "{231E88A0-FFBB-4F4B-803E-2B24D4A37CEC}"
	ProjectSection(SolutionItems) = preProject
		DevelopmentTools\Intellisense\intellisense.xsd = DevelopmentTools\Intellisense\intellisense.xsd
		DevelopmentTools\Intellisense\intellisense.xsd.generator.vbs = DevelopmentTools\Intellisense\intellisense.xsd.generator.vbs
		DevelopmentTools\Intellisense\VBXMLDoc.Xml = DevelopmentTools\Intellisense\VBXMLDoc.Xml
	EndProjectSection
EndProject
Project("{F184B08F-C81C-45F6-A57F-5ABD9991F28F}") = "CommentsMerge", "DevelopmentTools\CommentsMerge\CommentsMerge.vbproj", "{268E716E-5BF5-4CF3-86D8-904A6BBAB6AC}"
EndProject
Project("{F184B08F-C81C-45F6-A57F-5ABD9991F28F}") = "Metanol2", "Projects\Metanol2\Metanol2.vbproj", "{DC459772-7889-47B1-9471-7F9ABA3C3FC4}"
EndProject
Project("{FAE04EC0-301F-11D3-BF4B-00C04F79EFBC}") = "ResXFileCodeGeneratorEx", "DevelopmentTools\ResXFileCodeGeneratorEx\ResXFileCodeGeneratorEx.csproj", "{A8636D77-B876-4E6A-863D-8C924E40955C}"
EndProject
Project("{F184B08F-C81C-45F6-A57F-5ABD9991F28F}") = "Tools.VisualStudio.Macros", "DevelopmentTools\Macros\Tools.VisualStudio.Macros.vbproj", "{23D753CD-127D-4DEB-8A4B-AB0E4F11E90C}"
EndProject
Project("{2150E333-8FDC-42A3-9474-1A3956D46DE8}") = "DLLs", "DLLs", "{8129B61A-3FCE-4012-8013-377A87D4132B}"
	ProjectSection(SolutionItems) = preProject
		readme.txt = readme.txt
		DLLs\VJSharpCodeProvider.DLL = DLLs\VJSharpCodeProvider.DLL
	EndProjectSection
EndProject
Global
	GlobalSection(TeamFoundationVersionControl) = preSolution
		SccNumberOfProjects = 22
		SccEnterpriseProvider = {4CA58AB2-18FA-4F8D-95D4-32DDF27D184C}
		SccTeamFoundationServer = https://tfs01.codeplex.com/
		SccLocalPath0 = .
		SccProjectUniqueName1 = Tools\\Tools.vbproj
		SccProjectName1 = Tools
		SccLocalPath1 = Tools
		SccProjectUniqueName2 = Tests\\Tests.vbproj
		SccProjectName2 = Tests
		SccLocalPath2 = Tests
		SccProjectUniqueName3 = Tools\u0020Win\\Tools\u0020Win.vbproj
		SccProjectName3 = Tools\u0020Win
		SccLocalPath3 = Tools\u0020Win
		SccProjectUniqueName4 = Tools\u0020Visual\u0020Studio\\Tools\u0020Visual\u0020Studio.vbproj
		SccProjectName4 = Tools\u0020Visual\u0020Studio
		SccLocalPath4 = Tools\u0020Visual\u0020Studio
		SccProjectUniqueName5 = DevelopmentTools\\TransformCodeGenerator\\TransformCodeGenerator.csproj
		SccProjectTopLevelParentUniqueName5 = Tools.sln
		SccProjectName5 = DevelopmentTools/TransformCodeGenerator
		SccLocalPath5 = DevelopmentTools\\TransformCodeGenerator
		SccProjectUniqueName6 = Tools\u0020VisualStudio\u0020CS\\Tools\u0020VisualStudio\u0020CS.csproj
		SccProjectName6 = Tools\u0020VisualStudio\u0020CS
		SccLocalPath6 = Tools\u0020VisualStudio\u0020CS
		SccProjectUniqueName7 = Tools\u0020IL\\Tools\u0020IL.vcproj
		SccProjectName7 = Tools\u0020IL
		SccLocalPath7 = Tools\u0020IL
		SccProjectUniqueName8 = DevelopmentTools\\CommentsMerge\\CommentsMerge.vbproj
		SccProjectTopLevelParentUniqueName8 = Tools.sln
		SccProjectName8 = DevelopmentTools/CommentsMerge
		SccLocalPath8 = DevelopmentTools\\CommentsMerge
		SccProjectUniqueName9 = Projects\\Metanol2\\Metanol2.vbproj
		SccProjectTopLevelParentUniqueName9 = Tools.sln
		SccProjectName9 = Projects/Metanol2
		SccLocalPath9 = Projects\\Metanol2
		SccProjectUniqueName10 = DevelopmentTools\\ResXFileCodeGeneratorEx\\ResXFileCodeGeneratorEx.csproj
		SccProjectTopLevelParentUniqueName10 = Tools.sln
		SccProjectName10 = DevelopmentTools/ResXFileCodeGeneratorEx
		SccLocalPath10 = DevelopmentTools\\ResXFileCodeGeneratorEx
		SccProjectUniqueName11 = DevelopmentTools\\Macros\\Tools.VisualStudio.Macros.vbproj
		SccProjectTopLevelParentUniqueName11 = Tools.sln
		SccProjectName11 = DevelopmentTools/Macros
		SccLocalPath11 = DevelopmentTools\\Macros
		SccProjectUniqueName12 = Tools\\Tools.vbproj
		SccProjectName12 = Tools
		SccLocalPath12 = Tools
		SccProjectUniqueName13 = Tests\\Tests.vbproj
		SccProjectName13 = Tests
		SccLocalPath13 = Tests
		SccProjectUniqueName14 = Tools\u0020Win\\Tools\u0020Win.vbproj
		SccProjectName14 = Tools\u0020Win
		SccLocalPath14 = Tools\u0020Win
		SccProjectUniqueName15 = Tools\u0020Visual\u0020Studio\\Tools\u0020Visual\u0020Studio.vbproj
		SccProjectName15 = Tools\u0020Visual\u0020Studio
		SccLocalPath15 = Tools\u0020Visual\u0020Studio
		SccProjectUniqueName16 = DevelopmentTools\\TransformCodeGenerator\\TransformCodeGenerator.csproj
		SccProjectTopLevelParentUniqueName16 = Tools.sln
		SccProjectName16 = DevelopmentTools/TransformCodeGenerator
		SccLocalPath16 = DevelopmentTools\\TransformCodeGenerator
		SccProjectUniqueName17 = Tools\u0020VisualStudio\u0020CS\\Tools\u0020VisualStudio\u0020CS.csproj
		SccProjectName17 = Tools\u0020VisualStudio\u0020CS
		SccLocalPath17 = Tools\u0020VisualStudio\u0020CS
		SccProjectUniqueName18 = DevelopmentTools\\CommentsMerge\\CommentsMerge.vbproj
		SccProjectTopLevelParentUniqueName18 = Tools.sln
		SccProjectName18 = DevelopmentTools/CommentsMerge
		SccLocalPath18 = DevelopmentTools\\CommentsMerge
		SccProjectUniqueName19 = Projects\\Metanol2\\Metanol2.vbproj
		SccProjectTopLevelParentUniqueName19 = Tools.sln
		SccProjectName19 = Projects/Metanol2
		SccLocalPath19 = Projects\\Metanol2
		SccProjectUniqueName20 = DevelopmentTools\\Macros\\Tools.VisualStudio.Macros.vbproj
		SccProjectTopLevelParentUniqueName20 = Tools.sln
		SccProjectName20 = DevelopmentTools/Macros
		SccLocalPath20 = DevelopmentTools\\Macros
		SccLocalPath21 = .
	EndGlobalSection
	GlobalSection(SolutionConfigurationPlatforms) = preSolution
		Alpha|Any CPU = Alpha|Any CPU
		Alpha|Mixed Platforms = Alpha|Mixed Platforms
		Alpha|Win32 = Alpha|Win32
		Beta|Any CPU = Beta|Any CPU
		Beta|Mixed Platforms = Beta|Mixed Platforms
		Beta|Win32 = Beta|Win32
		Debug|Any CPU = Debug|Any CPU
		Debug|Mixed Platforms = Debug|Mixed Platforms
		Debug|Win32 = Debug|Win32
		RC|Any CPU = RC|Any CPU
		RC|Mixed Platforms = RC|Mixed Platforms
		RC|Win32 = RC|Win32
		Release|Any CPU = Release|Any CPU
		Release|Mixed Platforms = Release|Mixed Platforms
		Release|Win32 = Release|Win32
		Description = ĐTools
	EndGlobalSection
	GlobalSection(ProjectConfigurationPlatforms) = postSolution
		{FCF346AC-D1C3-42DB-9026-9144240FB766}.Alpha|Any CPU.ActiveCfg = Alpha|Any CPU
		{FCF346AC-D1C3-42DB-9026-9144240FB766}.Alpha|Any CPU.Build.0 = Alpha|Any CPU
		{FCF346AC-D1C3-42DB-9026-9144240FB766}.Alpha|Mixed Platforms.ActiveCfg = Alpha|Any CPU
		{FCF346AC-D1C3-42DB-9026-9144240FB766}.Alpha|Win32.ActiveCfg = Alpha|Any CPU
		{FCF346AC-D1C3-42DB-9026-9144240FB766}.Beta|Any CPU.ActiveCfg = Beta|Any CPU
		{FCF346AC-D1C3-42DB-9026-9144240FB766}.Beta|Any CPU.Build.0 = Beta|Any CPU
		{FCF346AC-D1C3-42DB-9026-9144240FB766}.Beta|Mixed Platforms.ActiveCfg = Beta|Any CPU
		{FCF346AC-D1C3-42DB-9026-9144240FB766}.Beta|Win32.ActiveCfg = Beta|Any CPU
		{FCF346AC-D1C3-42DB-9026-9144240FB766}.Debug|Any CPU.ActiveCfg = Nightly|Any CPU
		{FCF346AC-D1C3-42DB-9026-9144240FB766}.Debug|Any CPU.Build.0 = Nightly|Any CPU
		{FCF346AC-D1C3-42DB-9026-9144240FB766}.Debug|Mixed Platforms.ActiveCfg = Nightly|Any CPU
		{FCF346AC-D1C3-42DB-9026-9144240FB766}.Debug|Mixed Platforms.Build.0 = Nightly|Any CPU
		{FCF346AC-D1C3-42DB-9026-9144240FB766}.Debug|Win32.ActiveCfg = Nightly|Any CPU
		{FCF346AC-D1C3-42DB-9026-9144240FB766}.RC|Any CPU.ActiveCfg = RC|Any CPU
		{FCF346AC-D1C3-42DB-9026-9144240FB766}.RC|Any CPU.Build.0 = RC|Any CPU
		{FCF346AC-D1C3-42DB-9026-9144240FB766}.RC|Mixed Platforms.ActiveCfg = RC|Any CPU
		{FCF346AC-D1C3-42DB-9026-9144240FB766}.RC|Win32.ActiveCfg = RC|Any CPU
		{FCF346AC-D1C3-42DB-9026-9144240FB766}.Release|Any CPU.ActiveCfg = Release|Any CPU
		{FCF346AC-D1C3-42DB-9026-9144240FB766}.Release|Any CPU.Build.0 = Release|Any CPU
		{FCF346AC-D1C3-42DB-9026-9144240FB766}.Release|Mixed Platforms.ActiveCfg = Release|Any CPU
		{FCF346AC-D1C3-42DB-9026-9144240FB766}.Release|Win32.ActiveCfg = Release|Any CPU
		{79B67251-D837-4367-B571-AB806C2C7C74}.Alpha|Any CPU.ActiveCfg = Alpha|Any CPU
		{79B67251-D837-4367-B571-AB806C2C7C74}.Alpha|Any CPU.Build.0 = Alpha|Any CPU
		{79B67251-D837-4367-B571-AB806C2C7C74}.Alpha|Mixed Platforms.ActiveCfg = Alpha|Any CPU
		{79B67251-D837-4367-B571-AB806C2C7C74}.Alpha|Win32.ActiveCfg = Alpha|Any CPU
		{79B67251-D837-4367-B571-AB806C2C7C74}.Beta|Any CPU.ActiveCfg = Beta|Any CPU
		{79B67251-D837-4367-B571-AB806C2C7C74}.Beta|Any CPU.Build.0 = Beta|Any CPU
		{79B67251-D837-4367-B571-AB806C2C7C74}.Beta|Mixed Platforms.ActiveCfg = Beta|Any CPU
		{79B67251-D837-4367-B571-AB806C2C7C74}.Beta|Win32.ActiveCfg = Beta|Any CPU
		{79B67251-D837-4367-B571-AB806C2C7C74}.Debug|Any CPU.ActiveCfg = Nightly|Any CPU
		{79B67251-D837-4367-B571-AB806C2C7C74}.Debug|Any CPU.Build.0 = Nightly|Any CPU
		{79B67251-D837-4367-B571-AB806C2C7C74}.Debug|Mixed Platforms.ActiveCfg = Nightly|Any CPU
		{79B67251-D837-4367-B571-AB806C2C7C74}.Debug|Mixed Platforms.Build.0 = Nightly|Any CPU
		{79B67251-D837-4367-B571-AB806C2C7C74}.Debug|Win32.ActiveCfg = Nightly|Any CPU
		{79B67251-D837-4367-B571-AB806C2C7C74}.RC|Any CPU.ActiveCfg = RC|Any CPU
		{79B67251-D837-4367-B571-AB806C2C7C74}.RC|Any CPU.Build.0 = RC|Any CPU
		{79B67251-D837-4367-B571-AB806C2C7C74}.RC|Mixed Platforms.ActiveCfg = RC|Any CPU
		{79B67251-D837-4367-B571-AB806C2C7C74}.RC|Win32.ActiveCfg = RC|Any CPU
		{79B67251-D837-4367-B571-AB806C2C7C74}.Release|Any CPU.ActiveCfg = Release|Any CPU
		{79B67251-D837-4367-B571-AB806C2C7C74}.Release|Any CPU.Build.0 = Release|Any CPU
		{79B67251-D837-4367-B571-AB806C2C7C74}.Release|Mixed Platforms.ActiveCfg = Release|Any CPU
		{79B67251-D837-4367-B571-AB806C2C7C74}.Release|Win32.ActiveCfg = Release|Any CPU
		{9E0E6221-AD3B-47C8-B528-C9941BBFD663}.Alpha|Any CPU.ActiveCfg = Alpha|Any CPU
		{9E0E6221-AD3B-47C8-B528-C9941BBFD663}.Alpha|Any CPU.Build.0 = Alpha|Any CPU
		{9E0E6221-AD3B-47C8-B528-C9941BBFD663}.Alpha|Mixed Platforms.ActiveCfg = Alpha|Any CPU
		{9E0E6221-AD3B-47C8-B528-C9941BBFD663}.Alpha|Win32.ActiveCfg = Release|Any CPU
		{9E0E6221-AD3B-47C8-B528-C9941BBFD663}.Beta|Any CPU.ActiveCfg = Beta|Any CPU
		{9E0E6221-AD3B-47C8-B528-C9941BBFD663}.Beta|Any CPU.Build.0 = Beta|Any CPU
		{9E0E6221-AD3B-47C8-B528-C9941BBFD663}.Beta|Mixed Platforms.ActiveCfg = Beta|Any CPU
		{9E0E6221-AD3B-47C8-B528-C9941BBFD663}.Beta|Win32.ActiveCfg = Release|Any CPU
		{9E0E6221-AD3B-47C8-B528-C9941BBFD663}.Debug|Any CPU.ActiveCfg = Nightly|Any CPU
		{9E0E6221-AD3B-47C8-B528-C9941BBFD663}.Debug|Any CPU.Build.0 = Nightly|Any CPU
		{9E0E6221-AD3B-47C8-B528-C9941BBFD663}.Debug|Mixed Platforms.ActiveCfg = Nightly|Any CPU
		{9E0E6221-AD3B-47C8-B528-C9941BBFD663}.Debug|Mixed Platforms.Build.0 = Nightly|Any CPU
		{9E0E6221-AD3B-47C8-B528-C9941BBFD663}.Debug|Win32.ActiveCfg = Release|Any CPU
		{9E0E6221-AD3B-47C8-B528-C9941BBFD663}.RC|Any CPU.ActiveCfg = RC|Any CPU
		{9E0E6221-AD3B-47C8-B528-C9941BBFD663}.RC|Any CPU.Build.0 = RC|Any CPU
		{9E0E6221-AD3B-47C8-B528-C9941BBFD663}.RC|Mixed Platforms.ActiveCfg = RC|Any CPU
		{9E0E6221-AD3B-47C8-B528-C9941BBFD663}.RC|Win32.ActiveCfg = Release|Any CPU
		{9E0E6221-AD3B-47C8-B528-C9941BBFD663}.Release|Any CPU.ActiveCfg = Release|Any CPU
		{9E0E6221-AD3B-47C8-B528-C9941BBFD663}.Release|Any CPU.Build.0 = Release|Any CPU
		{9E0E6221-AD3B-47C8-B528-C9941BBFD663}.Release|Mixed Platforms.ActiveCfg = Release|Any CPU
		{9E0E6221-AD3B-47C8-B528-C9941BBFD663}.Release|Win32.ActiveCfg = Release|Any CPU
		{DCD6658E-6008-4668-BBDF-CCB0F0267759}.Alpha|Any CPU.ActiveCfg = Alpha|Any CPU
		{DCD6658E-6008-4668-BBDF-CCB0F0267759}.Alpha|Any CPU.Build.0 = Alpha|Any CPU
		{DCD6658E-6008-4668-BBDF-CCB0F0267759}.Alpha|Mixed Platforms.ActiveCfg = Alpha|Any CPU
		{DCD6658E-6008-4668-BBDF-CCB0F0267759}.Alpha|Win32.ActiveCfg = Release|Any CPU
		{DCD6658E-6008-4668-BBDF-CCB0F0267759}.Beta|Any CPU.ActiveCfg = Beta|Any CPU
		{DCD6658E-6008-4668-BBDF-CCB0F0267759}.Beta|Any CPU.Build.0 = Beta|Any CPU
		{DCD6658E-6008-4668-BBDF-CCB0F0267759}.Beta|Mixed Platforms.ActiveCfg = Beta|Any CPU
		{DCD6658E-6008-4668-BBDF-CCB0F0267759}.Beta|Win32.ActiveCfg = Release|Any CPU
		{DCD6658E-6008-4668-BBDF-CCB0F0267759}.Debug|Any CPU.ActiveCfg = Nightly|Any CPU
		{DCD6658E-6008-4668-BBDF-CCB0F0267759}.Debug|Any CPU.Build.0 = Nightly|Any CPU
		{DCD6658E-6008-4668-BBDF-CCB0F0267759}.Debug|Mixed Platforms.ActiveCfg = Nightly|Any CPU
		{DCD6658E-6008-4668-BBDF-CCB0F0267759}.Debug|Mixed Platforms.Build.0 = Nightly|Any CPU
		{DCD6658E-6008-4668-BBDF-CCB0F0267759}.Debug|Win32.ActiveCfg = Release|Any CPU
		{DCD6658E-6008-4668-BBDF-CCB0F0267759}.RC|Any CPU.ActiveCfg = RC|Any CPU
		{DCD6658E-6008-4668-BBDF-CCB0F0267759}.RC|Any CPU.Build.0 = RC|Any CPU
		{DCD6658E-6008-4668-BBDF-CCB0F0267759}.RC|Mixed Platforms.ActiveCfg = RC|Any CPU
		{DCD6658E-6008-4668-BBDF-CCB0F0267759}.RC|Win32.ActiveCfg = Release|Any CPU
		{DCD6658E-6008-4668-BBDF-CCB0F0267759}.Release|Any CPU.ActiveCfg = Release|Any CPU
		{DCD6658E-6008-4668-BBDF-CCB0F0267759}.Release|Any CPU.Build.0 = Release|Any CPU
		{DCD6658E-6008-4668-BBDF-CCB0F0267759}.Release|Mixed Platforms.ActiveCfg = Release|Any CPU
		{DCD6658E-6008-4668-BBDF-CCB0F0267759}.Release|Win32.ActiveCfg = Release|Any CPU
		{88FEE481-A97F-4DD6-B206-5B33F777AD4D}.Alpha|Any CPU.ActiveCfg = Alpha|Any CPU
		{88FEE481-A97F-4DD6-B206-5B33F777AD4D}.Alpha|Mixed Platforms.ActiveCfg = Alpha|Any CPU
		{88FEE481-A97F-4DD6-B206-5B33F777AD4D}.Alpha|Win32.ActiveCfg = Alpha|Any CPU
		{88FEE481-A97F-4DD6-B206-5B33F777AD4D}.Beta|Any CPU.ActiveCfg = Beta|Any CPU
		{88FEE481-A97F-4DD6-B206-5B33F777AD4D}.Beta|Mixed Platforms.ActiveCfg = Beta|Any CPU
		{88FEE481-A97F-4DD6-B206-5B33F777AD4D}.Beta|Win32.ActiveCfg = Beta|Any CPU
		{88FEE481-A97F-4DD6-B206-5B33F777AD4D}.Debug|Any CPU.ActiveCfg = Nightly|Any CPU
		{88FEE481-A97F-4DD6-B206-5B33F777AD4D}.Debug|Mixed Platforms.ActiveCfg = Nightly|Any CPU
		{88FEE481-A97F-4DD6-B206-5B33F777AD4D}.Debug|Win32.ActiveCfg = Nightly|Any CPU
		{88FEE481-A97F-4DD6-B206-5B33F777AD4D}.RC|Any CPU.ActiveCfg = RC|Any CPU
		{88FEE481-A97F-4DD6-B206-5B33F777AD4D}.RC|Mixed Platforms.ActiveCfg = RC|Any CPU
		{88FEE481-A97F-4DD6-B206-5B33F777AD4D}.RC|Win32.ActiveCfg = RC|Any CPU
		{88FEE481-A97F-4DD6-B206-5B33F777AD4D}.Release|Any CPU.ActiveCfg = Release|Any CPU
		{88FEE481-A97F-4DD6-B206-5B33F777AD4D}.Release|Mixed Platforms.ActiveCfg = Release|Any CPU
		{88FEE481-A97F-4DD6-B206-5B33F777AD4D}.Release|Win32.ActiveCfg = Release|Any CPU
		{43599321-D767-4BF7-A725-34850D057B4E}.Alpha|Any CPU.ActiveCfg = Alpha|Any CPU
		{43599321-D767-4BF7-A725-34850D057B4E}.Alpha|Any CPU.Build.0 = Alpha|Any CPU
		{43599321-D767-4BF7-A725-34850D057B4E}.Alpha|Mixed Platforms.ActiveCfg = Alpha|Any CPU
		{43599321-D767-4BF7-A725-34850D057B4E}.Alpha|Win32.ActiveCfg = Release|Any CPU
		{43599321-D767-4BF7-A725-34850D057B4E}.Beta|Any CPU.ActiveCfg = Beta|Any CPU
		{43599321-D767-4BF7-A725-34850D057B4E}.Beta|Any CPU.Build.0 = Beta|Any CPU
		{43599321-D767-4BF7-A725-34850D057B4E}.Beta|Mixed Platforms.ActiveCfg = Beta|Any CPU
		{43599321-D767-4BF7-A725-34850D057B4E}.Beta|Win32.ActiveCfg = Release|Any CPU
		{43599321-D767-4BF7-A725-34850D057B4E}.Debug|Any CPU.ActiveCfg = Nightly|Any CPU
		{43599321-D767-4BF7-A725-34850D057B4E}.Debug|Any CPU.Build.0 = Nightly|Any CPU
		{43599321-D767-4BF7-A725-34850D057B4E}.Debug|Mixed Platforms.ActiveCfg = Nightly|Any CPU
		{43599321-D767-4BF7-A725-34850D057B4E}.Debug|Mixed Platforms.Build.0 = Nightly|Any CPU
		{43599321-D767-4BF7-A725-34850D057B4E}.Debug|Win32.ActiveCfg = Release|Any CPU
		{43599321-D767-4BF7-A725-34850D057B4E}.RC|Any CPU.ActiveCfg = RC|Any CPU
		{43599321-D767-4BF7-A725-34850D057B4E}.RC|Any CPU.Build.0 = RC|Any CPU
		{43599321-D767-4BF7-A725-34850D057B4E}.RC|Mixed Platforms.ActiveCfg = RC|Any CPU
		{43599321-D767-4BF7-A725-34850D057B4E}.RC|Win32.ActiveCfg = Release|Any CPU
		{43599321-D767-4BF7-A725-34850D057B4E}.Release|Any CPU.ActiveCfg = Release|Any CPU
		{43599321-D767-4BF7-A725-34850D057B4E}.Release|Any CPU.Build.0 = Release|Any CPU
		{43599321-D767-4BF7-A725-34850D057B4E}.Release|Mixed Platforms.ActiveCfg = Release|Any CPU
		{43599321-D767-4BF7-A725-34850D057B4E}.Release|Win32.ActiveCfg = Release|Any CPU
		{6904C0F4-0535-48EB-AFC1-CE1396418D00}.Alpha|Any CPU.ActiveCfg = Alpha|Any CPU
		{6904C0F4-0535-48EB-AFC1-CE1396418D00}.Alpha|Any CPU.Build.0 = Alpha|Any CPU
		{6904C0F4-0535-48EB-AFC1-CE1396418D00}.Alpha|Mixed Platforms.ActiveCfg = Alpha|Any CPU
		{6904C0F4-0535-48EB-AFC1-CE1396418D00}.Alpha|Win32.ActiveCfg = Release|Any CPU
		{6904C0F4-0535-48EB-AFC1-CE1396418D00}.Beta|Any CPU.ActiveCfg = Beta|Any CPU
		{6904C0F4-0535-48EB-AFC1-CE1396418D00}.Beta|Any CPU.Build.0 = Beta|Any CPU
		{6904C0F4-0535-48EB-AFC1-CE1396418D00}.Beta|Mixed Platforms.ActiveCfg = Beta|Any CPU
		{6904C0F4-0535-48EB-AFC1-CE1396418D00}.Beta|Win32.ActiveCfg = Release|Any CPU
		{6904C0F4-0535-48EB-AFC1-CE1396418D00}.Debug|Any CPU.ActiveCfg = Nightly|Any CPU
		{6904C0F4-0535-48EB-AFC1-CE1396418D00}.Debug|Any CPU.Build.0 = Nightly|Any CPU
		{6904C0F4-0535-48EB-AFC1-CE1396418D00}.Debug|Mixed Platforms.ActiveCfg = Nightly|Any CPU
		{6904C0F4-0535-48EB-AFC1-CE1396418D00}.Debug|Mixed Platforms.Build.0 = Nightly|Any CPU
		{6904C0F4-0535-48EB-AFC1-CE1396418D00}.Debug|Win32.ActiveCfg = Release|Any CPU
		{6904C0F4-0535-48EB-AFC1-CE1396418D00}.RC|Any CPU.ActiveCfg = RC|Any CPU
		{6904C0F4-0535-48EB-AFC1-CE1396418D00}.RC|Any CPU.Build.0 = RC|Any CPU
		{6904C0F4-0535-48EB-AFC1-CE1396418D00}.RC|Mixed Platforms.ActiveCfg = RC|Any CPU
		{6904C0F4-0535-48EB-AFC1-CE1396418D00}.RC|Win32.ActiveCfg = Release|Any CPU
		{6904C0F4-0535-48EB-AFC1-CE1396418D00}.Release|Any CPU.ActiveCfg = Release|Any CPU
		{6904C0F4-0535-48EB-AFC1-CE1396418D00}.Release|Any CPU.Build.0 = Release|Any CPU
		{6904C0F4-0535-48EB-AFC1-CE1396418D00}.Release|Mixed Platforms.ActiveCfg = Release|Any CPU
		{6904C0F4-0535-48EB-AFC1-CE1396418D00}.Release|Win32.ActiveCfg = Release|Any CPU
		{C361ECDE-7940-4CB5-8FF3-106EDE0E2886}.Alpha|Any CPU.ActiveCfg = Alpha|Win32
		{C361ECDE-7940-4CB5-8FF3-106EDE0E2886}.Alpha|Any CPU.Build.0 = Alpha|Win32
		{C361ECDE-7940-4CB5-8FF3-106EDE0E2886}.Alpha|Mixed Platforms.ActiveCfg = Alpha|Win32
		{C361ECDE-7940-4CB5-8FF3-106EDE0E2886}.Alpha|Win32.ActiveCfg = Release|Win32
		{C361ECDE-7940-4CB5-8FF3-106EDE0E2886}.Beta|Any CPU.ActiveCfg = Beta|Win32
		{C361ECDE-7940-4CB5-8FF3-106EDE0E2886}.Beta|Any CPU.Build.0 = Beta|Win32
		{C361ECDE-7940-4CB5-8FF3-106EDE0E2886}.Beta|Mixed Platforms.ActiveCfg = Beta|Win32
		{C361ECDE-7940-4CB5-8FF3-106EDE0E2886}.Beta|Win32.ActiveCfg = Release|Win32
		{C361ECDE-7940-4CB5-8FF3-106EDE0E2886}.Debug|Any CPU.ActiveCfg = Nightly|Win32
		{C361ECDE-7940-4CB5-8FF3-106EDE0E2886}.Debug|Any CPU.Build.0 = Nightly|Win32
		{C361ECDE-7940-4CB5-8FF3-106EDE0E2886}.Debug|Mixed Platforms.ActiveCfg = Nightly|Win32
		{C361ECDE-7940-4CB5-8FF3-106EDE0E2886}.Debug|Mixed Platforms.Build.0 = Nightly|Win32
		{C361ECDE-7940-4CB5-8FF3-106EDE0E2886}.Debug|Win32.ActiveCfg = Release|Win32
		{C361ECDE-7940-4CB5-8FF3-106EDE0E2886}.RC|Any CPU.ActiveCfg = RC|Win32
		{C361ECDE-7940-4CB5-8FF3-106EDE0E2886}.RC|Any CPU.Build.0 = RC|Win32
		{C361ECDE-7940-4CB5-8FF3-106EDE0E2886}.RC|Mixed Platforms.ActiveCfg = RC|Win32
		{C361ECDE-7940-4CB5-8FF3-106EDE0E2886}.RC|Win32.ActiveCfg = Release|Win32
		{C361ECDE-7940-4CB5-8FF3-106EDE0E2886}.Release|Any CPU.ActiveCfg = Release|Win32
		{C361ECDE-7940-4CB5-8FF3-106EDE0E2886}.Release|Any CPU.Build.0 = Release|Win32
		{C361ECDE-7940-4CB5-8FF3-106EDE0E2886}.Release|Mixed Platforms.ActiveCfg = Release|Win32
		{C361ECDE-7940-4CB5-8FF3-106EDE0E2886}.Release|Win32.ActiveCfg = Release|Win32
		{088CB10C-E5D3-4537-979F-F5BED401DB25}.Alpha|Any CPU.ActiveCfg = Alpha|Any CPU
		{088CB10C-E5D3-4537-979F-F5BED401DB25}.Alpha|Mixed Platforms.ActiveCfg = Alpha|Any CPU
		{088CB10C-E5D3-4537-979F-F5BED401DB25}.Alpha|Win32.ActiveCfg = Alpha|Any CPU
		{088CB10C-E5D3-4537-979F-F5BED401DB25}.Beta|Any CPU.ActiveCfg = Beta|Any CPU
		{088CB10C-E5D3-4537-979F-F5BED401DB25}.Beta|Mixed Platforms.ActiveCfg = Beta|Any CPU
		{088CB10C-E5D3-4537-979F-F5BED401DB25}.Beta|Win32.ActiveCfg = Beta|Any CPU
		{088CB10C-E5D3-4537-979F-F5BED401DB25}.Debug|Any CPU.ActiveCfg = Nightly|Any CPU
		{088CB10C-E5D3-4537-979F-F5BED401DB25}.Debug|Mixed Platforms.ActiveCfg = Nightly|Any CPU
		{088CB10C-E5D3-4537-979F-F5BED401DB25}.Debug|Win32.ActiveCfg = Nightly|Any CPU
		{088CB10C-E5D3-4537-979F-F5BED401DB25}.RC|Any CPU.ActiveCfg = RC|Any CPU
		{088CB10C-E5D3-4537-979F-F5BED401DB25}.RC|Mixed Platforms.ActiveCfg = RC|Any CPU
		{088CB10C-E5D3-4537-979F-F5BED401DB25}.RC|Win32.ActiveCfg = RC|Any CPU
		{088CB10C-E5D3-4537-979F-F5BED401DB25}.Release|Any CPU.ActiveCfg = Release|Any CPU
		{088CB10C-E5D3-4537-979F-F5BED401DB25}.Release|Mixed Platforms.ActiveCfg = Release|Any CPU
		{088CB10C-E5D3-4537-979F-F5BED401DB25}.Release|Win32.ActiveCfg = Release|Any CPU
		{268E716E-5BF5-4CF3-86D8-904A6BBAB6AC}.Alpha|Any CPU.ActiveCfg = Debug|Any CPU
		{268E716E-5BF5-4CF3-86D8-904A6BBAB6AC}.Alpha|Mixed Platforms.ActiveCfg = Debug|Any CPU
		{268E716E-5BF5-4CF3-86D8-904A6BBAB6AC}.Alpha|Win32.ActiveCfg = Debug|Any CPU
		{268E716E-5BF5-4CF3-86D8-904A6BBAB6AC}.Beta|Any CPU.ActiveCfg = Debug|Any CPU
		{268E716E-5BF5-4CF3-86D8-904A6BBAB6AC}.Beta|Mixed Platforms.ActiveCfg = Debug|Any CPU
		{268E716E-5BF5-4CF3-86D8-904A6BBAB6AC}.Beta|Win32.ActiveCfg = Debug|Any CPU
		{268E716E-5BF5-4CF3-86D8-904A6BBAB6AC}.Debug|Any CPU.ActiveCfg = Debug|Any CPU
		{268E716E-5BF5-4CF3-86D8-904A6BBAB6AC}.Debug|Any CPU.Build.0 = Debug|Any CPU
		{268E716E-5BF5-4CF3-86D8-904A6BBAB6AC}.Debug|Mixed Platforms.ActiveCfg = Debug|Any CPU
		{268E716E-5BF5-4CF3-86D8-904A6BBAB6AC}.Debug|Mixed Platforms.Build.0 = Debug|Any CPU
		{268E716E-5BF5-4CF3-86D8-904A6BBAB6AC}.Debug|Win32.ActiveCfg = Debug|Any CPU
		{268E716E-5BF5-4CF3-86D8-904A6BBAB6AC}.RC|Any CPU.ActiveCfg = Debug|Any CPU
		{268E716E-5BF5-4CF3-86D8-904A6BBAB6AC}.RC|Mixed Platforms.ActiveCfg = Debug|Any CPU
		{268E716E-5BF5-4CF3-86D8-904A6BBAB6AC}.RC|Win32.ActiveCfg = Debug|Any CPU
		{268E716E-5BF5-4CF3-86D8-904A6BBAB6AC}.Release|Any CPU.ActiveCfg = Debug|Any CPU
		{268E716E-5BF5-4CF3-86D8-904A6BBAB6AC}.Release|Any CPU.Build.0 = Debug|Any CPU
		{268E716E-5BF5-4CF3-86D8-904A6BBAB6AC}.Release|Mixed Platforms.ActiveCfg = Debug|Any CPU
		{268E716E-5BF5-4CF3-86D8-904A6BBAB6AC}.Release|Win32.ActiveCfg = Debug|Any CPU
		{DC459772-7889-47B1-9471-7F9ABA3C3FC4}.Alpha|Any CPU.ActiveCfg = Release|Any CPU
		{DC459772-7889-47B1-9471-7F9ABA3C3FC4}.Alpha|Any CPU.Build.0 = Release|Any CPU
		{DC459772-7889-47B1-9471-7F9ABA3C3FC4}.Alpha|Mixed Platforms.ActiveCfg = Release|Any CPU
		{DC459772-7889-47B1-9471-7F9ABA3C3FC4}.Alpha|Win32.ActiveCfg = Release|Any CPU
		{DC459772-7889-47B1-9471-7F9ABA3C3FC4}.Beta|Any CPU.ActiveCfg = Release|Any CPU
		{DC459772-7889-47B1-9471-7F9ABA3C3FC4}.Beta|Any CPU.Build.0 = Release|Any CPU
		{DC459772-7889-47B1-9471-7F9ABA3C3FC4}.Beta|Mixed Platforms.ActiveCfg = Release|Any CPU
		{DC459772-7889-47B1-9471-7F9ABA3C3FC4}.Beta|Win32.ActiveCfg = Release|Any CPU
		{DC459772-7889-47B1-9471-7F9ABA3C3FC4}.Debug|Any CPU.ActiveCfg = Debug|Any CPU
		{DC459772-7889-47B1-9471-7F9ABA3C3FC4}.Debug|Any CPU.Build.0 = Debug|Any CPU
		{DC459772-7889-47B1-9471-7F9ABA3C3FC4}.Debug|Mixed Platforms.ActiveCfg = Debug|Any CPU
		{DC459772-7889-47B1-9471-7F9ABA3C3FC4}.Debug|Mixed Platforms.Build.0 = Debug|Any CPU
		{DC459772-7889-47B1-9471-7F9ABA3C3FC4}.Debug|Win32.ActiveCfg = Debug|Any CPU
		{DC459772-7889-47B1-9471-7F9ABA3C3FC4}.RC|Any CPU.ActiveCfg = Release|Any CPU
		{DC459772-7889-47B1-9471-7F9ABA3C3FC4}.RC|Any CPU.Build.0 = Release|Any CPU
		{DC459772-7889-47B1-9471-7F9ABA3C3FC4}.RC|Mixed Platforms.ActiveCfg = Release|Any CPU
		{DC459772-7889-47B1-9471-7F9ABA3C3FC4}.RC|Win32.ActiveCfg = Release|Any CPU
		{DC459772-7889-47B1-9471-7F9ABA3C3FC4}.Release|Any CPU.ActiveCfg = Release|Any CPU
		{DC459772-7889-47B1-9471-7F9ABA3C3FC4}.Release|Any CPU.Build.0 = Release|Any CPU
		{DC459772-7889-47B1-9471-7F9ABA3C3FC4}.Release|Mixed Platforms.ActiveCfg = Release|Any CPU
		{DC459772-7889-47B1-9471-7F9ABA3C3FC4}.Release|Win32.ActiveCfg = Release|Any CPU
		{A8636D77-B876-4E6A-863D-8C924E40955C}.Alpha|Any CPU.ActiveCfg = Release|Any CPU
		{A8636D77-B876-4E6A-863D-8C924E40955C}.Alpha|Mixed Platforms.ActiveCfg = Release|Any CPU
		{A8636D77-B876-4E6A-863D-8C924E40955C}.Alpha|Mixed Platforms.Build.0 = Release|Any CPU
		{A8636D77-B876-4E6A-863D-8C924E40955C}.Alpha|Win32.ActiveCfg = Release|Any CPU
		{A8636D77-B876-4E6A-863D-8C924E40955C}.Beta|Any CPU.ActiveCfg = Release|Any CPU
		{A8636D77-B876-4E6A-863D-8C924E40955C}.Beta|Mixed Platforms.ActiveCfg = Release|Any CPU
		{A8636D77-B876-4E6A-863D-8C924E40955C}.Beta|Mixed Platforms.Build.0 = Release|Any CPU
		{A8636D77-B876-4E6A-863D-8C924E40955C}.Beta|Win32.ActiveCfg = Release|Any CPU
		{A8636D77-B876-4E6A-863D-8C924E40955C}.Debug|Any CPU.ActiveCfg = Debug|Any CPU
		{A8636D77-B876-4E6A-863D-8C924E40955C}.Debug|Mixed Platforms.ActiveCfg = Debug|Any CPU
		{A8636D77-B876-4E6A-863D-8C924E40955C}.Debug|Mixed Platforms.Build.0 = Debug|Any CPU
		{A8636D77-B876-4E6A-863D-8C924E40955C}.Debug|Win32.ActiveCfg = Debug|Any CPU
		{A8636D77-B876-4E6A-863D-8C924E40955C}.RC|Any CPU.ActiveCfg = Release|Any CPU
		{A8636D77-B876-4E6A-863D-8C924E40955C}.RC|Mixed Platforms.ActiveCfg = Release|Any CPU
		{A8636D77-B876-4E6A-863D-8C924E40955C}.RC|Mixed Platforms.Build.0 = Release|Any CPU
		{A8636D77-B876-4E6A-863D-8C924E40955C}.RC|Win32.ActiveCfg = Release|Any CPU
		{A8636D77-B876-4E6A-863D-8C924E40955C}.Release|Any CPU.ActiveCfg = Release|Any CPU
		{A8636D77-B876-4E6A-863D-8C924E40955C}.Release|Mixed Platforms.ActiveCfg = Release|Any CPU
		{A8636D77-B876-4E6A-863D-8C924E40955C}.Release|Mixed Platforms.Build.0 = Release|Any CPU
		{A8636D77-B876-4E6A-863D-8C924E40955C}.Release|Win32.ActiveCfg = Release|Any CPU
		{23D753CD-127D-4DEB-8A4B-AB0E4F11E90C}.Alpha|Any CPU.ActiveCfg = Release|Any CPU
		{23D753CD-127D-4DEB-8A4B-AB0E4F11E90C}.Alpha|Mixed Platforms.ActiveCfg = Release|Any CPU
		{23D753CD-127D-4DEB-8A4B-AB0E4F11E90C}.Alpha|Mixed Platforms.Build.0 = Release|Any CPU
		{23D753CD-127D-4DEB-8A4B-AB0E4F11E90C}.Alpha|Win32.ActiveCfg = Release|Any CPU
		{23D753CD-127D-4DEB-8A4B-AB0E4F11E90C}.Beta|Any CPU.ActiveCfg = Release|Any CPU
		{23D753CD-127D-4DEB-8A4B-AB0E4F11E90C}.Beta|Mixed Platforms.ActiveCfg = Release|Any CPU
		{23D753CD-127D-4DEB-8A4B-AB0E4F11E90C}.Beta|Mixed Platforms.Build.0 = Release|Any CPU
		{23D753CD-127D-4DEB-8A4B-AB0E4F11E90C}.Beta|Win32.ActiveCfg = Release|Any CPU
		{23D753CD-127D-4DEB-8A4B-AB0E4F11E90C}.Debug|Any CPU.ActiveCfg = Debug|Any CPU
		{23D753CD-127D-4DEB-8A4B-AB0E4F11E90C}.Debug|Mixed Platforms.ActiveCfg = Debug|Any CPU
		{23D753CD-127D-4DEB-8A4B-AB0E4F11E90C}.Debug|Mixed Platforms.Build.0 = Debug|Any CPU
		{23D753CD-127D-4DEB-8A4B-AB0E4F11E90C}.Debug|Win32.ActiveCfg = Debug|Any CPU
		{23D753CD-127D-4DEB-8A4B-AB0E4F11E90C}.RC|Any CPU.ActiveCfg = Release|Any CPU
		{23D753CD-127D-4DEB-8A4B-AB0E4F11E90C}.RC|Mixed Platforms.ActiveCfg = Release|Any CPU
		{23D753CD-127D-4DEB-8A4B-AB0E4F11E90C}.RC|Mixed Platforms.Build.0 = Release|Any CPU
		{23D753CD-127D-4DEB-8A4B-AB0E4F11E90C}.RC|Win32.ActiveCfg = Release|Any CPU
		{23D753CD-127D-4DEB-8A4B-AB0E4F11E90C}.Release|Any CPU.ActiveCfg = Release|Any CPU
		{23D753CD-127D-4DEB-8A4B-AB0E4F11E90C}.Release|Mixed Platforms.ActiveCfg = Release|Any CPU
		{23D753CD-127D-4DEB-8A4B-AB0E4F11E90C}.Release|Mixed Platforms.Build.0 = Release|Any CPU
		{23D753CD-127D-4DEB-8A4B-AB0E4F11E90C}.Release|Win32.ActiveCfg = Release|Any CPU
	EndGlobalSection
	GlobalSection(SolutionProperties) = preSolution
		HideSolutionNode = FALSE
	EndGlobalSection
	GlobalSection(NestedProjects) = preSolution
		{677A518E-909C-414F-AC5E-528AB32023AF} = {847298BA-D4D1-4EBD-AF69-0193A77DC90C}
		{56EC5ABD-C261-4B90-9BD3-5956D6E82CCD} = {847298BA-D4D1-4EBD-AF69-0193A77DC90C}
		{8129B61A-3FCE-4012-8013-377A87D4132B} = {847298BA-D4D1-4EBD-AF69-0193A77DC90C}
		{43599321-D767-4BF7-A725-34850D057B4E} = {FEA4635F-E0AE-4562-A292-1B6ABCF4444F}
		{231E88A0-FFBB-4F4B-803E-2B24D4A37CEC} = {FEA4635F-E0AE-4562-A292-1B6ABCF4444F}
		{268E716E-5BF5-4CF3-86D8-904A6BBAB6AC} = {FEA4635F-E0AE-4562-A292-1B6ABCF4444F}
		{A8636D77-B876-4E6A-863D-8C924E40955C} = {FEA4635F-E0AE-4562-A292-1B6ABCF4444F}
		{23D753CD-127D-4DEB-8A4B-AB0E4F11E90C} = {FEA4635F-E0AE-4562-A292-1B6ABCF4444F}
		{88FEE481-A97F-4DD6-B206-5B33F777AD4D} = {507B60F2-1D3A-4DC4-9ACB-7A565BA0EF8A}
		{DC459772-7889-47B1-9471-7F9ABA3C3FC4} = {507B60F2-1D3A-4DC4-9ACB-7A565BA0EF8A}
		{97FEC59D-58AC-41BA-84B4-2FF3187CB0DE} = {982F36B7-A3E5-4782-96B0-9979A95610F1}
	EndGlobalSection
	GlobalSection(TeamFoundationVersionControl) = preSolution
		SccNumberOfProjects = 22
		SccEnterpriseProvider = {4CA58AB2-18FA-4F8D-95D4-32DDF27D184C}
		SccTeamFoundationServer = https://tfs01.codeplex.com/
		SccLocalPath0 = .
		SccProjectUniqueName1 = Tools\\Tools.vbproj
		SccProjectName1 = Tools
		SccLocalPath1 = Tools
		SccProjectUniqueName2 = Tests\\Tests.vbproj
		SccProjectName2 = Tests
		SccLocalPath2 = Tests
		SccProjectUniqueName3 = Tools\u0020Win\\Tools\u0020Win.vbproj
		SccProjectName3 = Tools\u0020Win
		SccLocalPath3 = Tools\u0020Win
		SccProjectUniqueName4 = Tools\u0020Visual\u0020Studio\\Tools\u0020Visual\u0020Studio.vbproj
		SccProjectName4 = Tools\u0020Visual\u0020Studio
		SccLocalPath4 = Tools\u0020Visual\u0020Studio
		SccProjectUniqueName5 = DevelopmentTools\\TransformCodeGenerator\\TransformCodeGenerator.csproj
		SccProjectTopLevelParentUniqueName5 = Tools.sln
		SccProjectName5 = DevelopmentTools/TransformCodeGenerator
		SccLocalPath5 = DevelopmentTools\\TransformCodeGenerator
		SccProjectUniqueName6 = Tools\u0020VisualStudio\u0020CS\\Tools\u0020VisualStudio\u0020CS.csproj
		SccProjectName6 = Tools\u0020VisualStudio\u0020CS
		SccLocalPath6 = Tools\u0020VisualStudio\u0020CS
		SccProjectUniqueName7 = Tools\u0020IL\\Tools\u0020IL.vcproj
		SccProjectName7 = Tools\u0020IL
		SccLocalPath7 = Tools\u0020IL
		SccProjectUniqueName8 = DevelopmentTools\\CommentsMerge\\CommentsMerge.vbproj
		SccProjectTopLevelParentUniqueName8 = Tools.sln
		SccProjectName8 = DevelopmentTools/CommentsMerge
		SccLocalPath8 = DevelopmentTools\\CommentsMerge
		SccProjectUniqueName9 = Projects\\Metanol2\\Metanol2.vbproj
		SccProjectTopLevelParentUniqueName9 = Tools.sln
		SccProjectName9 = Projects/Metanol2
		SccLocalPath9 = Projects\\Metanol2
		SccProjectUniqueName10 = DevelopmentTools\\ResXFileCodeGeneratorEx\\ResXFileCodeGeneratorEx.csproj
		SccProjectTopLevelParentUniqueName10 = Tools.sln
		SccProjectName10 = DevelopmentTools/ResXFileCodeGeneratorEx
		SccLocalPath10 = DevelopmentTools\\ResXFileCodeGeneratorEx
		SccProjectUniqueName11 = DevelopmentTools\\Macros\\Tools.VisualStudio.Macros.vbproj
		SccProjectTopLevelParentUniqueName11 = Tools.sln
		SccProjectName11 = DevelopmentTools/Macros
		SccLocalPath11 = DevelopmentTools\\Macros
		SccProjectUniqueName12 = Tools\\Tools.vbproj
		SccProjectName12 = Tools
		SccLocalPath12 = Tools
		SccProjectUniqueName13 = Tests\\Tests.vbproj
		SccProjectName13 = Tests
		SccLocalPath13 = Tests
		SccProjectUniqueName14 = Tools\u0020Win\\Tools\u0020Win.vbproj
		SccProjectName14 = Tools\u0020Win
		SccLocalPath14 = Tools\u0020Win
		SccProjectUniqueName15 = Tools\u0020Visual\u0020Studio\\Tools\u0020Visual\u0020Studio.vbproj
		SccProjectName15 = Tools\u0020Visual\u0020Studio
		SccLocalPath15 = Tools\u0020Visual\u0020Studio
		SccProjectUniqueName16 = DevelopmentTools\\TransformCodeGenerator\\TransformCodeGenerator.csproj
		SccProjectTopLevelParentUniqueName16 = Tools.sln
		SccProjectName16 = DevelopmentTools/TransformCodeGenerator
		SccLocalPath16 = DevelopmentTools\\TransformCodeGenerator
		SccProjectUniqueName17 = Tools\u0020VisualStudio\u0020CS\\Tools\u0020VisualStudio\u0020CS.csproj
		SccProjectName17 = Tools\u0020VisualStudio\u0020CS
		SccLocalPath17 = Tools\u0020VisualStudio\u0020CS
		SccProjectUniqueName18 = DevelopmentTools\\CommentsMerge\\CommentsMerge.vbproj
		SccProjectTopLevelParentUniqueName18 = Tools.sln
		SccProjectName18 = DevelopmentTools/CommentsMerge
		SccLocalPath18 = DevelopmentTools\\CommentsMerge
		SccProjectUniqueName19 = Projects\\Metanol2\\Metanol2.vbproj
		SccProjectTopLevelParentUniqueName19 = Tools.sln
		SccProjectName19 = Projects/Metanol2
		SccLocalPath19 = Projects\\Metanol2
		SccProjectUniqueName20 = DevelopmentTools\\Macros\\Tools.VisualStudio.Macros.vbproj
		SccProjectTopLevelParentUniqueName20 = Tools.sln
		SccProjectName20 = DevelopmentTools/Macros
		SccLocalPath20 = DevelopmentTools\\Macros
		SccLocalPath21 = .
	EndGlobalSection
	GlobalSection(TeamFoundationVersionControl) = preSolution
		SccNumberOfProjects = 22
		SccEnterpriseProvider = {4CA58AB2-18FA-4F8D-95D4-32DDF27D184C}
		SccTeamFoundationServer = https://tfs01.codeplex.com/
		SccLocalPath0 = .
		SccProjectUniqueName1 = Tools\\Tools.vbproj
		SccProjectName1 = Tools
		SccLocalPath1 = Tools
		SccProjectUniqueName2 = Tests\\Tests.vbproj
		SccProjectName2 = Tests
		SccLocalPath2 = Tests
		SccProjectUniqueName3 = Tools\u0020Win\\Tools\u0020Win.vbproj
		SccProjectName3 = Tools\u0020Win
		SccLocalPath3 = Tools\u0020Win
		SccProjectUniqueName4 = Tools\u0020Visual\u0020Studio\\Tools\u0020Visual\u0020Studio.vbproj
		SccProjectName4 = Tools\u0020Visual\u0020Studio
		SccLocalPath4 = Tools\u0020Visual\u0020Studio
		SccProjectUniqueName5 = DevelopmentTools\\TransformCodeGenerator\\TransformCodeGenerator.csproj
		SccProjectTopLevelParentUniqueName5 = Tools.sln
		SccProjectName5 = DevelopmentTools/TransformCodeGenerator
		SccLocalPath5 = DevelopmentTools\\TransformCodeGenerator
		SccProjectUniqueName6 = Tools\u0020VisualStudio\u0020CS\\Tools\u0020VisualStudio\u0020CS.csproj
		SccProjectName6 = Tools\u0020VisualStudio\u0020CS
		SccLocalPath6 = Tools\u0020VisualStudio\u0020CS
		SccProjectUniqueName7 = Tools\u0020IL\\Tools\u0020IL.vcproj
		SccProjectName7 = Tools\u0020IL
		SccLocalPath7 = Tools\u0020IL
		SccProjectUniqueName8 = DevelopmentTools\\CommentsMerge\\CommentsMerge.vbproj
		SccProjectTopLevelParentUniqueName8 = Tools.sln
		SccProjectName8 = DevelopmentTools/CommentsMerge
		SccLocalPath8 = DevelopmentTools\\CommentsMerge
		SccProjectUniqueName9 = Projects\\Metanol2\\Metanol2.vbproj
		SccProjectTopLevelParentUniqueName9 = Tools.sln
		SccProjectName9 = Projects/Metanol2
		SccLocalPath9 = Projects\\Metanol2
		SccProjectUniqueName10 = DevelopmentTools\\ResXFileCodeGeneratorEx\\ResXFileCodeGeneratorEx.csproj
		SccProjectTopLevelParentUniqueName10 = Tools.sln
		SccProjectName10 = DevelopmentTools/ResXFileCodeGeneratorEx
		SccLocalPath10 = DevelopmentTools\\ResXFileCodeGeneratorEx
		SccProjectUniqueName11 = DevelopmentTools\\Macros\\Tools.VisualStudio.Macros.vbproj
		SccProjectTopLevelParentUniqueName11 = Tools.sln
		SccProjectName11 = DevelopmentTools/Macros
		SccLocalPath11 = DevelopmentTools\\Macros
		SccProjectUniqueName12 = Tools\\Tools.vbproj
		SccProjectName12 = Tools
		SccLocalPath12 = Tools
		SccProjectUniqueName13 = Tests\\Tests.vbproj
		SccProjectName13 = Tests
		SccLocalPath13 = Tests
		SccProjectUniqueName14 = Tools\u0020Win\\Tools\u0020Win.vbproj
		SccProjectName14 = Tools\u0020Win
		SccLocalPath14 = Tools\u0020Win
		SccProjectUniqueName15 = Tools\u0020Visual\u0020Studio\\Tools\u0020Visual\u0020Studio.vbproj
		SccProjectName15 = Tools\u0020Visual\u0020Studio
		SccLocalPath15 = Tools\u0020Visual\u0020Studio
		SccProjectUniqueName16 = DevelopmentTools\\TransformCodeGenerator\\TransformCodeGenerator.csproj
		SccProjectTopLevelParentUniqueName16 = Tools.sln
		SccProjectName16 = DevelopmentTools/TransformCodeGenerator
		SccLocalPath16 = DevelopmentTools\\TransformCodeGenerator
		SccProjectUniqueName17 = Tools\u0020VisualStudio\u0020CS\\Tools\u0020VisualStudio\u0020CS.csproj
		SccProjectName17 = Tools\u0020VisualStudio\u0020CS
		SccLocalPath17 = Tools\u0020VisualStudio\u0020CS
		SccProjectUniqueName18 = DevelopmentTools\\CommentsMerge\\CommentsMerge.vbproj
		SccProjectTopLevelParentUniqueName18 = Tools.sln
		SccProjectName18 = DevelopmentTools/CommentsMerge
		SccLocalPath18 = DevelopmentTools\\CommentsMerge
		SccProjectUniqueName19 = Projects\\Metanol2\\Metanol2.vbproj
		SccProjectTopLevelParentUniqueName19 = Tools.sln
		SccProjectName19 = Projects/Metanol2
		SccLocalPath19 = Projects\\Metanol2
		SccProjectUniqueName20 = DevelopmentTools\\Macros\\Tools.VisualStudio.Macros.vbproj
		SccProjectTopLevelParentUniqueName20 = Tools.sln
		SccProjectName20 = DevelopmentTools/Macros
		SccLocalPath20 = DevelopmentTools\\Macros
		SccLocalPath21 = .
	EndGlobalSection
	GlobalSection(TeamFoundationVersionControl) = preSolution
		SccNumberOfProjects = 22
		SccEnterpriseProvider = {4CA58AB2-18FA-4F8D-95D4-32DDF27D184C}
		SccTeamFoundationServer = https://tfs01.codeplex.com/
		SccLocalPath0 = .
		SccProjectUniqueName1 = Tools\\Tools.vbproj
		SccProjectName1 = Tools
		SccLocalPath1 = Tools
		SccProjectUniqueName2 = Tests\\Tests.vbproj
		SccProjectName2 = Tests
		SccLocalPath2 = Tests
		SccProjectUniqueName3 = Tools\u0020Win\\Tools\u0020Win.vbproj
		SccProjectName3 = Tools\u0020Win
		SccLocalPath3 = Tools\u0020Win
		SccProjectUniqueName4 = Tools\u0020Visual\u0020Studio\\Tools\u0020Visual\u0020Studio.vbproj
		SccProjectName4 = Tools\u0020Visual\u0020Studio
		SccLocalPath4 = Tools\u0020Visual\u0020Studio
		SccProjectUniqueName5 = DevelopmentTools\\TransformCodeGenerator\\TransformCodeGenerator.csproj
		SccProjectTopLevelParentUniqueName5 = Tools.sln
		SccProjectName5 = DevelopmentTools/TransformCodeGenerator
		SccLocalPath5 = DevelopmentTools\\TransformCodeGenerator
		SccProjectUniqueName6 = Tools\u0020VisualStudio\u0020CS\\Tools\u0020VisualStudio\u0020CS.csproj
		SccProjectName6 = Tools\u0020VisualStudio\u0020CS
		SccLocalPath6 = Tools\u0020VisualStudio\u0020CS
		SccProjectUniqueName7 = Tools\u0020IL\\Tools\u0020IL.vcproj
		SccProjectName7 = Tools\u0020IL
		SccLocalPath7 = Tools\u0020IL
		SccProjectUniqueName8 = DevelopmentTools\\CommentsMerge\\CommentsMerge.vbproj
		SccProjectTopLevelParentUniqueName8 = Tools.sln
		SccProjectName8 = DevelopmentTools/CommentsMerge
		SccLocalPath8 = DevelopmentTools\\CommentsMerge
		SccProjectUniqueName9 = Projects\\Metanol2\\Metanol2.vbproj
		SccProjectTopLevelParentUniqueName9 = Tools.sln
		SccProjectName9 = Projects/Metanol2
		SccLocalPath9 = Projects\\Metanol2
		SccProjectUniqueName10 = DevelopmentTools\\ResXFileCodeGeneratorEx\\ResXFileCodeGeneratorEx.csproj
		SccProjectTopLevelParentUniqueName10 = Tools.sln
		SccProjectName10 = DevelopmentTools/ResXFileCodeGeneratorEx
		SccLocalPath10 = DevelopmentTools\\ResXFileCodeGeneratorEx
		SccProjectUniqueName11 = DevelopmentTools\\Macros\\Tools.VisualStudio.Macros.vbproj
		SccProjectTopLevelParentUniqueName11 = Tools.sln
		SccProjectName11 = DevelopmentTools/Macros
		SccLocalPath11 = DevelopmentTools\\Macros
		SccProjectUniqueName12 = Tools\\Tools.vbproj
		SccProjectName12 = Tools
		SccLocalPath12 = Tools
		SccProjectUniqueName13 = Tests\\Tests.vbproj
		SccProjectName13 = Tests
		SccLocalPath13 = Tests
		SccProjectUniqueName14 = Tools\u0020Win\\Tools\u0020Win.vbproj
		SccProjectName14 = Tools\u0020Win
		SccLocalPath14 = Tools\u0020Win
		SccProjectUniqueName15 = Tools\u0020Visual\u0020Studio\\Tools\u0020Visual\u0020Studio.vbproj
		SccProjectName15 = Tools\u0020Visual\u0020Studio
		SccLocalPath15 = Tools\u0020Visual\u0020Studio
		SccProjectUniqueName16 = DevelopmentTools\\TransformCodeGenerator\\TransformCodeGenerator.csproj
		SccProjectTopLevelParentUniqueName16 = Tools.sln
		SccProjectName16 = DevelopmentTools/TransformCodeGenerator
		SccLocalPath16 = DevelopmentTools\\TransformCodeGenerator
		SccProjectUniqueName17 = Tools\u0020VisualStudio\u0020CS\\Tools\u0020VisualStudio\u0020CS.csproj
		SccProjectName17 = Tools\u0020VisualStudio\u0020CS
		SccLocalPath17 = Tools\u0020VisualStudio\u0020CS
		SccProjectUniqueName18 = DevelopmentTools\\CommentsMerge\\CommentsMerge.vbproj
		SccProjectTopLevelParentUniqueName18 = Tools.sln
		SccProjectName18 = DevelopmentTools/CommentsMerge
		SccLocalPath18 = DevelopmentTools\\CommentsMerge
		SccProjectUniqueName19 = Projects\\Metanol2\\Metanol2.vbproj
		SccProjectTopLevelParentUniqueName19 = Tools.sln
		SccProjectName19 = Projects/Metanol2
		SccLocalPath19 = Projects\\Metanol2
		SccProjectUniqueName20 = DevelopmentTools\\Macros\\Tools.VisualStudio.Macros.vbproj
		SccProjectTopLevelParentUniqueName20 = Tools.sln
		SccProjectName20 = DevelopmentTools/Macros
		SccLocalPath20 = DevelopmentTools\\Macros
		SccLocalPath21 = .
	EndGlobalSection
	GlobalSection(TeamFoundationVersionControl) = preSolution
		SccNumberOfProjects = 22
		SccEnterpriseProvider = {4CA58AB2-18FA-4F8D-95D4-32DDF27D184C}
		SccTeamFoundationServer = https://tfs01.codeplex.com/
		SccLocalPath0 = .
		SccProjectUniqueName1 = Tools\\Tools.vbproj
		SccProjectName1 = Tools
		SccLocalPath1 = Tools
		SccProjectUniqueName2 = Tests\\Tests.vbproj
		SccProjectName2 = Tests
		SccLocalPath2 = Tests
		SccProjectUniqueName3 = Tools\u0020Win\\Tools\u0020Win.vbproj
		SccProjectName3 = Tools\u0020Win
		SccLocalPath3 = Tools\u0020Win
		SccProjectUniqueName4 = Tools\u0020Visual\u0020Studio\\Tools\u0020Visual\u0020Studio.vbproj
		SccProjectName4 = Tools\u0020Visual\u0020Studio
		SccLocalPath4 = Tools\u0020Visual\u0020Studio
		SccProjectUniqueName5 = DevelopmentTools\\TransformCodeGenerator\\TransformCodeGenerator.csproj
		SccProjectTopLevelParentUniqueName5 = Tools.sln
		SccProjectName5 = DevelopmentTools/TransformCodeGenerator
		SccLocalPath5 = DevelopmentTools\\TransformCodeGenerator
		SccProjectUniqueName6 = Tools\u0020VisualStudio\u0020CS\\Tools\u0020VisualStudio\u0020CS.csproj
		SccProjectName6 = Tools\u0020VisualStudio\u0020CS
		SccLocalPath6 = Tools\u0020VisualStudio\u0020CS
		SccProjectUniqueName7 = Tools\u0020IL\\Tools\u0020IL.vcproj
		SccProjectName7 = Tools\u0020IL
		SccLocalPath7 = Tools\u0020IL
		SccProjectUniqueName8 = DevelopmentTools\\CommentsMerge\\CommentsMerge.vbproj
		SccProjectTopLevelParentUniqueName8 = Tools.sln
		SccProjectName8 = DevelopmentTools/CommentsMerge
		SccLocalPath8 = DevelopmentTools\\CommentsMerge
		SccProjectUniqueName9 = Projects\\Metanol2\\Metanol2.vbproj
		SccProjectTopLevelParentUniqueName9 = Tools.sln
		SccProjectName9 = Projects/Metanol2
		SccLocalPath9 = Projects\\Metanol2
		SccProjectUniqueName10 = DevelopmentTools\\ResXFileCodeGeneratorEx\\ResXFileCodeGeneratorEx.csproj
		SccProjectTopLevelParentUniqueName10 = Tools.sln
		SccProjectName10 = DevelopmentTools/ResXFileCodeGeneratorEx
		SccLocalPath10 = DevelopmentTools\\ResXFileCodeGeneratorEx
		SccProjectUniqueName11 = DevelopmentTools\\Macros\\Tools.VisualStudio.Macros.vbproj
		SccProjectTopLevelParentUniqueName11 = Tools.sln
		SccProjectName11 = DevelopmentTools/Macros
		SccLocalPath11 = DevelopmentTools\\Macros
		SccProjectUniqueName12 = Tools\\Tools.vbproj
		SccProjectName12 = Tools
		SccLocalPath12 = Tools
		SccProjectUniqueName13 = Tests\\Tests.vbproj
		SccProjectName13 = Tests
		SccLocalPath13 = Tests
		SccProjectUniqueName14 = Tools\u0020Win\\Tools\u0020Win.vbproj
		SccProjectName14 = Tools\u0020Win
		SccLocalPath14 = Tools\u0020Win
		SccProjectUniqueName15 = Tools\u0020Visual\u0020Studio\\Tools\u0020Visual\u0020Studio.vbproj
		SccProjectName15 = Tools\u0020Visual\u0020Studio
		SccLocalPath15 = Tools\u0020Visual\u0020Studio
		SccProjectUniqueName16 = DevelopmentTools\\TransformCodeGenerator\\TransformCodeGenerator.csproj
		SccProjectTopLevelParentUniqueName16 = Tools.sln
		SccProjectName16 = DevelopmentTools/TransformCodeGenerator
		SccLocalPath16 = DevelopmentTools\\TransformCodeGenerator
		SccProjectUniqueName17 = Tools\u0020VisualStudio\u0020CS\\Tools\u0020VisualStudio\u0020CS.csproj
		SccProjectName17 = Tools\u0020VisualStudio\u0020CS
		SccLocalPath17 = Tools\u0020VisualStudio\u0020CS
		SccProjectUniqueName18 = DevelopmentTools\\CommentsMerge\\CommentsMerge.vbproj
		SccProjectTopLevelParentUniqueName18 = Tools.sln
		SccProjectName18 = DevelopmentTools/CommentsMerge
		SccLocalPath18 = DevelopmentTools\\CommentsMerge
		SccProjectUniqueName19 = Projects\\Metanol2\\Metanol2.vbproj
		SccProjectTopLevelParentUniqueName19 = Tools.sln
		SccProjectName19 = Projects/Metanol2
		SccLocalPath19 = Projects\\Metanol2
		SccProjectUniqueName20 = DevelopmentTools\\Macros\\Tools.VisualStudio.Macros.vbproj
		SccProjectTopLevelParentUniqueName20 = Tools.sln
		SccProjectName20 = DevelopmentTools/Macros
		SccLocalPath20 = DevelopmentTools\\Macros
		SccLocalPath21 = .
	EndGlobalSection
	GlobalSection(TeamFoundationVersionControl) = preSolution
		SccNumberOfProjects = 22
		SccEnterpriseProvider = {4CA58AB2-18FA-4F8D-95D4-32DDF27D184C}
		SccTeamFoundationServer = https://tfs01.codeplex.com/
		SccLocalPath0 = .
		SccProjectUniqueName1 = Tools\\Tools.vbproj
		SccProjectName1 = Tools
		SccLocalPath1 = Tools
		SccProjectUniqueName2 = Tests\\Tests.vbproj
		SccProjectName2 = Tests
		SccLocalPath2 = Tests
		SccProjectUniqueName3 = Tools\u0020Win\\Tools\u0020Win.vbproj
		SccProjectName3 = Tools\u0020Win
		SccLocalPath3 = Tools\u0020Win
		SccProjectUniqueName4 = Tools\u0020Visual\u0020Studio\\Tools\u0020Visual\u0020Studio.vbproj
		SccProjectName4 = Tools\u0020Visual\u0020Studio
		SccLocalPath4 = Tools\u0020Visual\u0020Studio
		SccProjectUniqueName5 = DevelopmentTools\\TransformCodeGenerator\\TransformCodeGenerator.csproj
		SccProjectTopLevelParentUniqueName5 = Tools.sln
		SccProjectName5 = DevelopmentTools/TransformCodeGenerator
		SccLocalPath5 = DevelopmentTools\\TransformCodeGenerator
		SccProjectUniqueName6 = Tools\u0020VisualStudio\u0020CS\\Tools\u0020VisualStudio\u0020CS.csproj
		SccProjectName6 = Tools\u0020VisualStudio\u0020CS
		SccLocalPath6 = Tools\u0020VisualStudio\u0020CS
		SccProjectUniqueName7 = Tools\u0020IL\\Tools\u0020IL.vcproj
		SccProjectName7 = Tools\u0020IL
		SccLocalPath7 = Tools\u0020IL
		SccProjectUniqueName8 = DevelopmentTools\\CommentsMerge\\CommentsMerge.vbproj
		SccProjectTopLevelParentUniqueName8 = Tools.sln
		SccProjectName8 = DevelopmentTools/CommentsMerge
		SccLocalPath8 = DevelopmentTools\\CommentsMerge
		SccProjectUniqueName9 = Projects\\Metanol2\\Metanol2.vbproj
		SccProjectTopLevelParentUniqueName9 = Tools.sln
		SccProjectName9 = Projects/Metanol2
		SccLocalPath9 = Projects\\Metanol2
		SccProjectUniqueName10 = DevelopmentTools\\ResXFileCodeGeneratorEx\\ResXFileCodeGeneratorEx.csproj
		SccProjectTopLevelParentUniqueName10 = Tools.sln
		SccProjectName10 = DevelopmentTools/ResXFileCodeGeneratorEx
		SccLocalPath10 = DevelopmentTools\\ResXFileCodeGeneratorEx
		SccProjectUniqueName11 = DevelopmentTools\\Macros\\Tools.VisualStudio.Macros.vbproj
		SccProjectTopLevelParentUniqueName11 = Tools.sln
		SccProjectName11 = DevelopmentTools/Macros
		SccLocalPath11 = DevelopmentTools\\Macros
		SccProjectUniqueName12 = Tools\\Tools.vbproj
		SccProjectName12 = Tools
		SccLocalPath12 = Tools
		SccProjectUniqueName13 = Tests\\Tests.vbproj
		SccProjectName13 = Tests
		SccLocalPath13 = Tests
		SccProjectUniqueName14 = Tools\u0020Win\\Tools\u0020Win.vbproj
		SccProjectName14 = Tools\u0020Win
		SccLocalPath14 = Tools\u0020Win
		SccProjectUniqueName15 = Tools\u0020Visual\u0020Studio\\Tools\u0020Visual\u0020Studio.vbproj
		SccProjectName15 = Tools\u0020Visual\u0020Studio
		SccLocalPath15 = Tools\u0020Visual\u0020Studio
		SccProjectUniqueName16 = DevelopmentTools\\TransformCodeGenerator\\TransformCodeGenerator.csproj
		SccProjectTopLevelParentUniqueName16 = Tools.sln
		SccProjectName16 = DevelopmentTools/TransformCodeGenerator
		SccLocalPath16 = DevelopmentTools\\TransformCodeGenerator
		SccProjectUniqueName17 = Tools\u0020VisualStudio\u0020CS\\Tools\u0020VisualStudio\u0020CS.csproj
		SccProjectName17 = Tools\u0020VisualStudio\u0020CS
		SccLocalPath17 = Tools\u0020VisualStudio\u0020CS
		SccProjectUniqueName18 = DevelopmentTools\\CommentsMerge\\CommentsMerge.vbproj
		SccProjectTopLevelParentUniqueName18 = Tools.sln
		SccProjectName18 = DevelopmentTools/CommentsMerge
		SccLocalPath18 = DevelopmentTools\\CommentsMerge
		SccProjectUniqueName19 = Projects\\Metanol2\\Metanol2.vbproj
		SccProjectTopLevelParentUniqueName19 = Tools.sln
		SccProjectName19 = Projects/Metanol2
		SccLocalPath19 = Projects\\Metanol2
		SccProjectUniqueName20 = DevelopmentTools\\Macros\\Tools.VisualStudio.Macros.vbproj
		SccProjectTopLevelParentUniqueName20 = Tools.sln
		SccProjectName20 = DevelopmentTools/Macros
		SccLocalPath20 = DevelopmentTools\\Macros
		SccLocalPath21 = .
	EndGlobalSection
	GlobalSection(TeamFoundationVersionControl) = preSolution
		SccNumberOfProjects = 22
		SccEnterpriseProvider = {4CA58AB2-18FA-4F8D-95D4-32DDF27D184C}
		SccTeamFoundationServer = https://tfs01.codeplex.com/
		SccLocalPath0 = .
		SccProjectUniqueName1 = Tools\\Tools.vbproj
		SccProjectName1 = Tools
		SccLocalPath1 = Tools
		SccProjectUniqueName2 = Tests\\Tests.vbproj
		SccProjectName2 = Tests
		SccLocalPath2 = Tests
		SccProjectUniqueName3 = Tools\u0020Win\\Tools\u0020Win.vbproj
		SccProjectName3 = Tools\u0020Win
		SccLocalPath3 = Tools\u0020Win
		SccProjectUniqueName4 = Tools\u0020Visual\u0020Studio\\Tools\u0020Visual\u0020Studio.vbproj
		SccProjectName4 = Tools\u0020Visual\u0020Studio
		SccLocalPath4 = Tools\u0020Visual\u0020Studio
		SccProjectUniqueName5 = DevelopmentTools\\TransformCodeGenerator\\TransformCodeGenerator.csproj
		SccProjectTopLevelParentUniqueName5 = Tools.sln
		SccProjectName5 = DevelopmentTools/TransformCodeGenerator
		SccLocalPath5 = DevelopmentTools\\TransformCodeGenerator
		SccProjectUniqueName6 = Tools\u0020VisualStudio\u0020CS\\Tools\u0020VisualStudio\u0020CS.csproj
		SccProjectName6 = Tools\u0020VisualStudio\u0020CS
		SccLocalPath6 = Tools\u0020VisualStudio\u0020CS
		SccProjectUniqueName7 = Tools\u0020IL\\Tools\u0020IL.vcproj
		SccProjectName7 = Tools\u0020IL
		SccLocalPath7 = Tools\u0020IL
		SccProjectUniqueName8 = DevelopmentTools\\CommentsMerge\\CommentsMerge.vbproj
		SccProjectTopLevelParentUniqueName8 = Tools.sln
		SccProjectName8 = DevelopmentTools/CommentsMerge
		SccLocalPath8 = DevelopmentTools\\CommentsMerge
		SccProjectUniqueName9 = Projects\\Metanol2\\Metanol2.vbproj
		SccProjectTopLevelParentUniqueName9 = Tools.sln
		SccProjectName9 = Projects/Metanol2
		SccLocalPath9 = Projects\\Metanol2
		SccProjectUniqueName10 = DevelopmentTools\\ResXFileCodeGeneratorEx\\ResXFileCodeGeneratorEx.csproj
		SccProjectTopLevelParentUniqueName10 = Tools.sln
		SccProjectName10 = DevelopmentTools/ResXFileCodeGeneratorEx
		SccLocalPath10 = DevelopmentTools\\ResXFileCodeGeneratorEx
		SccProjectUniqueName11 = DevelopmentTools\\Macros\\Tools.VisualStudio.Macros.vbproj
		SccProjectTopLevelParentUniqueName11 = Tools.sln
		SccProjectName11 = DevelopmentTools/Macros
		SccLocalPath11 = DevelopmentTools\\Macros
		SccProjectUniqueName12 = Tools\\Tools.vbproj
		SccProjectName12 = Tools
		SccLocalPath12 = Tools
		SccProjectUniqueName13 = Tests\\Tests.vbproj
		SccProjectName13 = Tests
		SccLocalPath13 = Tests
		SccProjectUniqueName14 = Tools\u0020Win\\Tools\u0020Win.vbproj
		SccProjectName14 = Tools\u0020Win
		SccLocalPath14 = Tools\u0020Win
		SccProjectUniqueName15 = Tools\u0020Visual\u0020Studio\\Tools\u0020Visual\u0020Studio.vbproj
		SccProjectName15 = Tools\u0020Visual\u0020Studio
		SccLocalPath15 = Tools\u0020Visual\u0020Studio
		SccProjectUniqueName16 = DevelopmentTools\\TransformCodeGenerator\\TransformCodeGenerator.csproj
		SccProjectTopLevelParentUniqueName16 = Tools.sln
		SccProjectName16 = DevelopmentTools/TransformCodeGenerator
		SccLocalPath16 = DevelopmentTools\\TransformCodeGenerator
		SccProjectUniqueName17 = Tools\u0020VisualStudio\u0020CS\\Tools\u0020VisualStudio\u0020CS.csproj
		SccProjectName17 = Tools\u0020VisualStudio\u0020CS
		SccLocalPath17 = Tools\u0020VisualStudio\u0020CS
		SccProjectUniqueName18 = DevelopmentTools\\CommentsMerge\\CommentsMerge.vbproj
		SccProjectTopLevelParentUniqueName18 = Tools.sln
		SccProjectName18 = DevelopmentTools/CommentsMerge
		SccLocalPath18 = DevelopmentTools\\CommentsMerge
		SccProjectUniqueName19 = Projects\\Metanol2\\Metanol2.vbproj
		SccProjectTopLevelParentUniqueName19 = Tools.sln
		SccProjectName19 = Projects/Metanol2
		SccLocalPath19 = Projects\\Metanol2
		SccProjectUniqueName20 = DevelopmentTools\\Macros\\Tools.VisualStudio.Macros.vbproj
		SccProjectTopLevelParentUniqueName20 = Tools.sln
		SccProjectName20 = DevelopmentTools/Macros
		SccLocalPath20 = DevelopmentTools\\Macros
		SccLocalPath21 = .
	EndGlobalSection
	GlobalSection(TeamFoundationVersionControl) = preSolution
		SccNumberOfProjects = 22
		SccEnterpriseProvider = {4CA58AB2-18FA-4F8D-95D4-32DDF27D184C}
		SccTeamFoundationServer = https://tfs01.codeplex.com/
		SccLocalPath0 = .
		SccProjectUniqueName1 = Tools\\Tools.vbproj
		SccProjectName1 = Tools
		SccLocalPath1 = Tools
		SccProjectUniqueName2 = Tests\\Tests.vbproj
		SccProjectName2 = Tests
		SccLocalPath2 = Tests
		SccProjectUniqueName3 = Tools\u0020Win\\Tools\u0020Win.vbproj
		SccProjectName3 = Tools\u0020Win
		SccLocalPath3 = Tools\u0020Win
		SccProjectUniqueName4 = Tools\u0020Visual\u0020Studio\\Tools\u0020Visual\u0020Studio.vbproj
		SccProjectName4 = Tools\u0020Visual\u0020Studio
		SccLocalPath4 = Tools\u0020Visual\u0020Studio
		SccProjectUniqueName5 = DevelopmentTools\\TransformCodeGenerator\\TransformCodeGenerator.csproj
		SccProjectTopLevelParentUniqueName5 = Tools.sln
		SccProjectName5 = DevelopmentTools/TransformCodeGenerator
		SccLocalPath5 = DevelopmentTools\\TransformCodeGenerator
		SccProjectUniqueName6 = Tools\u0020VisualStudio\u0020CS\\Tools\u0020VisualStudio\u0020CS.csproj
		SccProjectName6 = Tools\u0020VisualStudio\u0020CS
		SccLocalPath6 = Tools\u0020VisualStudio\u0020CS
		SccProjectUniqueName7 = Tools\u0020IL\\Tools\u0020IL.vcproj
		SccProjectName7 = Tools\u0020IL
		SccLocalPath7 = Tools\u0020IL
		SccProjectUniqueName8 = DevelopmentTools\\CommentsMerge\\CommentsMerge.vbproj
		SccProjectTopLevelParentUniqueName8 = Tools.sln
		SccProjectName8 = DevelopmentTools/CommentsMerge
		SccLocalPath8 = DevelopmentTools\\CommentsMerge
		SccProjectUniqueName9 = Projects\\Metanol2\\Metanol2.vbproj
		SccProjectTopLevelParentUniqueName9 = Tools.sln
		SccProjectName9 = Projects/Metanol2
		SccLocalPath9 = Projects\\Metanol2
		SccProjectUniqueName10 = DevelopmentTools\\ResXFileCodeGeneratorEx\\ResXFileCodeGeneratorEx.csproj
		SccProjectTopLevelParentUniqueName10 = Tools.sln
		SccProjectName10 = DevelopmentTools/ResXFileCodeGeneratorEx
		SccLocalPath10 = DevelopmentTools\\ResXFileCodeGeneratorEx
		SccProjectUniqueName11 = DevelopmentTools\\Macros\\Tools.VisualStudio.Macros.vbproj
		SccProjectTopLevelParentUniqueName11 = Tools.sln
		SccProjectName11 = DevelopmentTools/Macros
		SccLocalPath11 = DevelopmentTools\\Macros
		SccProjectUniqueName12 = Tools\\Tools.vbproj
		SccProjectName12 = Tools
		SccLocalPath12 = Tools
		SccProjectUniqueName13 = Tests\\Tests.vbproj
		SccProjectName13 = Tests
		SccLocalPath13 = Tests
		SccProjectUniqueName14 = Tools\u0020Win\\Tools\u0020Win.vbproj
		SccProjectName14 = Tools\u0020Win
		SccLocalPath14 = Tools\u0020Win
		SccProjectUniqueName15 = Tools\u0020Visual\u0020Studio\\Tools\u0020Visual\u0020Studio.vbproj
		SccProjectName15 = Tools\u0020Visual\u0020Studio
		SccLocalPath15 = Tools\u0020Visual\u0020Studio
		SccProjectUniqueName16 = DevelopmentTools\\TransformCodeGenerator\\TransformCodeGenerator.csproj
		SccProjectTopLevelParentUniqueName16 = Tools.sln
		SccProjectName16 = DevelopmentTools/TransformCodeGenerator
		SccLocalPath16 = DevelopmentTools\\TransformCodeGenerator
		SccProjectUniqueName17 = Tools\u0020VisualStudio\u0020CS\\Tools\u0020VisualStudio\u0020CS.csproj
		SccProjectName17 = Tools\u0020VisualStudio\u0020CS
		SccLocalPath17 = Tools\u0020VisualStudio\u0020CS
		SccProjectUniqueName18 = DevelopmentTools\\CommentsMerge\\CommentsMerge.vbproj
		SccProjectTopLevelParentUniqueName18 = Tools.sln
		SccProjectName18 = DevelopmentTools/CommentsMerge
		SccLocalPath18 = DevelopmentTools\\CommentsMerge
		SccProjectUniqueName19 = Projects\\Metanol2\\Metanol2.vbproj
		SccProjectTopLevelParentUniqueName19 = Tools.sln
		SccProjectName19 = Projects/Metanol2
		SccLocalPath19 = Projects\\Metanol2
		SccProjectUniqueName20 = DevelopmentTools\\Macros\\Tools.VisualStudio.Macros.vbproj
		SccProjectTopLevelParentUniqueName20 = Tools.sln
		SccProjectName20 = DevelopmentTools/Macros
		SccLocalPath20 = DevelopmentTools\\Macros
		SccLocalPath21 = .
	EndGlobalSection
	GlobalSection(TeamFoundationVersionControl) = preSolution
		SccNumberOfProjects = 22
		SccEnterpriseProvider = {4CA58AB2-18FA-4F8D-95D4-32DDF27D184C}
		SccTeamFoundationServer = https://tfs01.codeplex.com/
		SccLocalPath0 = .
		SccProjectUniqueName1 = Tools\\Tools.vbproj
		SccProjectName1 = Tools
		SccLocalPath1 = Tools
		SccProjectUniqueName2 = Tests\\Tests.vbproj
		SccProjectName2 = Tests
		SccLocalPath2 = Tests
		SccProjectUniqueName3 = Tools\u0020Win\\Tools\u0020Win.vbproj
		SccProjectName3 = Tools\u0020Win
		SccLocalPath3 = Tools\u0020Win
		SccProjectUniqueName4 = Tools\u0020Visual\u0020Studio\\Tools\u0020Visual\u0020Studio.vbproj
		SccProjectName4 = Tools\u0020Visual\u0020Studio
		SccLocalPath4 = Tools\u0020Visual\u0020Studio
		SccProjectUniqueName5 = DevelopmentTools\\TransformCodeGenerator\\TransformCodeGenerator.csproj
		SccProjectTopLevelParentUniqueName5 = Tools.sln
		SccProjectName5 = DevelopmentTools/TransformCodeGenerator
		SccLocalPath5 = DevelopmentTools\\TransformCodeGenerator
		SccProjectUniqueName6 = Tools\u0020VisualStudio\u0020CS\\Tools\u0020VisualStudio\u0020CS.csproj
		SccProjectName6 = Tools\u0020VisualStudio\u0020CS
		SccLocalPath6 = Tools\u0020VisualStudio\u0020CS
		SccProjectUniqueName7 = Tools\u0020IL\\Tools\u0020IL.vcproj
		SccProjectName7 = Tools\u0020IL
		SccLocalPath7 = Tools\u0020IL
		SccProjectUniqueName8 = DevelopmentTools\\CommentsMerge\\CommentsMerge.vbproj
		SccProjectTopLevelParentUniqueName8 = Tools.sln
		SccProjectName8 = DevelopmentTools/CommentsMerge
		SccLocalPath8 = DevelopmentTools\\CommentsMerge
		SccProjectUniqueName9 = Projects\\Metanol2\\Metanol2.vbproj
		SccProjectTopLevelParentUniqueName9 = Tools.sln
		SccProjectName9 = Projects/Metanol2
		SccLocalPath9 = Projects\\Metanol2
		SccProjectUniqueName10 = DevelopmentTools\\ResXFileCodeGeneratorEx\\ResXFileCodeGeneratorEx.csproj
		SccProjectTopLevelParentUniqueName10 = Tools.sln
		SccProjectName10 = DevelopmentTools/ResXFileCodeGeneratorEx
		SccLocalPath10 = DevelopmentTools\\ResXFileCodeGeneratorEx
		SccProjectUniqueName11 = DevelopmentTools\\Macros\\Tools.VisualStudio.Macros.vbproj
		SccProjectTopLevelParentUniqueName11 = Tools.sln
		SccProjectName11 = DevelopmentTools/Macros
		SccLocalPath11 = DevelopmentTools\\Macros
		SccProjectUniqueName12 = Tools\\Tools.vbproj
		SccProjectName12 = Tools
		SccLocalPath12 = Tools
		SccProjectUniqueName13 = Tests\\Tests.vbproj
		SccProjectName13 = Tests
		SccLocalPath13 = Tests
		SccProjectUniqueName14 = Tools\u0020Win\\Tools\u0020Win.vbproj
		SccProjectName14 = Tools\u0020Win
		SccLocalPath14 = Tools\u0020Win
		SccProjectUniqueName15 = Tools\u0020Visual\u0020Studio\\Tools\u0020Visual\u0020Studio.vbproj
		SccProjectName15 = Tools\u0020Visual\u0020Studio
		SccLocalPath15 = Tools\u0020Visual\u0020Studio
		SccProjectUniqueName16 = DevelopmentTools\\TransformCodeGenerator\\TransformCodeGenerator.csproj
		SccProjectTopLevelParentUniqueName16 = Tools.sln
		SccProjectName16 = DevelopmentTools/TransformCodeGenerator
		SccLocalPath16 = DevelopmentTools\\TransformCodeGenerator
		SccProjectUniqueName17 = Tools\u0020VisualStudio\u0020CS\\Tools\u0020VisualStudio\u0020CS.csproj
		SccProjectName17 = Tools\u0020VisualStudio\u0020CS
		SccLocalPath17 = Tools\u0020VisualStudio\u0020CS
		SccProjectUniqueName18 = DevelopmentTools\\CommentsMerge\\CommentsMerge.vbproj
		SccProjectTopLevelParentUniqueName18 = Tools.sln
		SccProjectName18 = DevelopmentTools/CommentsMerge
		SccLocalPath18 = DevelopmentTools\\CommentsMerge
		SccProjectUniqueName19 = Projects\\Metanol2\\Metanol2.vbproj
		SccProjectTopLevelParentUniqueName19 = Tools.sln
		SccProjectName19 = Projects/Metanol2
		SccLocalPath19 = Projects\\Metanol2
		SccProjectUniqueName20 = DevelopmentTools\\Macros\\Tools.VisualStudio.Macros.vbproj
		SccProjectTopLevelParentUniqueName20 = Tools.sln
		SccProjectName20 = DevelopmentTools/Macros
		SccLocalPath20 = DevelopmentTools\\Macros
		SccLocalPath21 = .
	EndGlobalSection
	GlobalSection(TeamFoundationVersionControl) = preSolution
		SccNumberOfProjects = 21
		SccEnterpriseProvider = {4CA58AB2-18FA-4F8D-95D4-32DDF27D184C}
		SccTeamFoundationServer = https://tfs01.codeplex.com/
		SccLocalPath0 = .
		SccProjectUniqueName1 = Tools\\Tools.vbproj
		SccProjectName1 = Tools
		SccLocalPath1 = Tools
		SccProjectUniqueName2 = Tests\\Tests.vbproj
		SccProjectName2 = Tests
		SccLocalPath2 = Tests
		SccProjectUniqueName3 = Tools\u0020Win\\Tools\u0020Win.vbproj
		SccProjectName3 = Tools\u0020Win
		SccLocalPath3 = Tools\u0020Win
		SccProjectUniqueName4 = Tools\u0020Visual\u0020Studio\\Tools\u0020Visual\u0020Studio.vbproj
		SccProjectName4 = Tools\u0020Visual\u0020Studio
		SccLocalPath4 = Tools\u0020Visual\u0020Studio
		SccProjectUniqueName5 = DevelopmentTools\\TransformCodeGenerator\\TransformCodeGenerator.csproj
		SccProjectTopLevelParentUniqueName5 = Tools.sln
		SccProjectName5 = DevelopmentTools/TransformCodeGenerator
		SccLocalPath5 = DevelopmentTools\\TransformCodeGenerator
		SccProjectUniqueName6 = Tools\u0020VisualStudio\u0020CS\\Tools\u0020VisualStudio\u0020CS.csproj
		SccProjectName6 = Tools\u0020VisualStudio\u0020CS
		SccLocalPath6 = Tools\u0020VisualStudio\u0020CS
		SccProjectUniqueName7 = Tools\u0020IL\\Tools\u0020IL.vcproj
		SccProjectName7 = Tools\u0020IL
		SccLocalPath7 = Tools\u0020IL
		SccProjectUniqueName8 = DevelopmentTools\\CommentsMerge\\CommentsMerge.vbproj
		SccProjectTopLevelParentUniqueName8 = Tools.sln
		SccProjectName8 = DevelopmentTools/CommentsMerge
		SccLocalPath8 = DevelopmentTools\\CommentsMerge
		SccProjectUniqueName9 = Projects\\Metanol2\\Metanol2.vbproj
		SccProjectTopLevelParentUniqueName9 = Tools.sln
		SccProjectName9 = Projects/Metanol2
		SccLocalPath9 = Projects\\Metanol2
		SccProjectUniqueName10 = DevelopmentTools\\ResXFileCodeGeneratorEx\\ResXFileCodeGeneratorEx.csproj
		SccProjectTopLevelParentUniqueName10 = Tools.sln
		SccProjectName10 = DevelopmentTools/ResXFileCodeGeneratorEx
		SccLocalPath10 = DevelopmentTools\\ResXFileCodeGeneratorEx
		SccProjectUniqueName11 = DevelopmentTools\\Macros\\Tools.VisualStudio.Macros.vbproj
		SccProjectTopLevelParentUniqueName11 = Tools.sln
		SccProjectName11 = DevelopmentTools/Macros
		SccLocalPath11 = DevelopmentTools\\Macros
		SccProjectUniqueName12 = Tools\\Tools.vbproj
		SccProjectName12 = Tools
		SccLocalPath12 = Tools
		SccProjectUniqueName13 = Tests\\Tests.vbproj
		SccProjectName13 = Tests
		SccLocalPath13 = Tests
		SccProjectUniqueName14 = Tools\u0020Win\\Tools\u0020Win.vbproj
		SccProjectName14 = Tools\u0020Win
		SccLocalPath14 = Tools\u0020Win
		SccProjectUniqueName15 = Tools\u0020Visual\u0020Studio\\Tools\u0020Visual\u0020Studio.vbproj
		SccProjectName15 = Tools\u0020Visual\u0020Studio
		SccLocalPath15 = Tools\u0020Visual\u0020Studio
		SccProjectUniqueName16 = DevelopmentTools\\TransformCodeGenerator\\TransformCodeGenerator.csproj
		SccProjectTopLevelParentUniqueName16 = Tools.sln
		SccProjectName16 = DevelopmentTools/TransformCodeGenerator
		SccLocalPath16 = DevelopmentTools\\TransformCodeGenerator
		SccProjectUniqueName17 = Tools\u0020VisualStudio\u0020CS\\Tools\u0020VisualStudio\u0020CS.csproj
		SccProjectName17 = Tools\u0020VisualStudio\u0020CS
		SccLocalPath17 = Tools\u0020VisualStudio\u0020CS
		SccProjectUniqueName18 = DevelopmentTools\\CommentsMerge\\CommentsMerge.vbproj
		SccProjectTopLevelParentUniqueName18 = Tools.sln
		SccProjectName18 = DevelopmentTools/CommentsMerge
		SccLocalPath18 = DevelopmentTools\\CommentsMerge
		SccProjectUniqueName19 = Projects\\Metanol2\\Metanol2.vbproj
		SccProjectTopLevelParentUniqueName19 = Tools.sln
		SccProjectName19 = Projects/Metanol2
		SccLocalPath19 = Projects\\Metanol2
		SccProjectUniqueName20 = DevelopmentTools\\Macros\\Tools.VisualStudio.Macros.vbproj
		SccProjectTopLevelParentUniqueName20 = Tools.sln
		SccProjectName20 = DevelopmentTools/Macros
		SccLocalPath20 = DevelopmentTools\\Macros
	EndGlobalSection
	GlobalSection(TeamFoundationVersionControl) = preSolution
		SccNumberOfProjects = 22
		SccEnterpriseProvider = {4CA58AB2-18FA-4F8D-95D4-32DDF27D184C}
		SccTeamFoundationServer = https://tfs01.codeplex.com/
		SccLocalPath0 = .
		SccProjectUniqueName1 = Tools\\Tools.vbproj
		SccProjectName1 = Tools
		SccLocalPath1 = Tools
		SccProjectUniqueName2 = Tests\\Tests.vbproj
		SccProjectName2 = Tests
		SccLocalPath2 = Tests
		SccProjectUniqueName3 = Tools\u0020Win\\Tools\u0020Win.vbproj
		SccProjectName3 = Tools\u0020Win
		SccLocalPath3 = Tools\u0020Win
		SccProjectUniqueName4 = Tools\u0020Visual\u0020Studio\\Tools\u0020Visual\u0020Studio.vbproj
		SccProjectName4 = Tools\u0020Visual\u0020Studio
		SccLocalPath4 = Tools\u0020Visual\u0020Studio
		SccProjectUniqueName5 = DevelopmentTools\\TransformCodeGenerator\\TransformCodeGenerator.csproj
		SccProjectTopLevelParentUniqueName5 = Tools.sln
		SccProjectName5 = DevelopmentTools/TransformCodeGenerator
		SccLocalPath5 = DevelopmentTools\\TransformCodeGenerator
		SccProjectUniqueName6 = Tools\u0020VisualStudio\u0020CS\\Tools\u0020VisualStudio\u0020CS.csproj
		SccProjectName6 = Tools\u0020VisualStudio\u0020CS
		SccLocalPath6 = Tools\u0020VisualStudio\u0020CS
		SccProjectUniqueName7 = Tools\u0020IL\\Tools\u0020IL.vcproj
		SccProjectName7 = Tools\u0020IL
		SccLocalPath7 = Tools\u0020IL
		SccProjectUniqueName8 = DevelopmentTools\\CommentsMerge\\CommentsMerge.vbproj
		SccProjectTopLevelParentUniqueName8 = Tools.sln
		SccProjectName8 = DevelopmentTools/CommentsMerge
		SccLocalPath8 = DevelopmentTools\\CommentsMerge
		SccProjectUniqueName9 = Projects\\Metanol2\\Metanol2.vbproj
		SccProjectTopLevelParentUniqueName9 = Tools.sln
		SccProjectName9 = Projects/Metanol2
		SccLocalPath9 = Projects\\Metanol2
		SccProjectUniqueName10 = DevelopmentTools\\ResXFileCodeGeneratorEx\\ResXFileCodeGeneratorEx.csproj
		SccProjectTopLevelParentUniqueName10 = Tools.sln
		SccProjectName10 = DevelopmentTools/ResXFileCodeGeneratorEx
		SccLocalPath10 = DevelopmentTools\\ResXFileCodeGeneratorEx
		SccProjectUniqueName11 = DevelopmentTools\\Macros\\Tools.VisualStudio.Macros.vbproj
		SccProjectTopLevelParentUniqueName11 = Tools.sln
		SccProjectName11 = DevelopmentTools/Macros
		SccLocalPath11 = DevelopmentTools\\Macros
		SccProjectUniqueName12 = Tools\\Tools.vbproj
		SccProjectName12 = Tools
		SccLocalPath12 = Tools
		SccProjectUniqueName13 = Tests\\Tests.vbproj
		SccProjectName13 = Tests
		SccLocalPath13 = Tests
		SccProjectUniqueName14 = Tools\u0020Win\\Tools\u0020Win.vbproj
		SccProjectName14 = Tools\u0020Win
		SccLocalPath14 = Tools\u0020Win
		SccProjectUniqueName15 = Tools\u0020Visual\u0020Studio\\Tools\u0020Visual\u0020Studio.vbproj
		SccProjectName15 = Tools\u0020Visual\u0020Studio
		SccLocalPath15 = Tools\u0020Visual\u0020Studio
		SccProjectUniqueName16 = DevelopmentTools\\TransformCodeGenerator\\TransformCodeGenerator.csproj
		SccProjectTopLevelParentUniqueName16 = Tools.sln
		SccProjectName16 = DevelopmentTools/TransformCodeGenerator
		SccLocalPath16 = DevelopmentTools\\TransformCodeGenerator
		SccProjectUniqueName17 = Tools\u0020VisualStudio\u0020CS\\Tools\u0020VisualStudio\u0020CS.csproj
		SccProjectName17 = Tools\u0020VisualStudio\u0020CS
		SccLocalPath17 = Tools\u0020VisualStudio\u0020CS
		SccProjectUniqueName18 = DevelopmentTools\\CommentsMerge\\CommentsMerge.vbproj
		SccProjectTopLevelParentUniqueName18 = Tools.sln
		SccProjectName18 = DevelopmentTools/CommentsMerge
		SccLocalPath18 = DevelopmentTools\\CommentsMerge
		SccProjectUniqueName19 = Projects\\Metanol2\\Metanol2.vbproj
		SccProjectTopLevelParentUniqueName19 = Tools.sln
		SccProjectName19 = Projects/Metanol2
		SccLocalPath19 = Projects\\Metanol2
		SccProjectUniqueName20 = DevelopmentTools\\Macros\\Tools.VisualStudio.Macros.vbproj
		SccProjectTopLevelParentUniqueName20 = Tools.sln
		SccProjectName20 = DevelopmentTools/Macros
		SccLocalPath20 = DevelopmentTools\\Macros
		SccLocalPath21 = .
	EndGlobalSection
	GlobalSection(TeamFoundationVersionControl) = preSolution
		SccNumberOfProjects = 22
		SccEnterpriseProvider = {4CA58AB2-18FA-4F8D-95D4-32DDF27D184C}
		SccTeamFoundationServer = https://tfs01.codeplex.com/
		SccLocalPath0 = .
		SccProjectUniqueName1 = Tools\\Tools.vbproj
		SccProjectName1 = Tools
		SccLocalPath1 = Tools
		SccProjectUniqueName2 = Tests\\Tests.vbproj
		SccProjectName2 = Tests
		SccLocalPath2 = Tests
		SccProjectUniqueName3 = Tools\u0020Win\\Tools\u0020Win.vbproj
		SccProjectName3 = Tools\u0020Win
		SccLocalPath3 = Tools\u0020Win
		SccProjectUniqueName4 = Tools\u0020Visual\u0020Studio\\Tools\u0020Visual\u0020Studio.vbproj
		SccProjectName4 = Tools\u0020Visual\u0020Studio
		SccLocalPath4 = Tools\u0020Visual\u0020Studio
		SccProjectUniqueName5 = DevelopmentTools\\TransformCodeGenerator\\TransformCodeGenerator.csproj
		SccProjectTopLevelParentUniqueName5 = Tools.sln
		SccProjectName5 = DevelopmentTools/TransformCodeGenerator
		SccLocalPath5 = DevelopmentTools\\TransformCodeGenerator
		SccProjectUniqueName6 = Tools\u0020VisualStudio\u0020CS\\Tools\u0020VisualStudio\u0020CS.csproj
		SccProjectName6 = Tools\u0020VisualStudio\u0020CS
		SccLocalPath6 = Tools\u0020VisualStudio\u0020CS
		SccProjectUniqueName7 = Tools\u0020IL\\Tools\u0020IL.vcproj
		SccProjectName7 = Tools\u0020IL
		SccLocalPath7 = Tools\u0020IL
		SccProjectUniqueName8 = DevelopmentTools\\CommentsMerge\\CommentsMerge.vbproj
		SccProjectTopLevelParentUniqueName8 = Tools.sln
		SccProjectName8 = DevelopmentTools/CommentsMerge
		SccLocalPath8 = DevelopmentTools\\CommentsMerge
		SccProjectUniqueName9 = Projects\\Metanol2\\Metanol2.vbproj
		SccProjectTopLevelParentUniqueName9 = Tools.sln
		SccProjectName9 = Projects/Metanol2
		SccLocalPath9 = Projects\\Metanol2
		SccProjectUniqueName10 = DevelopmentTools\\ResXFileCodeGeneratorEx\\ResXFileCodeGeneratorEx.csproj
		SccProjectTopLevelParentUniqueName10 = Tools.sln
		SccProjectName10 = DevelopmentTools/ResXFileCodeGeneratorEx
		SccLocalPath10 = DevelopmentTools\\ResXFileCodeGeneratorEx
		SccProjectUniqueName11 = DevelopmentTools\\Macros\\Tools.VisualStudio.Macros.vbproj
		SccProjectTopLevelParentUniqueName11 = Tools.sln
		SccProjectName11 = DevelopmentTools/Macros
		SccLocalPath11 = DevelopmentTools\\Macros
		SccProjectUniqueName12 = Tools\\Tools.vbproj
		SccProjectName12 = Tools
		SccLocalPath12 = Tools
		SccProjectUniqueName13 = Tests\\Tests.vbproj
		SccProjectName13 = Tests
		SccLocalPath13 = Tests
		SccProjectUniqueName14 = Tools\u0020Win\\Tools\u0020Win.vbproj
		SccProjectName14 = Tools\u0020Win
		SccLocalPath14 = Tools\u0020Win
		SccProjectUniqueName15 = Tools\u0020Visual\u0020Studio\\Tools\u0020Visual\u0020Studio.vbproj
		SccProjectName15 = Tools\u0020Visual\u0020Studio
		SccLocalPath15 = Tools\u0020Visual\u0020Studio
		SccProjectUniqueName16 = DevelopmentTools\\TransformCodeGenerator\\TransformCodeGenerator.csproj
		SccProjectTopLevelParentUniqueName16 = Tools.sln
		SccProjectName16 = DevelopmentTools/TransformCodeGenerator
		SccLocalPath16 = DevelopmentTools\\TransformCodeGenerator
		SccProjectUniqueName17 = Tools\u0020VisualStudio\u0020CS\\Tools\u0020VisualStudio\u0020CS.csproj
		SccProjectName17 = Tools\u0020VisualStudio\u0020CS
		SccLocalPath17 = Tools\u0020VisualStudio\u0020CS
		SccProjectUniqueName18 = DevelopmentTools\\CommentsMerge\\CommentsMerge.vbproj
		SccProjectTopLevelParentUniqueName18 = Tools.sln
		SccProjectName18 = DevelopmentTools/CommentsMerge
		SccLocalPath18 = DevelopmentTools\\CommentsMerge
		SccProjectUniqueName19 = Projects\\Metanol2\\Metanol2.vbproj
		SccProjectTopLevelParentUniqueName19 = Tools.sln
		SccProjectName19 = Projects/Metanol2
		SccLocalPath19 = Projects\\Metanol2
		SccProjectUniqueName20 = DevelopmentTools\\Macros\\Tools.VisualStudio.Macros.vbproj
		SccProjectTopLevelParentUniqueName20 = Tools.sln
		SccProjectName20 = DevelopmentTools/Macros
		SccLocalPath20 = DevelopmentTools\\Macros
		SccLocalPath21 = .
	EndGlobalSection
	GlobalSection(TeamFoundationVersionControl) = preSolution
		SccNumberOfProjects = 22
		SccEnterpriseProvider = {4CA58AB2-18FA-4F8D-95D4-32DDF27D184C}
		SccTeamFoundationServer = https://tfs01.codeplex.com/
		SccLocalPath0 = .
		SccProjectUniqueName1 = Tools\\Tools.vbproj
		SccProjectName1 = Tools
		SccLocalPath1 = Tools
		SccProjectUniqueName2 = Tests\\Tests.vbproj
		SccProjectName2 = Tests
		SccLocalPath2 = Tests
		SccProjectUniqueName3 = Tools\u0020Win\\Tools\u0020Win.vbproj
		SccProjectName3 = Tools\u0020Win
		SccLocalPath3 = Tools\u0020Win
		SccProjectUniqueName4 = Tools\u0020Visual\u0020Studio\\Tools\u0020Visual\u0020Studio.vbproj
		SccProjectName4 = Tools\u0020Visual\u0020Studio
		SccLocalPath4 = Tools\u0020Visual\u0020Studio
		SccProjectUniqueName5 = DevelopmentTools\\TransformCodeGenerator\\TransformCodeGenerator.csproj
		SccProjectTopLevelParentUniqueName5 = Tools.sln
		SccProjectName5 = DevelopmentTools/TransformCodeGenerator
		SccLocalPath5 = DevelopmentTools\\TransformCodeGenerator
		SccProjectUniqueName6 = Tools\u0020VisualStudio\u0020CS\\Tools\u0020VisualStudio\u0020CS.csproj
		SccProjectName6 = Tools\u0020VisualStudio\u0020CS
		SccLocalPath6 = Tools\u0020VisualStudio\u0020CS
		SccProjectUniqueName7 = Tools\u0020IL\\Tools\u0020IL.vcproj
		SccProjectName7 = Tools\u0020IL
		SccLocalPath7 = Tools\u0020IL
		SccProjectUniqueName8 = DevelopmentTools\\CommentsMerge\\CommentsMerge.vbproj
		SccProjectTopLevelParentUniqueName8 = Tools.sln
		SccProjectName8 = DevelopmentTools/CommentsMerge
		SccLocalPath8 = DevelopmentTools\\CommentsMerge
		SccProjectUniqueName9 = Projects\\Metanol2\\Metanol2.vbproj
		SccProjectTopLevelParentUniqueName9 = Tools.sln
		SccProjectName9 = Projects/Metanol2
		SccLocalPath9 = Projects\\Metanol2
		SccProjectUniqueName10 = DevelopmentTools\\ResXFileCodeGeneratorEx\\ResXFileCodeGeneratorEx.csproj
		SccProjectTopLevelParentUniqueName10 = Tools.sln
		SccProjectName10 = DevelopmentTools/ResXFileCodeGeneratorEx
		SccLocalPath10 = DevelopmentTools\\ResXFileCodeGeneratorEx
		SccProjectUniqueName11 = DevelopmentTools\\Macros\\Tools.VisualStudio.Macros.vbproj
		SccProjectTopLevelParentUniqueName11 = Tools.sln
		SccProjectName11 = DevelopmentTools/Macros
		SccLocalPath11 = DevelopmentTools\\Macros
		SccProjectUniqueName12 = Tools\\Tools.vbproj
		SccProjectName12 = Tools
		SccLocalPath12 = Tools
		SccProjectUniqueName13 = Tests\\Tests.vbproj
		SccProjectName13 = Tests
		SccLocalPath13 = Tests
		SccProjectUniqueName14 = Tools\u0020Win\\Tools\u0020Win.vbproj
		SccProjectName14 = Tools\u0020Win
		SccLocalPath14 = Tools\u0020Win
		SccProjectUniqueName15 = Tools\u0020Visual\u0020Studio\\Tools\u0020Visual\u0020Studio.vbproj
		SccProjectName15 = Tools\u0020Visual\u0020Studio
		SccLocalPath15 = Tools\u0020Visual\u0020Studio
		SccProjectUniqueName16 = DevelopmentTools\\TransformCodeGenerator\\TransformCodeGenerator.csproj
		SccProjectTopLevelParentUniqueName16 = Tools.sln
		SccProjectName16 = DevelopmentTools/TransformCodeGenerator
		SccLocalPath16 = DevelopmentTools\\TransformCodeGenerator
		SccProjectUniqueName17 = Tools\u0020VisualStudio\u0020CS\\Tools\u0020VisualStudio\u0020CS.csproj
		SccProjectName17 = Tools\u0020VisualStudio\u0020CS
		SccLocalPath17 = Tools\u0020VisualStudio\u0020CS
		SccProjectUniqueName18 = DevelopmentTools\\CommentsMerge\\CommentsMerge.vbproj
		SccProjectTopLevelParentUniqueName18 = Tools.sln
		SccProjectName18 = DevelopmentTools/CommentsMerge
		SccLocalPath18 = DevelopmentTools\\CommentsMerge
		SccProjectUniqueName19 = Projects\\Metanol2\\Metanol2.vbproj
		SccProjectTopLevelParentUniqueName19 = Tools.sln
		SccProjectName19 = Projects/Metanol2
		SccLocalPath19 = Projects\\Metanol2
		SccProjectUniqueName20 = DevelopmentTools\\Macros\\Tools.VisualStudio.Macros.vbproj
		SccProjectTopLevelParentUniqueName20 = Tools.sln
		SccProjectName20 = DevelopmentTools/Macros
		SccLocalPath20 = DevelopmentTools\\Macros
		SccLocalPath21 = .
	EndGlobalSection
	GlobalSection(TeamFoundationVersionControl) = preSolution
		SccNumberOfProjects = 22
		SccEnterpriseProvider = {4CA58AB2-18FA-4F8D-95D4-32DDF27D184C}
		SccTeamFoundationServer = https://tfs01.codeplex.com/
		SccLocalPath0 = .
		SccProjectUniqueName1 = Tools\\Tools.vbproj
		SccProjectName1 = Tools
		SccLocalPath1 = Tools
		SccProjectUniqueName2 = Tests\\Tests.vbproj
		SccProjectName2 = Tests
		SccLocalPath2 = Tests
		SccProjectUniqueName3 = Tools\u0020Win\\Tools\u0020Win.vbproj
		SccProjectName3 = Tools\u0020Win
		SccLocalPath3 = Tools\u0020Win
		SccProjectUniqueName4 = Tools\u0020Visual\u0020Studio\\Tools\u0020Visual\u0020Studio.vbproj
		SccProjectName4 = Tools\u0020Visual\u0020Studio
		SccLocalPath4 = Tools\u0020Visual\u0020Studio
		SccProjectUniqueName5 = DevelopmentTools\\TransformCodeGenerator\\TransformCodeGenerator.csproj
		SccProjectTopLevelParentUniqueName5 = Tools.sln
		SccProjectName5 = DevelopmentTools/TransformCodeGenerator
		SccLocalPath5 = DevelopmentTools\\TransformCodeGenerator
		SccProjectUniqueName6 = Tools\u0020VisualStudio\u0020CS\\Tools\u0020VisualStudio\u0020CS.csproj
		SccProjectName6 = Tools\u0020VisualStudio\u0020CS
		SccLocalPath6 = Tools\u0020VisualStudio\u0020CS
		SccProjectUniqueName7 = Tools\u0020IL\\Tools\u0020IL.vcproj
		SccProjectName7 = Tools\u0020IL
		SccLocalPath7 = Tools\u0020IL
		SccProjectUniqueName8 = DevelopmentTools\\CommentsMerge\\CommentsMerge.vbproj
		SccProjectTopLevelParentUniqueName8 = Tools.sln
		SccProjectName8 = DevelopmentTools/CommentsMerge
		SccLocalPath8 = DevelopmentTools\\CommentsMerge
		SccProjectUniqueName9 = Projects\\Metanol2\\Metanol2.vbproj
		SccProjectTopLevelParentUniqueName9 = Tools.sln
		SccProjectName9 = Projects/Metanol2
		SccLocalPath9 = Projects\\Metanol2
		SccProjectUniqueName10 = DevelopmentTools\\ResXFileCodeGeneratorEx\\ResXFileCodeGeneratorEx.csproj
		SccProjectTopLevelParentUniqueName10 = Tools.sln
		SccProjectName10 = DevelopmentTools/ResXFileCodeGeneratorEx
		SccLocalPath10 = DevelopmentTools\\ResXFileCodeGeneratorEx
		SccProjectUniqueName11 = DevelopmentTools\\Macros\\Tools.VisualStudio.Macros.vbproj
		SccProjectTopLevelParentUniqueName11 = Tools.sln
		SccProjectName11 = DevelopmentTools/Macros
		SccLocalPath11 = DevelopmentTools\\Macros
		SccProjectUniqueName12 = Tools\\Tools.vbproj
		SccProjectName12 = Tools
		SccLocalPath12 = Tools
		SccProjectUniqueName13 = Tests\\Tests.vbproj
		SccProjectName13 = Tests
		SccLocalPath13 = Tests
		SccProjectUniqueName14 = Tools\u0020Win\\Tools\u0020Win.vbproj
		SccProjectName14 = Tools\u0020Win
		SccLocalPath14 = Tools\u0020Win
		SccProjectUniqueName15 = Tools\u0020Visual\u0020Studio\\Tools\u0020Visual\u0020Studio.vbproj
		SccProjectName15 = Tools\u0020Visual\u0020Studio
		SccLocalPath15 = Tools\u0020Visual\u0020Studio
		SccProjectUniqueName16 = DevelopmentTools\\TransformCodeGenerator\\TransformCodeGenerator.csproj
		SccProjectTopLevelParentUniqueName16 = Tools.sln
		SccProjectName16 = DevelopmentTools/TransformCodeGenerator
		SccLocalPath16 = DevelopmentTools\\TransformCodeGenerator
		SccProjectUniqueName17 = Tools\u0020VisualStudio\u0020CS\\Tools\u0020VisualStudio\u0020CS.csproj
		SccProjectName17 = Tools\u0020VisualStudio\u0020CS
		SccLocalPath17 = Tools\u0020VisualStudio\u0020CS
		SccProjectUniqueName18 = DevelopmentTools\\CommentsMerge\\CommentsMerge.vbproj
		SccProjectTopLevelParentUniqueName18 = Tools.sln
		SccProjectName18 = DevelopmentTools/CommentsMerge
		SccLocalPath18 = DevelopmentTools\\CommentsMerge
		SccProjectUniqueName19 = Projects\\Metanol2\\Metanol2.vbproj
		SccProjectTopLevelParentUniqueName19 = Tools.sln
		SccProjectName19 = Projects/Metanol2
		SccLocalPath19 = Projects\\Metanol2
		SccProjectUniqueName20 = DevelopmentTools\\Macros\\Tools.VisualStudio.Macros.vbproj
		SccProjectTopLevelParentUniqueName20 = Tools.sln
		SccProjectName20 = DevelopmentTools/Macros
		SccLocalPath20 = DevelopmentTools\\Macros
		SccLocalPath21 = .
	EndGlobalSection
EndGlobal
