
Microsoft Visual Studio Solution File, Format Version 12.00
# Visual Studio 14
VisualStudioVersion = 14.0.23107.0
MinimumVisualStudioVersion = 10.0.40219.1
Project("{2150E333-8FDC-42A3-9474-1A3956D46DE8}") = "Solution Items", "Solution Items", "{847298BA-D4D1-4EBD-AF69-0193A77DC90C}"
	ProjectSection(SolutionItems) = preProject
		Latest.bat = Latest.bat
		LocalTestRun.testrunconfig = LocalTestRun.testrunconfig
		Created doc\Namespaces.xml = Created doc\Namespaces.xml
		Performance1.psess = Performance1.psess
		Performance2.psess = Performance2.psess
		Tools.vsmdi = Tools.vsmdi
	EndProjectSection
EndProject
Project("{2150E333-8FDC-42A3-9474-1A3956D46DE8}") = "DevelopmentTools", "DevelopmentTools", "{FEA4635F-E0AE-4562-A292-1B6ABCF4444F}"
	ProjectSection(SolutionItems) = preProject
		DevelopmentTools\msxsl.exe = DevelopmentTools\msxsl.exe
		DevelopmentTools\read.me.txt = DevelopmentTools\read.me.txt
		Projects\Metanol2\My Project\Settings.Designer.vb = Projects\Metanol2\My Project\Settings.Designer.vb
		Projects\Metanol2\My Project\Settings.settings = Projects\Metanol2\My Project\Settings.settings
	EndProjectSection
EndProject
Project("{2150E333-8FDC-42A3-9474-1A3956D46DE8}") = "Used doc", "Used doc", "{677A518E-909C-414F-AC5E-528AB32023AF}"
	ProjectSection(SolutionItems) = preProject
		Used doc\EXIF.pdf = Used doc\EXIF.pdf
		Used doc\FlashPix.pdf = Used doc\FlashPix.pdf
		Used doc\IPTC IIM Record No 3.pdf = Used doc\IPTC IIM Record No 3.pdf
		Used doc\IPTC IIM.pdf = Used doc\IPTC IIM.pdf
	EndProjectSection
EndProject
Project("{2150E333-8FDC-42A3-9474-1A3956D46DE8}") = "Created doc", "Created doc", "{56EC5ABD-C261-4B90-9BD3-5956D6E82CCD}"
	ProjectSection(SolutionItems) = preProject
		Created doc\Assemblies.xml = Created doc\Assemblies.xml
		Created doc\BuildMatrix.htm = Created doc\BuildMatrix.htm
		Created doc\ISO 2022.xlsx = Created doc\ISO 2022.xlsx
		Created doc\JPEG, EXIF, IPTC.doc = Created doc\JPEG, EXIF, IPTC.doc
		Created doc\Namespaces.xml = Created doc\Namespaces.xml
		Created doc\VersionHistory.xml = Created doc\VersionHistory.xml
	EndProjectSection
EndProject
Project("{2150E333-8FDC-42A3-9474-1A3956D46DE8}") = "Projects", "Projects", "{507B60F2-1D3A-4DC4-9ACB-7A565BA0EF8A}"
	ProjectSection(SolutionItems) = preProject
		Projects\MetanolCommonAssemblyInfo.vb = Projects\MetanolCommonAssemblyInfo.vb
	EndProjectSection
EndProject
Project("{2150E333-8FDC-42A3-9474-1A3956D46DE8}") = "Articles", "Articles", "{982F36B7-A3E5-4782-96B0-9979A95610F1}"
EndProject
Project("{2150E333-8FDC-42A3-9474-1A3956D46DE8}") = "cz", "cz", "{97FEC59D-58AC-41BA-84B4-2FF3187CB0DE}"
	ProjectSection(SolutionItems) = preProject
		Articles\cz\Macros XMLDoc 9.htm = Articles\cz\Macros XMLDoc 9.htm
		Articles\cz\XPathObjectNavigator.htm = Articles\cz\XPathObjectNavigator.htm
	EndProjectSection
EndProject
Project("{2150E333-8FDC-42A3-9474-1A3956D46DE8}") = "SharedFiles", "SharedFiles", "{B1BD67A4-BEC2-442D-8F70-DAEB27735602}"
	ProjectSection(SolutionItems) = preProject
		SharedFiles\AssemblyStage.cs = SharedFiles\AssemblyStage.cs
		SharedFiles\AssemblyStage.vb = SharedFiles\AssemblyStage.vb
		SharedFiles\FixXmlComments.xslt = SharedFiles\FixXmlComments.xslt
		SharedFiles\GlobalAssemblyInfo.vb = SharedFiles\GlobalAssemblyInfo.vb
		SharedFiles\Tools.snk = SharedFiles\Tools.snk
		SharedFiles\Version.cpp = SharedFiles\Version.cpp
		SharedFiles\Version.cs = SharedFiles\Version.cs
		SharedFiles\Version.il = SharedFiles\Version.il
		SharedFiles\Version.txt = SharedFiles\Version.txt
		SharedFiles\Version.vb = SharedFiles\Version.vb
		SharedFiles\VersionHistory.xsd = SharedFiles\VersionHistory.xsd
	EndProjectSection
EndProject
Project("{2150E333-8FDC-42A3-9474-1A3956D46DE8}") = "Intellisense", "Intellisense", "{231E88A0-FFBB-4F4B-803E-2B24D4A37CEC}"
	ProjectSection(SolutionItems) = preProject
		DevelopmentTools\Intellisense\intellisense.xsd = DevelopmentTools\Intellisense\intellisense.xsd
		DevelopmentTools\Intellisense\intellisense.xsd.generator.vbs = DevelopmentTools\Intellisense\intellisense.xsd.generator.vbs
		DevelopmentTools\Intellisense\VBXMLDoc.Xml = DevelopmentTools\Intellisense\VBXMLDoc.Xml
	EndProjectSection
EndProject
Project("{2150E333-8FDC-42A3-9474-1A3956D46DE8}") = "DLLs", "DLLs", "{8129B61A-3FCE-4012-8013-377A87D4132B}"
	ProjectSection(SolutionItems) = preProject
		DLLs\FL_VJSharpCodeProvider_DLL_____I64..dll = DLLs\FL_VJSharpCodeProvider_DLL_____I64..dll
		DLLs\VJSharpCodeProvider.DLL = DLLs\VJSharpCodeProvider.DLL
		DLLs\VJSharpCodeProvider64.DLL = DLLs\VJSharpCodeProvider64.DLL
	EndProjectSection
EndProject
Project("{2150E333-8FDC-42A3-9474-1A3956D46DE8}") = "Tools.TotalCommander", "Tools.TotalCommander", "{708C9420-4676-4314-B690-7A887F8CC992}"
EndProject
Project("{2150E333-8FDC-42A3-9474-1A3956D46DE8}") = "en", "en", "{F797B3BC-7A54-4E75-9BCB-2E52A82C9E93}"
	ProjectSection(SolutionItems) = preProject
		Articles\en\completionlist.htm = Articles\en\completionlist.htm
		Articles\en\TCPlugin in VB.htm = Articles\en\TCPlugin in VB.htm
		Articles\en\VBXMLDoc.Xml.html = Articles\en\VBXMLDoc.Xml.html
	EndProjectSection
EndProject
Project("{2150E333-8FDC-42A3-9474-1A3956D46DE8}") = "ildoc", "ildoc", "{10C22CD7-1CB7-4E4D-8422-F9C589A3F743}"
	ProjectSection(SolutionItems) = preProject
		Articles\en\ildoc\ildoc.xml = Articles\en\ildoc\ildoc.xml
		Articles\en\ildoc\ildoc.xml.css = Articles\en\ildoc\ildoc.xml.css
		Articles\en\ildoc\ildoc.xsd = Articles\en\ildoc\ildoc.xsd
	EndProjectSection
EndProject
Project("{2150E333-8FDC-42A3-9474-1A3956D46DE8}") = "CLI", "CLI", "{3469B02D-8F18-4333-94F7-0DD3D240C7A1}"
	ProjectSection(SolutionItems) = preProject
		Used doc\CLI\Ecma-335.pdf = Used doc\CLI\Ecma-335.pdf
		Used doc\CLI\MS Partition I.pdf = Used doc\CLI\MS Partition I.pdf
		Used doc\CLI\MS Partition II.pdf = Used doc\CLI\MS Partition II.pdf
		Used doc\CLI\MS Partition III.pdf = Used doc\CLI\MS Partition III.pdf
		Used doc\CLI\Partition I Architecture.doc = Used doc\CLI\Partition I Architecture.doc
		Used doc\CLI\Partition II Metadata.doc = Used doc\CLI\Partition II Metadata.doc
		Used doc\CLI\Partition III CIL.doc = Used doc\CLI\Partition III CIL.doc
		Used doc\CLI\Partition IV Library.doc = Used doc\CLI\Partition IV Library.doc
		Used doc\CLI\Partition V Binary Formats.doc = Used doc\CLI\Partition V Binary Formats.doc
		Used doc\CLI\Partition VI - Annexes.doc = Used doc\CLI\Partition VI - Annexes.doc
	EndProjectSection
EndProject
Project("{2150E333-8FDC-42A3-9474-1A3956D46DE8}") = "Snippets", "Snippets", "{A55DC44A-FAA2-4691-8C8F-5DB19B870FA5}"
EndProject
Project("{2150E333-8FDC-42A3-9474-1A3956D46DE8}") = "Visual Basic", "Visual Basic", "{752D1A5C-9013-4D5B-A7A8-2DA12197A275}"
	ProjectSection(SolutionItems) = preProject
		DevelopmentTools\Snippets\Visual Basic\Tools\CustomEvent.snippet = DevelopmentTools\Snippets\Visual Basic\Tools\CustomEvent.snippet
	EndProjectSection
EndProject
Project("{2150E333-8FDC-42A3-9474-1A3956D46DE8}") = "WPF", "WPF", "{D99EA3E2-E522-4C20-867D-065A478FD56A}"
	ProjectSection(SolutionItems) = preProject
		DevelopmentTools\Snippets\Visual Basic\Tools\WPF\DependencyProperty OnChanged Coerce.snippet = DevelopmentTools\Snippets\Visual Basic\Tools\WPF\DependencyProperty OnChanged Coerce.snippet
		DevelopmentTools\Snippets\Visual Basic\Tools\WPF\DependencyProperty OnChanged.snippet = DevelopmentTools\Snippets\Visual Basic\Tools\WPF\DependencyProperty OnChanged.snippet
		DevelopmentTools\Snippets\Visual Basic\Tools\WPF\DependencyProperty.snippet = DevelopmentTools\Snippets\Visual Basic\Tools\WPF\DependencyProperty.snippet
	EndProjectSection
EndProject
Project("{2150E333-8FDC-42A3-9474-1A3956D46DE8}") = "Help", "Help", "{9611D0E6-CEA6-4CD6-8C1C-FE9932372416}"
EndProject
Project("{2150E333-8FDC-42A3-9474-1A3956D46DE8}") = "Sandcastle customization", "Sandcastle customization", "{69CAA1BD-A7B6-419E-BA1E-05347BB80698}"
	ProjectSection(SolutionItems) = preProject
		Help\Sandcastle customization\Tools.AuthorAndVersion.xslt = Help\Sandcastle customization\Tools.AuthorAndVersion.xslt
	EndProjectSection
EndProject
Project("{2150E333-8FDC-42A3-9474-1A3956D46DE8}") = "VersionHistory", "VersionHistory", "{3CF08082-4063-4345-84BC-92248A5C2F29}"
	ProjectSection(SolutionItems) = preProject
		Help\VersionHistory\1.5.2.aml = Help\VersionHistory\1.5.2.aml
		Help\VersionHistory\1.5.3.aml = Help\VersionHistory\1.5.3.aml
		Help\VersionHistory\1.5.4.aml = Help\VersionHistory\1.5.4.aml
		Help\VersionHistory\AllComments.xml = Help\VersionHistory\AllComments.xml
		Help\VersionHistory\AllVersionHistory.bat = Help\VersionHistory\AllVersionHistory.bat
		Help\VersionHistory\brief.aml = Help\VersionHistory\brief.aml
		Help\VersionHistory\VersionHistory-all.xslt = Help\VersionHistory\VersionHistory-all.xslt
		Help\VersionHistory\VersionHistory.wiki.xslt = Help\VersionHistory\VersionHistory.wiki.xslt
		Help\VersionHistory\VersionHistory.xslt = Help\VersionHistory\VersionHistory.xslt
	EndProjectSection
EndProject
Project("{2150E333-8FDC-42A3-9474-1A3956D46DE8}") = "XML", "XML", "{6683BA1C-8DD6-4A33-9139-7BDF9566524A}"
EndProject
Project("{2150E333-8FDC-42A3-9474-1A3956D46DE8}") = "CSharp", "CSharp", "{276528FB-1D01-4BB7-96AB-C29CA1C25EC8}"
EndProject
Project("{2150E333-8FDC-42A3-9474-1A3956D46DE8}") = "JavaScript", "JavaScript", "{416ABC6F-4C14-4468-B51B-E2D2929DF808}"
EndProject
Project("{2150E333-8FDC-42A3-9474-1A3956D46DE8}") = "ASP.NET", "ASP.NET", "{A7B3C91E-E7FF-4E53-957A-1F7BEFA8585B}"
	ProjectSection(SolutionItems) = preProject
		DevelopmentTools\Snippets\C#\Tools\ASP.NET\ViewStateProperty.snippet = DevelopmentTools\Snippets\C#\Tools\ASP.NET\ViewStateProperty.snippet
	EndProjectSection
EndProject
Project("{2150E333-8FDC-42A3-9474-1A3956D46DE8}") = "ASP.NET AJAX", "ASP.NET AJAX", "{A9BDC9A0-7D55-4615-B290-C661E13DF997}"
	ProjectSection(SolutionItems) = preProject
		DevelopmentTools\Snippets\JavaScript\Tools\ASP.NET AJAX\Control.snippet = DevelopmentTools\Snippets\JavaScript\Tools\ASP.NET AJAX\Control.snippet
		DevelopmentTools\Snippets\JavaScript\Tools\ASP.NET AJAX\Event.snippet = DevelopmentTools\Snippets\JavaScript\Tools\ASP.NET AJAX\Event.snippet
		DevelopmentTools\Snippets\JavaScript\Tools\ASP.NET AJAX\Property.snippet = DevelopmentTools\Snippets\JavaScript\Tools\ASP.NET AJAX\Property.snippet
	EndProjectSection
EndProject
Project("{2150E333-8FDC-42A3-9474-1A3956D46DE8}") = "Special", "Special", "{64F2641B-ECF2-4ACF-83FB-69BF28C54ECE}"
	ProjectSection(SolutionItems) = preProject
		DevelopmentTools\Snippets\Visual Basic\Tools\Special\WindowMessage.snippet = DevelopmentTools\Snippets\Visual Basic\Tools\Special\WindowMessage.snippet
	EndProjectSection
EndProject
Project("{2150E333-8FDC-42A3-9474-1A3956D46DE8}") = "Visual Studio", "Visual Studio", "{3662CABF-2023-4A0B-96AC-8AFA0818A704}"
	ProjectSection(SolutionItems) = preProject
		DevelopmentTools\Snippets\XML\Tools\Visual Studio\snippet.snippet = DevelopmentTools\Snippets\XML\Tools\Visual Studio\snippet.snippet
	EndProjectSection
EndProject
Project("{2150E333-8FDC-42A3-9474-1A3956D46DE8}") = "XML-Schema", "XML-Schema", "{339C78F1-563A-472D-A5CC-3A03358EE202}"
	ProjectSection(SolutionItems) = preProject
		DevelopmentTools\Snippets\XML\Tools\XML-Schema\ddue annotation appinfo.snippet = DevelopmentTools\Snippets\XML\Tools\XML-Schema\ddue annotation appinfo.snippet
	EndProjectSection
EndProject
Project("{2150E333-8FDC-42A3-9474-1A3956D46DE8}") = "Conceptual", "Conceptual", "{EBF0E95D-737E-4092-95DE-6EF91FA05FF3}"
	ProjectSection(SolutionItems) = preProject
		Help\Conceptual\AssemblyPostprocessor.aml = Help\Conceptual\AssemblyPostprocessor.aml
		Help\Conceptual\CommentsMerge.aml = Help\Conceptual\CommentsMerge.aml
		Help\Conceptual\conceptual.css = Help\Conceptual\conceptual.css
		Help\Conceptual\DevelopmentTools.aml = Help\Conceptual\DevelopmentTools.aml
		Help\Conceptual\License.aml = Help\Conceptual\License.aml
		Help\Conceptual\PseudoZip.aml = Help\Conceptual\PseudoZip.aml
		Help\Conceptual\ResXFileCodeGeneratorEx.aml = Help\Conceptual\ResXFileCodeGeneratorEx.aml
		Help\Conceptual\ResXFileGenerator.aml = Help\Conceptual\ResXFileGenerator.aml
		Help\Conceptual\SplashScreenGenerator.aml = Help\Conceptual\SplashScreenGenerator.aml
		Help\Conceptual\Total Commander Plugin Builder.aml = Help\Conceptual\Total Commander Plugin Builder.aml
		Help\Conceptual\Total Commander Plugin Builder.png = Help\Conceptual\Total Commander Plugin Builder.png
		Help\Conceptual\Total Commander Plugin Builder.vsd = Help\Conceptual\Total Commander Plugin Builder.vsd
		Help\Conceptual\TransformCodeGenerator.aml = Help\Conceptual\TransformCodeGenerator.aml
		Help\Conceptual\VersionCorrector.aml = Help\Conceptual\VersionCorrector.aml
		Help\Conceptual\VersionUpdater.aml = Help\Conceptual\VersionUpdater.aml
		Help\Conceptual\XsdGenerator.aml = Help\Conceptual\XsdGenerator.aml
	EndProjectSection
EndProject
Project("{2150E333-8FDC-42A3-9474-1A3956D46DE8}") = "Visual Studio", "Visual Studio", "{3A9F0F6C-1E67-460C-9A55-D4F4B60E9460}"
EndProject
Project("{F184B08F-C81C-45F6-A57F-5ABD9991F28F}") = "Tests", "Tests\Tests.vbproj", "{79B67251-D837-4367-B571-AB806C2C7C74}"
	ProjectSection(ProjectDependencies) = postProject
		{EC883124-C0D6-4349-B3D7-22A688CE6BA2} = {EC883124-C0D6-4349-B3D7-22A688CE6BA2}
	EndProjectSection
EndProject
Project("{F184B08F-C81C-45F6-A57F-5ABD9991F28F}") = "Tools.Win", "Tools Win\Tools.Win.vbproj", "{9E0E6221-AD3B-47C8-B528-C9941BBFD663}"
EndProject
Project("{F184B08F-C81C-45F6-A57F-5ABD9991F28F}") = "Tools.VisualStudio", "Tools Visual Studio\Tools.VisualStudio.vbproj", "{DCD6658E-6008-4668-BBDF-CCB0F0267759}"
EndProject
Project("{F184B08F-C81C-45F6-A57F-5ABD9991F28F}") = "Metanol Screen Saver", "Projects\Metanol Screen Saver\Metanol Screen Saver.vbproj", "{88FEE481-A97F-4DD6-B206-5B33F777AD4D}"
EndProject
Project("{FAE04EC0-301F-11D3-BF4B-00C04F79EFBC}") = "TransformCodeGenerator", "DevelopmentTools\TransformCodeGenerator\TransformCodeGenerator.csproj", "{43599321-D767-4BF7-A725-34850D057B4E}"
EndProject
Project("{FAE04EC0-301F-11D3-BF4B-00C04F79EFBC}") = "Tools.VisualStudio.CS", "Tools VisualStudio CS\Tools.VisualStudio.CS.csproj", "{6904C0F4-0535-48EB-AFC1-CE1396418D00}"
EndProject
Project("{F184B08F-C81C-45F6-A57F-5ABD9991F28F}") = "Experimental", "Experimental\Experimental.vbproj", "{088CB10C-E5D3-4537-979F-F5BED401DB25}"
EndProject
Project("{F184B08F-C81C-45F6-A57F-5ABD9991F28F}") = "CommentsMerge", "DevelopmentTools\CommentsMerge\CommentsMerge.vbproj", "{268E716E-5BF5-4CF3-86D8-904A6BBAB6AC}"
EndProject
Project("{F184B08F-C81C-45F6-A57F-5ABD9991F28F}") = "Metanol2", "Projects\Metanol2\Metanol2.vbproj", "{DC459772-7889-47B1-9471-7F9ABA3C3FC4}"
EndProject
Project("{FAE04EC0-301F-11D3-BF4B-00C04F79EFBC}") = "ResXFileCodeGeneratorEx", "DevelopmentTools\ResXFileCodeGeneratorEx\ResXFileCodeGeneratorEx.csproj", "{A8636D77-B876-4E6A-863D-8C924E40955C}"
EndProject
Project("{F184B08F-C81C-45F6-A57F-5ABD9991F28F}") = "Tools.VisualStudio.Macros", "DevelopmentTools\Macros\Tools.VisualStudio.Macros.vbproj", "{23D753CD-127D-4DEB-8A4B-AB0E4F11E90C}"
EndProject
Project("{F184B08F-C81C-45F6-A57F-5ABD9991F28F}") = "Tools.Windows", "Tools.Windows\Tools.Windows.vbproj", "{452A48B6-DBD2-43C0-9D4B-3834E2EA135A}"
	ProjectSection(ProjectDependencies) = postProject
		{EC883124-C0D6-4349-B3D7-22A688CE6BA2} = {EC883124-C0D6-4349-B3D7-22A688CE6BA2}
	EndProjectSection
EndProject
Project("{F184B08F-C81C-45F6-A57F-5ABD9991F28F}") = "Tools.Metadata", "Tools.Metadata\Tools.Metadata.vbproj", "{F2E3DDFB-EEDB-4F85-8AE8-CBE6B18A5ED0}"
EndProject
Project("{F184B08F-C81C-45F6-A57F-5ABD9991F28F}") = "VersionCorrector", "DevelopmentTools\VersionCorrector\VersionCorrector.vbproj", "{EC883124-C0D6-4349-B3D7-22A688CE6BA2}"
EndProject
Project("{F184B08F-C81C-45F6-A57F-5ABD9991F28F}") = "UnitTests", "UnitTests\UnitTests.vbproj", "{4038CE43-6F12-4DC1-AE48-D0444A56BE41}"
EndProject
Project("{8BC9CEB8-8B4A-11D0-8D11-00A0C91BC942}") = "Tools.TotalCommander", "Tools.TotalCommander\Tools.TotalCommander.vcxproj", "{7F278F32-47B4-4F4E-85B2-BAEAA406951B}"
	ProjectSection(ProjectDependencies) = postProject
		{833877EA-2CEA-46EE-B475-14051B77D9F0} = {833877EA-2CEA-46EE-B475-14051B77D9F0}
		{FAE8EBEF-6351-4699-AD8E-88D1DFF3CD92} = {FAE8EBEF-6351-4699-AD8E-88D1DFF3CD92}
	EndProjectSection
EndProject
Project("{F184B08F-C81C-45F6-A57F-5ABD9991F28F}") = "ResXFileGenerator", "DevelopmentTools\ResXFileGenerator\ResXFileGenerator.vbproj", "{833877EA-2CEA-46EE-B475-14051B77D9F0}"
EndProject
Project("{F184B08F-C81C-45F6-A57F-5ABD9991F28F}") = "TotalCommander Plugin Builder", "Tools.TotalCommander\TotalCommander Plugin Builder\TotalCommander Plugin Builder.vbproj", "{D8000EE2-BBD5-4E10-97E2-B1CF562753EF}"
EndProject
Project("{F184B08F-C81C-45F6-A57F-5ABD9991F28F}") = "wfx sample", "Samples\wfx sample\wfx sample.vbproj", "{C3B940DA-5325-43D8-94E1-CF87255DA471}"
	ProjectSection(ProjectDependencies) = postProject
		{D8000EE2-BBD5-4E10-97E2-B1CF562753EF} = {D8000EE2-BBD5-4E10-97E2-B1CF562753EF}
	EndProjectSection
EndProject
Project("{8BC9CEB8-8B4A-11D0-8D11-00A0C91BC942}") = "Tools.TotalCommander.Plugin", "Tools.TotalCommander\Plugin\Tools.TotalCommander.Plugin.vcxproj", "{97FA3B48-FA55-43A0-9B86-82415A1E29F3}"
EndProject
Project("{F184B08F-C81C-45F6-A57F-5ABD9991F28F}") = "PseudoZip", "DevelopmentTools\PseudoZip\PseudoZip.vbproj", "{FE543F37-B717-412E-98A1-4EA3DDE2EF34}"
EndProject
Project("{FAE04EC0-301F-11D3-BF4B-00C04F79EFBC}") = "XsdGenerator", "DevelopmentTools\XsdGenerator\XsdGenerator.csproj", "{E53031CE-1C1E-4CF0-9683-982C6BF5E2FD}"
EndProject
Project("{00D1A9C2-B5F0-4AF3-8072-F6C62B433612}") = "Tools.SqlServer", "Tools.SqlServer\Tools.SqlServer.sqlproj", "{3C35F228-14C6-46EF-B291-848404AE4ABB}"
EndProject
Project("{F184B08F-C81C-45F6-A57F-5ABD9991F28F}") = "Tools", "Tools\Tools.vbproj", "{FCF346AC-D1C3-42DB-9026-9144240FB766}"
EndProject
Project("{F184B08F-C81C-45F6-A57F-5ABD9991F28F}") = "Tools.Data.Schema.Deploy", "Tools.Data.Schema.Deploy\Tools.Data.Schema.Deploy.vbproj", "{4FA454BC-332A-4226-A229-38D87C504F8F}"
EndProject
Project("{8BC9CEB8-8B4A-11D0-8D11-00A0C91BC942}") = "Tools.Hardcore", "Tools.Hardcore\Tools.Hardcore.vcxproj", "{BC69929D-F5B7-4BD1-B742-2773C2CDEAA8}"
EndProject
Project("{F184B08F-C81C-45F6-A57F-5ABD9991F28F}") = "SplashScreenGenerator", "DevelopmentTools\SplashScreenGenerator\SplashScreenGenerator.vbproj", "{5664DF0B-6BE5-42A4-A7AE-0CAEE046918E}"
EndProject
Project("{F184B08F-C81C-45F6-A57F-5ABD9991F28F}") = "ReportingEngineLite", "ReportingEngine Lite\ReportingEngineLite.vbproj", "{855B4F94-9AD7-49A5-A75D-6FC8B1892A58}"
EndProject
Project("{F184B08F-C81C-45F6-A57F-5ABD9991F28F}") = "VersionUpdater", "DevelopmentTools\VersionUpdater\VersionUpdater.vbproj", "{5425D659-18C8-479A-BC2C-75B99FC71254}"
EndProject
Project("{FAE04EC0-301F-11D3-BF4B-00C04F79EFBC}") = "Mono.Cecil", "DLLs\Mono.Cecil\Mono.Cecil.csproj", "{D68133BD-1E63-496E-9EDE-4FBDBF77B486}"
EndProject
Project("{F184B08F-C81C-45F6-A57F-5ABD9991F28F}") = "AssemblyPostprocessor", "DevelopmentTools\AssemblyPostprocessor\AssemblyPostprocessor.vbproj", "{FAE8EBEF-6351-4699-AD8E-88D1DFF3CD92}"
EndProject
Project("{FAE04EC0-301F-11D3-BF4B-00C04F79EFBC}") = "Mono.Cecil.Pdb", "DLLs\Mono.Cecil\symbols\pdb\Mono.Cecil.Pdb.csproj", "{63E6915C-7EA4-4D76-AB28-0D7191EEA626}"
EndProject
Project("{F184B08F-C81C-45F6-A57F-5ABD9991F28F}") = "Tools.Runtime.CompilerServices", "Tools.Runtime.CompilerServices\Tools.Runtime.CompilerServices.vbproj", "{97E0DD39-AA48-4288-82AD-3753C178C70A}"
EndProject
Project("{F184B08F-C81C-45F6-A57F-5ABD9991F28F}") = "MetanolBrowser", "Projects\MetanolBrowser\MetanolBrowser.vbproj", "{092FE8E0-7C8B-4B3B-BB89-2FE2FFACD047}"
EndProject
Project("{F184B08F-C81C-45F6-A57F-5ABD9991F28F}") = "Tools.VisualStudio.Debugger", "Tools.VisualStudio.Debugger\Tools.VisualStudio.Debugger.vbproj", "{991AA564-5CCF-481C-A2FE-E657D7379E67}"
EndProject
Project("{F184B08F-C81C-45F6-A57F-5ABD9991F28F}") = "Tools.TotalCommander.Extensions", "Tools.TotalCommander\Tools.TotalCommander.Extensions\Tools.TotalCommander.Extensions.vbproj", "{370D8C48-8190-4DE0-9DB3-51B07B7C86B9}"
EndProject
Project("{F184B08F-C81C-45F6-A57F-5ABD9991F28F}") = "Tools.Text.Unicode", "Tools.Text.Unicode\Tools.Text.Unicode.vbproj", "{69B7448C-E445-4507-AE2A-469E3C99FC62}"
EndProject
Project("{F184B08F-C81C-45F6-A57F-5ABD9991F28F}") = "UnicodeMap", "Projects\UnicodeMap\UnicodeMap.vbproj", "{9DBD8EE0-0C5E-48F7-B0A8-7A7D52F8A82D}"
EndProject
Project("{F184B08F-C81C-45F6-A57F-5ABD9991F28F}") = "Unisave", "Projects\Unisave\Unisave.vbproj", "{94052F05-3D9B-42A8-BA84-C9DC28F93C73}"
EndProject
Global
	GlobalSection(SolutionConfigurationPlatforms) = preSolution
		Debug|Any CPU = Debug|Any CPU
		Debug|Mixed Platforms = Debug|Mixed Platforms
		Debug|x86 = Debug|x86
		Release|Any CPU = Release|Any CPU
		Release|Mixed Platforms = Release|Mixed Platforms
		Release|x86 = Release|x86
		Description = ĐTools
	EndGlobalSection
	GlobalSection(ProjectConfigurationPlatforms) = postSolution
		{79B67251-D837-4367-B571-AB806C2C7C74}.Debug|Any CPU.ActiveCfg = Debug|Any CPU
		{79B67251-D837-4367-B571-AB806C2C7C74}.Debug|Any CPU.Build.0 = Debug|Any CPU
		{79B67251-D837-4367-B571-AB806C2C7C74}.Debug|Mixed Platforms.ActiveCfg = Debug|x86
		{79B67251-D837-4367-B571-AB806C2C7C74}.Debug|Mixed Platforms.Build.0 = Debug|x86
		{79B67251-D837-4367-B571-AB806C2C7C74}.Debug|x86.ActiveCfg = Debug|x86
		{79B67251-D837-4367-B571-AB806C2C7C74}.Debug|x86.Build.0 = Debug|x86
		{79B67251-D837-4367-B571-AB806C2C7C74}.Release|Any CPU.ActiveCfg = Release|Any CPU
		{79B67251-D837-4367-B571-AB806C2C7C74}.Release|Any CPU.Build.0 = Release|Any CPU
		{79B67251-D837-4367-B571-AB806C2C7C74}.Release|Mixed Platforms.ActiveCfg = Release|x86
		{79B67251-D837-4367-B571-AB806C2C7C74}.Release|Mixed Platforms.Build.0 = Release|x86
		{79B67251-D837-4367-B571-AB806C2C7C74}.Release|x86.ActiveCfg = Release|x86
		{79B67251-D837-4367-B571-AB806C2C7C74}.Release|x86.Build.0 = Release|x86
		{9E0E6221-AD3B-47C8-B528-C9941BBFD663}.Debug|Any CPU.ActiveCfg = Debug|Any CPU
		{9E0E6221-AD3B-47C8-B528-C9941BBFD663}.Debug|Any CPU.Build.0 = Debug|Any CPU
		{9E0E6221-AD3B-47C8-B528-C9941BBFD663}.Debug|Mixed Platforms.ActiveCfg = Debug|Any CPU
		{9E0E6221-AD3B-47C8-B528-C9941BBFD663}.Debug|Mixed Platforms.Build.0 = Debug|Any CPU
		{9E0E6221-AD3B-47C8-B528-C9941BBFD663}.Debug|x86.ActiveCfg = Debug|Any CPU
		{9E0E6221-AD3B-47C8-B528-C9941BBFD663}.Release|Any CPU.ActiveCfg = Release|Any CPU
		{9E0E6221-AD3B-47C8-B528-C9941BBFD663}.Release|Any CPU.Build.0 = Release|Any CPU
		{9E0E6221-AD3B-47C8-B528-C9941BBFD663}.Release|Mixed Platforms.ActiveCfg = Release|Any CPU
		{9E0E6221-AD3B-47C8-B528-C9941BBFD663}.Release|Mixed Platforms.Build.0 = Release|Any CPU
		{9E0E6221-AD3B-47C8-B528-C9941BBFD663}.Release|x86.ActiveCfg = Release|Any CPU
		{DCD6658E-6008-4668-BBDF-CCB0F0267759}.Debug|Any CPU.ActiveCfg = Debug|x86
		{DCD6658E-6008-4668-BBDF-CCB0F0267759}.Debug|Mixed Platforms.ActiveCfg = Debug|x86
		{DCD6658E-6008-4668-BBDF-CCB0F0267759}.Debug|Mixed Platforms.Build.0 = Debug|x86
		{DCD6658E-6008-4668-BBDF-CCB0F0267759}.Debug|x86.ActiveCfg = Debug|x86
		{DCD6658E-6008-4668-BBDF-CCB0F0267759}.Debug|x86.Build.0 = Debug|x86
		{DCD6658E-6008-4668-BBDF-CCB0F0267759}.Release|Any CPU.ActiveCfg = Release|x86
		{DCD6658E-6008-4668-BBDF-CCB0F0267759}.Release|Mixed Platforms.ActiveCfg = Release|x86
		{DCD6658E-6008-4668-BBDF-CCB0F0267759}.Release|Mixed Platforms.Build.0 = Release|x86
		{DCD6658E-6008-4668-BBDF-CCB0F0267759}.Release|x86.ActiveCfg = Release|x86
		{DCD6658E-6008-4668-BBDF-CCB0F0267759}.Release|x86.Build.0 = Release|x86
		{88FEE481-A97F-4DD6-B206-5B33F777AD4D}.Debug|Any CPU.ActiveCfg = Debug|Any CPU
		{88FEE481-A97F-4DD6-B206-5B33F777AD4D}.Debug|Any CPU.Build.0 = Debug|Any CPU
		{88FEE481-A97F-4DD6-B206-5B33F777AD4D}.Debug|Mixed Platforms.ActiveCfg = Debug|Any CPU
		{88FEE481-A97F-4DD6-B206-5B33F777AD4D}.Debug|Mixed Platforms.Build.0 = Debug|Any CPU
		{88FEE481-A97F-4DD6-B206-5B33F777AD4D}.Debug|x86.ActiveCfg = Debug|Any CPU
		{88FEE481-A97F-4DD6-B206-5B33F777AD4D}.Release|Any CPU.ActiveCfg = Release|Any CPU
		{88FEE481-A97F-4DD6-B206-5B33F777AD4D}.Release|Any CPU.Build.0 = Release|Any CPU
		{88FEE481-A97F-4DD6-B206-5B33F777AD4D}.Release|Mixed Platforms.ActiveCfg = Release|Any CPU
		{88FEE481-A97F-4DD6-B206-5B33F777AD4D}.Release|Mixed Platforms.Build.0 = Release|Any CPU
		{88FEE481-A97F-4DD6-B206-5B33F777AD4D}.Release|x86.ActiveCfg = Release|Any CPU
		{43599321-D767-4BF7-A725-34850D057B4E}.Debug|Any CPU.ActiveCfg = Debug|x86
		{43599321-D767-4BF7-A725-34850D057B4E}.Debug|Mixed Platforms.ActiveCfg = Debug|x86
		{43599321-D767-4BF7-A725-34850D057B4E}.Debug|Mixed Platforms.Build.0 = Debug|x86
		{43599321-D767-4BF7-A725-34850D057B4E}.Debug|x86.ActiveCfg = Debug|x86
		{43599321-D767-4BF7-A725-34850D057B4E}.Debug|x86.Build.0 = Debug|x86
		{43599321-D767-4BF7-A725-34850D057B4E}.Release|Any CPU.ActiveCfg = Release|x86
		{43599321-D767-4BF7-A725-34850D057B4E}.Release|Mixed Platforms.ActiveCfg = Release|x86
		{43599321-D767-4BF7-A725-34850D057B4E}.Release|Mixed Platforms.Build.0 = Release|x86
		{43599321-D767-4BF7-A725-34850D057B4E}.Release|x86.ActiveCfg = Release|x86
		{43599321-D767-4BF7-A725-34850D057B4E}.Release|x86.Build.0 = Release|x86
		{6904C0F4-0535-48EB-AFC1-CE1396418D00}.Debug|Any CPU.ActiveCfg = Debug|x86
		{6904C0F4-0535-48EB-AFC1-CE1396418D00}.Debug|Mixed Platforms.ActiveCfg = Debug|x86
		{6904C0F4-0535-48EB-AFC1-CE1396418D00}.Debug|Mixed Platforms.Build.0 = Debug|x86
		{6904C0F4-0535-48EB-AFC1-CE1396418D00}.Debug|x86.ActiveCfg = Debug|x86
		{6904C0F4-0535-48EB-AFC1-CE1396418D00}.Debug|x86.Build.0 = Debug|x86
		{6904C0F4-0535-48EB-AFC1-CE1396418D00}.Release|Any CPU.ActiveCfg = Release|x86
		{6904C0F4-0535-48EB-AFC1-CE1396418D00}.Release|Mixed Platforms.ActiveCfg = Release|x86
		{6904C0F4-0535-48EB-AFC1-CE1396418D00}.Release|Mixed Platforms.Build.0 = Release|x86
		{6904C0F4-0535-48EB-AFC1-CE1396418D00}.Release|x86.ActiveCfg = Release|x86
		{6904C0F4-0535-48EB-AFC1-CE1396418D00}.Release|x86.Build.0 = Release|x86
		{088CB10C-E5D3-4537-979F-F5BED401DB25}.Debug|Any CPU.ActiveCfg = Debug|Any CPU
		{088CB10C-E5D3-4537-979F-F5BED401DB25}.Debug|Any CPU.Build.0 = Debug|Any CPU
		{088CB10C-E5D3-4537-979F-F5BED401DB25}.Debug|Mixed Platforms.ActiveCfg = Debug|Any CPU
		{088CB10C-E5D3-4537-979F-F5BED401DB25}.Debug|Mixed Platforms.Build.0 = Debug|Any CPU
		{088CB10C-E5D3-4537-979F-F5BED401DB25}.Debug|x86.ActiveCfg = Debug|Any CPU
		{088CB10C-E5D3-4537-979F-F5BED401DB25}.Release|Any CPU.ActiveCfg = Debug|Any CPU
		{088CB10C-E5D3-4537-979F-F5BED401DB25}.Release|Any CPU.Build.0 = Debug|Any CPU
		{088CB10C-E5D3-4537-979F-F5BED401DB25}.Release|Mixed Platforms.ActiveCfg = Debug|Any CPU
		{088CB10C-E5D3-4537-979F-F5BED401DB25}.Release|Mixed Platforms.Build.0 = Debug|Any CPU
		{088CB10C-E5D3-4537-979F-F5BED401DB25}.Release|x86.ActiveCfg = Debug|Any CPU
		{268E716E-5BF5-4CF3-86D8-904A6BBAB6AC}.Debug|Any CPU.ActiveCfg = Debug|Any CPU
		{268E716E-5BF5-4CF3-86D8-904A6BBAB6AC}.Debug|Any CPU.Build.0 = Debug|Any CPU
		{268E716E-5BF5-4CF3-86D8-904A6BBAB6AC}.Debug|Mixed Platforms.ActiveCfg = Debug|Any CPU
		{268E716E-5BF5-4CF3-86D8-904A6BBAB6AC}.Debug|Mixed Platforms.Build.0 = Debug|Any CPU
		{268E716E-5BF5-4CF3-86D8-904A6BBAB6AC}.Debug|x86.ActiveCfg = Debug|Any CPU
		{268E716E-5BF5-4CF3-86D8-904A6BBAB6AC}.Release|Any CPU.ActiveCfg = Release|Any CPU
		{268E716E-5BF5-4CF3-86D8-904A6BBAB6AC}.Release|Any CPU.Build.0 = Release|Any CPU
		{268E716E-5BF5-4CF3-86D8-904A6BBAB6AC}.Release|Mixed Platforms.ActiveCfg = Debug|Any CPU
		{268E716E-5BF5-4CF3-86D8-904A6BBAB6AC}.Release|Mixed Platforms.Build.0 = Debug|Any CPU
		{268E716E-5BF5-4CF3-86D8-904A6BBAB6AC}.Release|x86.ActiveCfg = Debug|Any CPU
		{DC459772-7889-47B1-9471-7F9ABA3C3FC4}.Debug|Any CPU.ActiveCfg = Debug|Any CPU
		{DC459772-7889-47B1-9471-7F9ABA3C3FC4}.Debug|Any CPU.Build.0 = Debug|Any CPU
		{DC459772-7889-47B1-9471-7F9ABA3C3FC4}.Debug|Mixed Platforms.ActiveCfg = Debug|x86
		{DC459772-7889-47B1-9471-7F9ABA3C3FC4}.Debug|Mixed Platforms.Build.0 = Debug|x86
		{DC459772-7889-47B1-9471-7F9ABA3C3FC4}.Debug|x86.ActiveCfg = Debug|x86
		{DC459772-7889-47B1-9471-7F9ABA3C3FC4}.Debug|x86.Build.0 = Debug|x86
		{DC459772-7889-47B1-9471-7F9ABA3C3FC4}.Release|Any CPU.ActiveCfg = Release|Any CPU
		{DC459772-7889-47B1-9471-7F9ABA3C3FC4}.Release|Any CPU.Build.0 = Release|Any CPU
		{DC459772-7889-47B1-9471-7F9ABA3C3FC4}.Release|Mixed Platforms.ActiveCfg = Release|x86
		{DC459772-7889-47B1-9471-7F9ABA3C3FC4}.Release|Mixed Platforms.Build.0 = Release|x86
		{DC459772-7889-47B1-9471-7F9ABA3C3FC4}.Release|x86.ActiveCfg = Release|x86
		{DC459772-7889-47B1-9471-7F9ABA3C3FC4}.Release|x86.Build.0 = Release|x86
		{A8636D77-B876-4E6A-863D-8C924E40955C}.Debug|Any CPU.ActiveCfg = Debug|x86
		{A8636D77-B876-4E6A-863D-8C924E40955C}.Debug|Mixed Platforms.ActiveCfg = Debug|x86
		{A8636D77-B876-4E6A-863D-8C924E40955C}.Debug|Mixed Platforms.Build.0 = Debug|x86
		{A8636D77-B876-4E6A-863D-8C924E40955C}.Debug|x86.ActiveCfg = Debug|x86
		{A8636D77-B876-4E6A-863D-8C924E40955C}.Debug|x86.Build.0 = Debug|x86
		{A8636D77-B876-4E6A-863D-8C924E40955C}.Release|Any CPU.ActiveCfg = Release|x86
		{A8636D77-B876-4E6A-863D-8C924E40955C}.Release|Mixed Platforms.ActiveCfg = Release|x86
		{A8636D77-B876-4E6A-863D-8C924E40955C}.Release|Mixed Platforms.Build.0 = Release|x86
		{A8636D77-B876-4E6A-863D-8C924E40955C}.Release|x86.ActiveCfg = Release|x86
		{A8636D77-B876-4E6A-863D-8C924E40955C}.Release|x86.Build.0 = Release|x86
		{23D753CD-127D-4DEB-8A4B-AB0E4F11E90C}.Debug|Any CPU.ActiveCfg = Debug|Any CPU
		{23D753CD-127D-4DEB-8A4B-AB0E4F11E90C}.Debug|Any CPU.Build.0 = Debug|Any CPU
		{23D753CD-127D-4DEB-8A4B-AB0E4F11E90C}.Debug|Mixed Platforms.ActiveCfg = Debug|Any CPU
		{23D753CD-127D-4DEB-8A4B-AB0E4F11E90C}.Debug|Mixed Platforms.Build.0 = Debug|Any CPU
		{23D753CD-127D-4DEB-8A4B-AB0E4F11E90C}.Debug|x86.ActiveCfg = Debug|Any CPU
		{23D753CD-127D-4DEB-8A4B-AB0E4F11E90C}.Release|Any CPU.ActiveCfg = Release|Any CPU
		{23D753CD-127D-4DEB-8A4B-AB0E4F11E90C}.Release|Any CPU.Build.0 = Release|Any CPU
		{23D753CD-127D-4DEB-8A4B-AB0E4F11E90C}.Release|Mixed Platforms.ActiveCfg = Debug|Any CPU
		{23D753CD-127D-4DEB-8A4B-AB0E4F11E90C}.Release|Mixed Platforms.Build.0 = Debug|Any CPU
		{23D753CD-127D-4DEB-8A4B-AB0E4F11E90C}.Release|x86.ActiveCfg = Debug|Any CPU
		{452A48B6-DBD2-43C0-9D4B-3834E2EA135A}.Debug|Any CPU.ActiveCfg = Debug|Any CPU
		{452A48B6-DBD2-43C0-9D4B-3834E2EA135A}.Debug|Any CPU.Build.0 = Debug|Any CPU
		{452A48B6-DBD2-43C0-9D4B-3834E2EA135A}.Debug|Mixed Platforms.ActiveCfg = Debug|Any CPU
		{452A48B6-DBD2-43C0-9D4B-3834E2EA135A}.Debug|Mixed Platforms.Build.0 = Debug|Any CPU
		{452A48B6-DBD2-43C0-9D4B-3834E2EA135A}.Debug|x86.ActiveCfg = Debug|Any CPU
		{452A48B6-DBD2-43C0-9D4B-3834E2EA135A}.Release|Any CPU.ActiveCfg = Release|Any CPU
		{452A48B6-DBD2-43C0-9D4B-3834E2EA135A}.Release|Any CPU.Build.0 = Release|Any CPU
		{452A48B6-DBD2-43C0-9D4B-3834E2EA135A}.Release|Mixed Platforms.ActiveCfg = Release|Any CPU
		{452A48B6-DBD2-43C0-9D4B-3834E2EA135A}.Release|Mixed Platforms.Build.0 = Release|Any CPU
		{452A48B6-DBD2-43C0-9D4B-3834E2EA135A}.Release|x86.ActiveCfg = Release|Any CPU
		{F2E3DDFB-EEDB-4F85-8AE8-CBE6B18A5ED0}.Debug|Any CPU.ActiveCfg = Debug|Any CPU
		{F2E3DDFB-EEDB-4F85-8AE8-CBE6B18A5ED0}.Debug|Any CPU.Build.0 = Debug|Any CPU
		{F2E3DDFB-EEDB-4F85-8AE8-CBE6B18A5ED0}.Debug|Mixed Platforms.ActiveCfg = Debug|Any CPU
		{F2E3DDFB-EEDB-4F85-8AE8-CBE6B18A5ED0}.Debug|Mixed Platforms.Build.0 = Debug|Any CPU
		{F2E3DDFB-EEDB-4F85-8AE8-CBE6B18A5ED0}.Debug|x86.ActiveCfg = Debug|Any CPU
		{F2E3DDFB-EEDB-4F85-8AE8-CBE6B18A5ED0}.Release|Any CPU.ActiveCfg = Release|Any CPU
		{F2E3DDFB-EEDB-4F85-8AE8-CBE6B18A5ED0}.Release|Any CPU.Build.0 = Release|Any CPU
		{F2E3DDFB-EEDB-4F85-8AE8-CBE6B18A5ED0}.Release|Mixed Platforms.ActiveCfg = Release|Any CPU
		{F2E3DDFB-EEDB-4F85-8AE8-CBE6B18A5ED0}.Release|Mixed Platforms.Build.0 = Release|Any CPU
		{F2E3DDFB-EEDB-4F85-8AE8-CBE6B18A5ED0}.Release|x86.ActiveCfg = Release|Any CPU
		{EC883124-C0D6-4349-B3D7-22A688CE6BA2}.Debug|Any CPU.ActiveCfg = Debug|Any CPU
		{EC883124-C0D6-4349-B3D7-22A688CE6BA2}.Debug|Any CPU.Build.0 = Debug|Any CPU
		{EC883124-C0D6-4349-B3D7-22A688CE6BA2}.Debug|Mixed Platforms.ActiveCfg = Debug|Any CPU
		{EC883124-C0D6-4349-B3D7-22A688CE6BA2}.Debug|Mixed Platforms.Build.0 = Debug|Any CPU
		{EC883124-C0D6-4349-B3D7-22A688CE6BA2}.Debug|x86.ActiveCfg = Debug|Any CPU
		{EC883124-C0D6-4349-B3D7-22A688CE6BA2}.Release|Any CPU.ActiveCfg = Release|Any CPU
		{EC883124-C0D6-4349-B3D7-22A688CE6BA2}.Release|Any CPU.Build.0 = Release|Any CPU
		{EC883124-C0D6-4349-B3D7-22A688CE6BA2}.Release|Mixed Platforms.ActiveCfg = Release|Any CPU
		{EC883124-C0D6-4349-B3D7-22A688CE6BA2}.Release|Mixed Platforms.Build.0 = Release|Any CPU
		{EC883124-C0D6-4349-B3D7-22A688CE6BA2}.Release|x86.ActiveCfg = Release|Any CPU
		{4038CE43-6F12-4DC1-AE48-D0444A56BE41}.Debug|Any CPU.ActiveCfg = Debug|Any CPU
		{4038CE43-6F12-4DC1-AE48-D0444A56BE41}.Debug|Any CPU.Build.0 = Debug|Any CPU
		{4038CE43-6F12-4DC1-AE48-D0444A56BE41}.Debug|Mixed Platforms.ActiveCfg = Debug|x86
		{4038CE43-6F12-4DC1-AE48-D0444A56BE41}.Debug|Mixed Platforms.Build.0 = Debug|x86
		{4038CE43-6F12-4DC1-AE48-D0444A56BE41}.Debug|x86.ActiveCfg = Debug|x86
		{4038CE43-6F12-4DC1-AE48-D0444A56BE41}.Debug|x86.Build.0 = Debug|x86
		{4038CE43-6F12-4DC1-AE48-D0444A56BE41}.Release|Any CPU.ActiveCfg = Release|Any CPU
		{4038CE43-6F12-4DC1-AE48-D0444A56BE41}.Release|Any CPU.Build.0 = Release|Any CPU
		{4038CE43-6F12-4DC1-AE48-D0444A56BE41}.Release|Mixed Platforms.ActiveCfg = Release|x86
		{4038CE43-6F12-4DC1-AE48-D0444A56BE41}.Release|Mixed Platforms.Build.0 = Release|x86
		{4038CE43-6F12-4DC1-AE48-D0444A56BE41}.Release|x86.ActiveCfg = Release|x86
		{4038CE43-6F12-4DC1-AE48-D0444A56BE41}.Release|x86.Build.0 = Release|x86
		{7F278F32-47B4-4F4E-85B2-BAEAA406951B}.Debug|Any CPU.ActiveCfg = Debug|Win32
		{7F278F32-47B4-4F4E-85B2-BAEAA406951B}.Debug|Mixed Platforms.ActiveCfg = Debug|Win32
		{7F278F32-47B4-4F4E-85B2-BAEAA406951B}.Debug|Mixed Platforms.Build.0 = Debug|Win32
		{7F278F32-47B4-4F4E-85B2-BAEAA406951B}.Debug|x86.ActiveCfg = Debug|Win32
		{7F278F32-47B4-4F4E-85B2-BAEAA406951B}.Debug|x86.Build.0 = Debug|Win32
		{7F278F32-47B4-4F4E-85B2-BAEAA406951B}.Release|Any CPU.ActiveCfg = Release|Win32
		{7F278F32-47B4-4F4E-85B2-BAEAA406951B}.Release|Mixed Platforms.ActiveCfg = Release|Win32
		{7F278F32-47B4-4F4E-85B2-BAEAA406951B}.Release|Mixed Platforms.Build.0 = Release|Win32
		{7F278F32-47B4-4F4E-85B2-BAEAA406951B}.Release|x86.ActiveCfg = Release|Win32
		{7F278F32-47B4-4F4E-85B2-BAEAA406951B}.Release|x86.Build.0 = Release|Win32
		{833877EA-2CEA-46EE-B475-14051B77D9F0}.Debug|Any CPU.ActiveCfg = Debug|x86
		{833877EA-2CEA-46EE-B475-14051B77D9F0}.Debug|Mixed Platforms.ActiveCfg = Debug|x86
		{833877EA-2CEA-46EE-B475-14051B77D9F0}.Debug|Mixed Platforms.Build.0 = Debug|x86
		{833877EA-2CEA-46EE-B475-14051B77D9F0}.Debug|x86.ActiveCfg = Debug|x86
		{833877EA-2CEA-46EE-B475-14051B77D9F0}.Debug|x86.Build.0 = Debug|x86
		{833877EA-2CEA-46EE-B475-14051B77D9F0}.Release|Any CPU.ActiveCfg = Release|x86
		{833877EA-2CEA-46EE-B475-14051B77D9F0}.Release|Mixed Platforms.ActiveCfg = Debug|x86
		{833877EA-2CEA-46EE-B475-14051B77D9F0}.Release|Mixed Platforms.Build.0 = Debug|x86
		{833877EA-2CEA-46EE-B475-14051B77D9F0}.Release|x86.ActiveCfg = Debug|x86
		{833877EA-2CEA-46EE-B475-14051B77D9F0}.Release|x86.Build.0 = Debug|x86
		{D8000EE2-BBD5-4E10-97E2-B1CF562753EF}.Debug|Any CPU.ActiveCfg = Debug|x86
		{D8000EE2-BBD5-4E10-97E2-B1CF562753EF}.Debug|Mixed Platforms.ActiveCfg = Debug|x86
		{D8000EE2-BBD5-4E10-97E2-B1CF562753EF}.Debug|Mixed Platforms.Build.0 = Debug|x86
		{D8000EE2-BBD5-4E10-97E2-B1CF562753EF}.Debug|x86.ActiveCfg = Debug|x86
		{D8000EE2-BBD5-4E10-97E2-B1CF562753EF}.Debug|x86.Build.0 = Debug|x86
		{D8000EE2-BBD5-4E10-97E2-B1CF562753EF}.Release|Any CPU.ActiveCfg = Release|x86
		{D8000EE2-BBD5-4E10-97E2-B1CF562753EF}.Release|Mixed Platforms.ActiveCfg = Release|x86
		{D8000EE2-BBD5-4E10-97E2-B1CF562753EF}.Release|Mixed Platforms.Build.0 = Release|x86
		{D8000EE2-BBD5-4E10-97E2-B1CF562753EF}.Release|x86.ActiveCfg = Release|x86
		{D8000EE2-BBD5-4E10-97E2-B1CF562753EF}.Release|x86.Build.0 = Release|x86
		{C3B940DA-5325-43D8-94E1-CF87255DA471}.Debug|Any CPU.ActiveCfg = Debug|x86
		{C3B940DA-5325-43D8-94E1-CF87255DA471}.Debug|Mixed Platforms.ActiveCfg = Debug|x86
		{C3B940DA-5325-43D8-94E1-CF87255DA471}.Debug|Mixed Platforms.Build.0 = Debug|x86
		{C3B940DA-5325-43D8-94E1-CF87255DA471}.Debug|x86.ActiveCfg = Debug|x86
		{C3B940DA-5325-43D8-94E1-CF87255DA471}.Debug|x86.Build.0 = Debug|x86
		{C3B940DA-5325-43D8-94E1-CF87255DA471}.Release|Any CPU.ActiveCfg = Release|x86
		{C3B940DA-5325-43D8-94E1-CF87255DA471}.Release|Mixed Platforms.ActiveCfg = Release|x86
		{C3B940DA-5325-43D8-94E1-CF87255DA471}.Release|Mixed Platforms.Build.0 = Release|x86
		{C3B940DA-5325-43D8-94E1-CF87255DA471}.Release|x86.ActiveCfg = Release|x86
		{C3B940DA-5325-43D8-94E1-CF87255DA471}.Release|x86.Build.0 = Release|x86
		{97FA3B48-FA55-43A0-9B86-82415A1E29F3}.Debug|Any CPU.ActiveCfg = general|Win32
		{97FA3B48-FA55-43A0-9B86-82415A1E29F3}.Debug|Mixed Platforms.ActiveCfg = general|Win32
		{97FA3B48-FA55-43A0-9B86-82415A1E29F3}.Debug|Mixed Platforms.Build.0 = general|Win32
		{97FA3B48-FA55-43A0-9B86-82415A1E29F3}.Debug|x86.ActiveCfg = general|Win32
		{97FA3B48-FA55-43A0-9B86-82415A1E29F3}.Debug|x86.Build.0 = general|Win32
		{97FA3B48-FA55-43A0-9B86-82415A1E29F3}.Release|Any CPU.ActiveCfg = general|Win32
		{97FA3B48-FA55-43A0-9B86-82415A1E29F3}.Release|Mixed Platforms.ActiveCfg = general|Win32
		{97FA3B48-FA55-43A0-9B86-82415A1E29F3}.Release|Mixed Platforms.Build.0 = general|Win32
		{97FA3B48-FA55-43A0-9B86-82415A1E29F3}.Release|x86.ActiveCfg = general|Win32
		{97FA3B48-FA55-43A0-9B86-82415A1E29F3}.Release|x86.Build.0 = general|Win32
		{FE543F37-B717-412E-98A1-4EA3DDE2EF34}.Debug|Any CPU.ActiveCfg = Debug|Any CPU
		{FE543F37-B717-412E-98A1-4EA3DDE2EF34}.Debug|Any CPU.Build.0 = Debug|Any CPU
		{FE543F37-B717-412E-98A1-4EA3DDE2EF34}.Debug|Mixed Platforms.ActiveCfg = Debug|Any CPU
		{FE543F37-B717-412E-98A1-4EA3DDE2EF34}.Debug|Mixed Platforms.Build.0 = Debug|Any CPU
		{FE543F37-B717-412E-98A1-4EA3DDE2EF34}.Debug|x86.ActiveCfg = Debug|Any CPU
		{FE543F37-B717-412E-98A1-4EA3DDE2EF34}.Release|Any CPU.ActiveCfg = Release|Any CPU
		{FE543F37-B717-412E-98A1-4EA3DDE2EF34}.Release|Any CPU.Build.0 = Release|Any CPU
		{FE543F37-B717-412E-98A1-4EA3DDE2EF34}.Release|Mixed Platforms.ActiveCfg = Release|Any CPU
		{FE543F37-B717-412E-98A1-4EA3DDE2EF34}.Release|Mixed Platforms.Build.0 = Release|Any CPU
		{FE543F37-B717-412E-98A1-4EA3DDE2EF34}.Release|x86.ActiveCfg = Release|Any CPU
		{E53031CE-1C1E-4CF0-9683-982C6BF5E2FD}.Debug|Any CPU.ActiveCfg = Debug|x86
		{E53031CE-1C1E-4CF0-9683-982C6BF5E2FD}.Debug|Mixed Platforms.ActiveCfg = Debug|x86
		{E53031CE-1C1E-4CF0-9683-982C6BF5E2FD}.Debug|Mixed Platforms.Build.0 = Debug|x86
		{E53031CE-1C1E-4CF0-9683-982C6BF5E2FD}.Debug|x86.ActiveCfg = Debug|x86
		{E53031CE-1C1E-4CF0-9683-982C6BF5E2FD}.Debug|x86.Build.0 = Debug|x86
		{E53031CE-1C1E-4CF0-9683-982C6BF5E2FD}.Release|Any CPU.ActiveCfg = Release|x86
		{E53031CE-1C1E-4CF0-9683-982C6BF5E2FD}.Release|Mixed Platforms.ActiveCfg = Debug|x86
		{E53031CE-1C1E-4CF0-9683-982C6BF5E2FD}.Release|Mixed Platforms.Build.0 = Debug|x86
		{E53031CE-1C1E-4CF0-9683-982C6BF5E2FD}.Release|x86.ActiveCfg = Debug|x86
		{E53031CE-1C1E-4CF0-9683-982C6BF5E2FD}.Release|x86.Build.0 = Debug|x86
		{3C35F228-14C6-46EF-B291-848404AE4ABB}.Debug|Any CPU.ActiveCfg = Debug|Any CPU
		{3C35F228-14C6-46EF-B291-848404AE4ABB}.Debug|Any CPU.Build.0 = Debug|Any CPU
		{3C35F228-14C6-46EF-B291-848404AE4ABB}.Debug|Any CPU.Deploy.0 = Debug|Any CPU
		{3C35F228-14C6-46EF-B291-848404AE4ABB}.Debug|Mixed Platforms.ActiveCfg = Debug|Any CPU
		{3C35F228-14C6-46EF-B291-848404AE4ABB}.Debug|Mixed Platforms.Build.0 = Debug|Any CPU
		{3C35F228-14C6-46EF-B291-848404AE4ABB}.Debug|x86.ActiveCfg = Debug|Any CPU
		{3C35F228-14C6-46EF-B291-848404AE4ABB}.Release|Any CPU.ActiveCfg = Release|Any CPU
		{3C35F228-14C6-46EF-B291-848404AE4ABB}.Release|Any CPU.Build.0 = Release|Any CPU
		{3C35F228-14C6-46EF-B291-848404AE4ABB}.Release|Any CPU.Deploy.0 = Release|Any CPU
		{3C35F228-14C6-46EF-B291-848404AE4ABB}.Release|Mixed Platforms.ActiveCfg = Release|Any CPU
		{3C35F228-14C6-46EF-B291-848404AE4ABB}.Release|Mixed Platforms.Build.0 = Release|Any CPU
		{3C35F228-14C6-46EF-B291-848404AE4ABB}.Release|Mixed Platforms.Deploy.0 = Release|Any CPU
		{3C35F228-14C6-46EF-B291-848404AE4ABB}.Release|x86.ActiveCfg = Release|Any CPU
		{FCF346AC-D1C3-42DB-9026-9144240FB766}.Debug|Any CPU.ActiveCfg = Debug|Any CPU
		{FCF346AC-D1C3-42DB-9026-9144240FB766}.Debug|Any CPU.Build.0 = Debug|Any CPU
		{FCF346AC-D1C3-42DB-9026-9144240FB766}.Debug|Mixed Platforms.ActiveCfg = Debug|Any CPU
		{FCF346AC-D1C3-42DB-9026-9144240FB766}.Debug|Mixed Platforms.Build.0 = Debug|Any CPU
		{FCF346AC-D1C3-42DB-9026-9144240FB766}.Debug|x86.ActiveCfg = Debug|Any CPU
		{FCF346AC-D1C3-42DB-9026-9144240FB766}.Release|Any CPU.ActiveCfg = Release|Any CPU
		{FCF346AC-D1C3-42DB-9026-9144240FB766}.Release|Any CPU.Build.0 = Release|Any CPU
		{FCF346AC-D1C3-42DB-9026-9144240FB766}.Release|Mixed Platforms.ActiveCfg = Release|Any CPU
		{FCF346AC-D1C3-42DB-9026-9144240FB766}.Release|Mixed Platforms.Build.0 = Release|Any CPU
		{FCF346AC-D1C3-42DB-9026-9144240FB766}.Release|x86.ActiveCfg = Release|Any CPU
		{4FA454BC-332A-4226-A229-38D87C504F8F}.Debug|Any CPU.ActiveCfg = Debug|Any CPU
		{4FA454BC-332A-4226-A229-38D87C504F8F}.Debug|Any CPU.Build.0 = Debug|Any CPU
		{4FA454BC-332A-4226-A229-38D87C504F8F}.Debug|Mixed Platforms.ActiveCfg = Debug|Any CPU
		{4FA454BC-332A-4226-A229-38D87C504F8F}.Debug|Mixed Platforms.Build.0 = Debug|Any CPU
		{4FA454BC-332A-4226-A229-38D87C504F8F}.Debug|x86.ActiveCfg = Debug|Any CPU
		{4FA454BC-332A-4226-A229-38D87C504F8F}.Release|Any CPU.ActiveCfg = Release|Any CPU
		{4FA454BC-332A-4226-A229-38D87C504F8F}.Release|Any CPU.Build.0 = Release|Any CPU
		{4FA454BC-332A-4226-A229-38D87C504F8F}.Release|Mixed Platforms.ActiveCfg = Release|Any CPU
		{4FA454BC-332A-4226-A229-38D87C504F8F}.Release|Mixed Platforms.Build.0 = Release|Any CPU
		{4FA454BC-332A-4226-A229-38D87C504F8F}.Release|x86.ActiveCfg = Release|Any CPU
		{BC69929D-F5B7-4BD1-B742-2773C2CDEAA8}.Debug|Any CPU.ActiveCfg = Debug|Win32
		{BC69929D-F5B7-4BD1-B742-2773C2CDEAA8}.Debug|Mixed Platforms.ActiveCfg = Debug|Win32
		{BC69929D-F5B7-4BD1-B742-2773C2CDEAA8}.Debug|Mixed Platforms.Build.0 = Debug|Win32
		{BC69929D-F5B7-4BD1-B742-2773C2CDEAA8}.Debug|x86.ActiveCfg = Debug|Win32
		{BC69929D-F5B7-4BD1-B742-2773C2CDEAA8}.Debug|x86.Build.0 = Debug|Win32
		{BC69929D-F5B7-4BD1-B742-2773C2CDEAA8}.Release|Any CPU.ActiveCfg = Release|Win32
		{BC69929D-F5B7-4BD1-B742-2773C2CDEAA8}.Release|Mixed Platforms.ActiveCfg = Release|Win32
		{BC69929D-F5B7-4BD1-B742-2773C2CDEAA8}.Release|Mixed Platforms.Build.0 = Release|Win32
		{BC69929D-F5B7-4BD1-B742-2773C2CDEAA8}.Release|x86.ActiveCfg = Release|Win32
		{BC69929D-F5B7-4BD1-B742-2773C2CDEAA8}.Release|x86.Build.0 = Release|Win32
		{5664DF0B-6BE5-42A4-A7AE-0CAEE046918E}.Debug|Any CPU.ActiveCfg = Debug|Any CPU
		{5664DF0B-6BE5-42A4-A7AE-0CAEE046918E}.Debug|Any CPU.Build.0 = Debug|Any CPU
		{5664DF0B-6BE5-42A4-A7AE-0CAEE046918E}.Debug|Mixed Platforms.ActiveCfg = Debug|x86
		{5664DF0B-6BE5-42A4-A7AE-0CAEE046918E}.Debug|Mixed Platforms.Build.0 = Debug|x86
		{5664DF0B-6BE5-42A4-A7AE-0CAEE046918E}.Debug|x86.ActiveCfg = Debug|x86
		{5664DF0B-6BE5-42A4-A7AE-0CAEE046918E}.Debug|x86.Build.0 = Debug|x86
		{5664DF0B-6BE5-42A4-A7AE-0CAEE046918E}.Release|Any CPU.ActiveCfg = Release|Any CPU
		{5664DF0B-6BE5-42A4-A7AE-0CAEE046918E}.Release|Any CPU.Build.0 = Release|Any CPU
		{5664DF0B-6BE5-42A4-A7AE-0CAEE046918E}.Release|Mixed Platforms.ActiveCfg = Release|x86
		{5664DF0B-6BE5-42A4-A7AE-0CAEE046918E}.Release|Mixed Platforms.Build.0 = Release|x86
		{5664DF0B-6BE5-42A4-A7AE-0CAEE046918E}.Release|x86.ActiveCfg = Release|x86
		{5664DF0B-6BE5-42A4-A7AE-0CAEE046918E}.Release|x86.Build.0 = Release|x86
		{855B4F94-9AD7-49A5-A75D-6FC8B1892A58}.Debug|Any CPU.ActiveCfg = Debug|Any CPU
		{855B4F94-9AD7-49A5-A75D-6FC8B1892A58}.Debug|Any CPU.Build.0 = Debug|Any CPU
		{855B4F94-9AD7-49A5-A75D-6FC8B1892A58}.Debug|Mixed Platforms.ActiveCfg = Debug|Any CPU
		{855B4F94-9AD7-49A5-A75D-6FC8B1892A58}.Debug|Mixed Platforms.Build.0 = Debug|Any CPU
		{855B4F94-9AD7-49A5-A75D-6FC8B1892A58}.Debug|x86.ActiveCfg = Debug|Any CPU
		{855B4F94-9AD7-49A5-A75D-6FC8B1892A58}.Release|Any CPU.ActiveCfg = Release|Any CPU
		{855B4F94-9AD7-49A5-A75D-6FC8B1892A58}.Release|Any CPU.Build.0 = Release|Any CPU
		{855B4F94-9AD7-49A5-A75D-6FC8B1892A58}.Release|Mixed Platforms.ActiveCfg = Debug|Any CPU
		{855B4F94-9AD7-49A5-A75D-6FC8B1892A58}.Release|Mixed Platforms.Build.0 = Debug|Any CPU
		{855B4F94-9AD7-49A5-A75D-6FC8B1892A58}.Release|x86.ActiveCfg = Debug|Any CPU
		{5425D659-18C8-479A-BC2C-75B99FC71254}.Debug|Any CPU.ActiveCfg = Debug|x86
		{5425D659-18C8-479A-BC2C-75B99FC71254}.Debug|Mixed Platforms.ActiveCfg = Debug|x86
		{5425D659-18C8-479A-BC2C-75B99FC71254}.Debug|Mixed Platforms.Build.0 = Debug|x86
		{5425D659-18C8-479A-BC2C-75B99FC71254}.Debug|x86.ActiveCfg = Debug|x86
		{5425D659-18C8-479A-BC2C-75B99FC71254}.Debug|x86.Build.0 = Debug|x86
		{5425D659-18C8-479A-BC2C-75B99FC71254}.Release|Any CPU.ActiveCfg = Release|x86
		{5425D659-18C8-479A-BC2C-75B99FC71254}.Release|Mixed Platforms.ActiveCfg = Debug|x86
		{5425D659-18C8-479A-BC2C-75B99FC71254}.Release|Mixed Platforms.Build.0 = Debug|x86
		{5425D659-18C8-479A-BC2C-75B99FC71254}.Release|x86.ActiveCfg = Debug|x86
		{5425D659-18C8-479A-BC2C-75B99FC71254}.Release|x86.Build.0 = Debug|x86
		{D68133BD-1E63-496E-9EDE-4FBDBF77B486}.Debug|Any CPU.ActiveCfg = net_4_5_Debug|Any CPU
		{D68133BD-1E63-496E-9EDE-4FBDBF77B486}.Debug|Any CPU.Build.0 = net_4_5_Debug|Any CPU
		{D68133BD-1E63-496E-9EDE-4FBDBF77B486}.Debug|Mixed Platforms.ActiveCfg = net_4_0_Debug|Any CPU
		{D68133BD-1E63-496E-9EDE-4FBDBF77B486}.Debug|Mixed Platforms.Build.0 = net_4_0_Debug|Any CPU
		{D68133BD-1E63-496E-9EDE-4FBDBF77B486}.Debug|x86.ActiveCfg = net_4_0_Debug|Any CPU
		{D68133BD-1E63-496E-9EDE-4FBDBF77B486}.Release|Any CPU.ActiveCfg = net_4_5_Release|Any CPU
		{D68133BD-1E63-496E-9EDE-4FBDBF77B486}.Release|Any CPU.Build.0 = net_4_5_Release|Any CPU
		{D68133BD-1E63-496E-9EDE-4FBDBF77B486}.Release|Mixed Platforms.ActiveCfg = net_4_0_Release|Any CPU
		{D68133BD-1E63-496E-9EDE-4FBDBF77B486}.Release|Mixed Platforms.Build.0 = net_4_0_Release|Any CPU
		{D68133BD-1E63-496E-9EDE-4FBDBF77B486}.Release|x86.ActiveCfg = net_4_0_Release|Any CPU
		{FAE8EBEF-6351-4699-AD8E-88D1DFF3CD92}.Debug|Any CPU.ActiveCfg = Debug|Any CPU
		{FAE8EBEF-6351-4699-AD8E-88D1DFF3CD92}.Debug|Any CPU.Build.0 = Debug|Any CPU
		{FAE8EBEF-6351-4699-AD8E-88D1DFF3CD92}.Debug|Mixed Platforms.ActiveCfg = Debug|Any CPU
		{FAE8EBEF-6351-4699-AD8E-88D1DFF3CD92}.Debug|Mixed Platforms.Build.0 = Debug|Any CPU
		{FAE8EBEF-6351-4699-AD8E-88D1DFF3CD92}.Debug|x86.ActiveCfg = Debug|Any CPU
		{FAE8EBEF-6351-4699-AD8E-88D1DFF3CD92}.Release|Any CPU.ActiveCfg = Release|Any CPU
		{FAE8EBEF-6351-4699-AD8E-88D1DFF3CD92}.Release|Any CPU.Build.0 = Release|Any CPU
		{FAE8EBEF-6351-4699-AD8E-88D1DFF3CD92}.Release|Mixed Platforms.ActiveCfg = Release|Any CPU
		{FAE8EBEF-6351-4699-AD8E-88D1DFF3CD92}.Release|Mixed Platforms.Build.0 = Release|Any CPU
		{FAE8EBEF-6351-4699-AD8E-88D1DFF3CD92}.Release|x86.ActiveCfg = Release|Any CPU
		{63E6915C-7EA4-4D76-AB28-0D7191EEA626}.Debug|Any CPU.ActiveCfg = net_4_5_Debug|Any CPU
		{63E6915C-7EA4-4D76-AB28-0D7191EEA626}.Debug|Any CPU.Build.0 = net_4_5_Debug|Any CPU
		{63E6915C-7EA4-4D76-AB28-0D7191EEA626}.Debug|Mixed Platforms.ActiveCfg = net_4_0_Debug|Any CPU
		{63E6915C-7EA4-4D76-AB28-0D7191EEA626}.Debug|Mixed Platforms.Build.0 = net_4_0_Debug|Any CPU
		{63E6915C-7EA4-4D76-AB28-0D7191EEA626}.Debug|x86.ActiveCfg = net_4_0_Debug|Any CPU
		{63E6915C-7EA4-4D76-AB28-0D7191EEA626}.Release|Any CPU.ActiveCfg = net_4_5_Release|Any CPU
		{63E6915C-7EA4-4D76-AB28-0D7191EEA626}.Release|Any CPU.Build.0 = net_4_5_Release|Any CPU
		{63E6915C-7EA4-4D76-AB28-0D7191EEA626}.Release|Mixed Platforms.ActiveCfg = net_4_0_Release|Any CPU
		{63E6915C-7EA4-4D76-AB28-0D7191EEA626}.Release|Mixed Platforms.Build.0 = net_4_0_Release|Any CPU
		{63E6915C-7EA4-4D76-AB28-0D7191EEA626}.Release|x86.ActiveCfg = net_4_0_Release|Any CPU
		{97E0DD39-AA48-4288-82AD-3753C178C70A}.Debug|Any CPU.ActiveCfg = Debug|Any CPU
		{97E0DD39-AA48-4288-82AD-3753C178C70A}.Debug|Any CPU.Build.0 = Debug|Any CPU
		{97E0DD39-AA48-4288-82AD-3753C178C70A}.Debug|Mixed Platforms.ActiveCfg = Debug|Any CPU
		{97E0DD39-AA48-4288-82AD-3753C178C70A}.Debug|Mixed Platforms.Build.0 = Debug|Any CPU
		{97E0DD39-AA48-4288-82AD-3753C178C70A}.Debug|x86.ActiveCfg = Debug|Any CPU
		{97E0DD39-AA48-4288-82AD-3753C178C70A}.Release|Any CPU.ActiveCfg = Release|Any CPU
		{97E0DD39-AA48-4288-82AD-3753C178C70A}.Release|Any CPU.Build.0 = Release|Any CPU
		{97E0DD39-AA48-4288-82AD-3753C178C70A}.Release|Mixed Platforms.ActiveCfg = Release|Any CPU
		{97E0DD39-AA48-4288-82AD-3753C178C70A}.Release|Mixed Platforms.Build.0 = Release|Any CPU
		{97E0DD39-AA48-4288-82AD-3753C178C70A}.Release|x86.ActiveCfg = Release|Any CPU
		{092FE8E0-7C8B-4B3B-BB89-2FE2FFACD047}.Debug|Any CPU.ActiveCfg = Debug|Any CPU
		{092FE8E0-7C8B-4B3B-BB89-2FE2FFACD047}.Debug|Any CPU.Build.0 = Debug|Any CPU
		{092FE8E0-7C8B-4B3B-BB89-2FE2FFACD047}.Debug|Mixed Platforms.ActiveCfg = Debug|Any CPU
		{092FE8E0-7C8B-4B3B-BB89-2FE2FFACD047}.Debug|Mixed Platforms.Build.0 = Debug|Any CPU
		{092FE8E0-7C8B-4B3B-BB89-2FE2FFACD047}.Debug|x86.ActiveCfg = Debug|Any CPU
		{092FE8E0-7C8B-4B3B-BB89-2FE2FFACD047}.Release|Any CPU.ActiveCfg = Release|Any CPU
		{092FE8E0-7C8B-4B3B-BB89-2FE2FFACD047}.Release|Any CPU.Build.0 = Release|Any CPU
		{092FE8E0-7C8B-4B3B-BB89-2FE2FFACD047}.Release|Mixed Platforms.ActiveCfg = Release|Any CPU
		{092FE8E0-7C8B-4B3B-BB89-2FE2FFACD047}.Release|Mixed Platforms.Build.0 = Release|Any CPU
		{092FE8E0-7C8B-4B3B-BB89-2FE2FFACD047}.Release|x86.ActiveCfg = Release|Any CPU
		{991AA564-5CCF-481C-A2FE-E657D7379E67}.Debug|Any CPU.ActiveCfg = Debug|Any CPU
		{991AA564-5CCF-481C-A2FE-E657D7379E67}.Debug|Any CPU.Build.0 = Debug|Any CPU
		{991AA564-5CCF-481C-A2FE-E657D7379E67}.Debug|Mixed Platforms.ActiveCfg = Debug|Any CPU
		{991AA564-5CCF-481C-A2FE-E657D7379E67}.Debug|Mixed Platforms.Build.0 = Debug|Any CPU
		{991AA564-5CCF-481C-A2FE-E657D7379E67}.Debug|x86.ActiveCfg = Debug|Any CPU
		{991AA564-5CCF-481C-A2FE-E657D7379E67}.Release|Any CPU.ActiveCfg = Release|Any CPU
		{991AA564-5CCF-481C-A2FE-E657D7379E67}.Release|Any CPU.Build.0 = Release|Any CPU
		{991AA564-5CCF-481C-A2FE-E657D7379E67}.Release|Mixed Platforms.ActiveCfg = Release|Any CPU
		{991AA564-5CCF-481C-A2FE-E657D7379E67}.Release|Mixed Platforms.Build.0 = Release|Any CPU
		{991AA564-5CCF-481C-A2FE-E657D7379E67}.Release|x86.ActiveCfg = Release|Any CPU
		{370D8C48-8190-4DE0-9DB3-51B07B7C86B9}.Debug|Any CPU.ActiveCfg = Debug|x86
		{370D8C48-8190-4DE0-9DB3-51B07B7C86B9}.Debug|Mixed Platforms.ActiveCfg = Debug|x86
		{370D8C48-8190-4DE0-9DB3-51B07B7C86B9}.Debug|Mixed Platforms.Build.0 = Debug|x86
		{370D8C48-8190-4DE0-9DB3-51B07B7C86B9}.Debug|x86.ActiveCfg = Debug|x86
		{370D8C48-8190-4DE0-9DB3-51B07B7C86B9}.Debug|x86.Build.0 = Debug|x86
		{370D8C48-8190-4DE0-9DB3-51B07B7C86B9}.Release|Any CPU.ActiveCfg = Release|x86
		{370D8C48-8190-4DE0-9DB3-51B07B7C86B9}.Release|Mixed Platforms.ActiveCfg = Release|x86
		{370D8C48-8190-4DE0-9DB3-51B07B7C86B9}.Release|Mixed Platforms.Build.0 = Release|x86
		{370D8C48-8190-4DE0-9DB3-51B07B7C86B9}.Release|x86.ActiveCfg = Release|x86
		{370D8C48-8190-4DE0-9DB3-51B07B7C86B9}.Release|x86.Build.0 = Release|x86
		{69B7448C-E445-4507-AE2A-469E3C99FC62}.Debug|Any CPU.ActiveCfg = Debug|Any CPU
		{69B7448C-E445-4507-AE2A-469E3C99FC62}.Debug|Any CPU.Build.0 = Debug|Any CPU
		{69B7448C-E445-4507-AE2A-469E3C99FC62}.Debug|Mixed Platforms.ActiveCfg = Debug|Any CPU
		{69B7448C-E445-4507-AE2A-469E3C99FC62}.Debug|Mixed Platforms.Build.0 = Debug|Any CPU
		{69B7448C-E445-4507-AE2A-469E3C99FC62}.Debug|x86.ActiveCfg = Debug|Any CPU
		{69B7448C-E445-4507-AE2A-469E3C99FC62}.Release|Any CPU.ActiveCfg = Release|Any CPU
		{69B7448C-E445-4507-AE2A-469E3C99FC62}.Release|Any CPU.Build.0 = Release|Any CPU
		{69B7448C-E445-4507-AE2A-469E3C99FC62}.Release|Mixed Platforms.ActiveCfg = Release|Any CPU
		{69B7448C-E445-4507-AE2A-469E3C99FC62}.Release|Mixed Platforms.Build.0 = Release|Any CPU
		{69B7448C-E445-4507-AE2A-469E3C99FC62}.Release|x86.ActiveCfg = Release|Any CPU
		{9DBD8EE0-0C5E-48F7-B0A8-7A7D52F8A82D}.Debug|Any CPU.ActiveCfg = Debug|x86
		{9DBD8EE0-0C5E-48F7-B0A8-7A7D52F8A82D}.Debug|Mixed Platforms.ActiveCfg = Debug|x86
		{9DBD8EE0-0C5E-48F7-B0A8-7A7D52F8A82D}.Debug|Mixed Platforms.Build.0 = Debug|x86
		{9DBD8EE0-0C5E-48F7-B0A8-7A7D52F8A82D}.Debug|x86.ActiveCfg = Debug|x86
		{9DBD8EE0-0C5E-48F7-B0A8-7A7D52F8A82D}.Debug|x86.Build.0 = Debug|x86
		{9DBD8EE0-0C5E-48F7-B0A8-7A7D52F8A82D}.Release|Any CPU.ActiveCfg = Release|x86
		{9DBD8EE0-0C5E-48F7-B0A8-7A7D52F8A82D}.Release|Mixed Platforms.ActiveCfg = Release|x86
		{9DBD8EE0-0C5E-48F7-B0A8-7A7D52F8A82D}.Release|Mixed Platforms.Build.0 = Release|x86
		{9DBD8EE0-0C5E-48F7-B0A8-7A7D52F8A82D}.Release|x86.ActiveCfg = Release|x86
		{9DBD8EE0-0C5E-48F7-B0A8-7A7D52F8A82D}.Release|x86.Build.0 = Release|x86
		{94052F05-3D9B-42A8-BA84-C9DC28F93C73}.Debug|Any CPU.ActiveCfg = Debug|x86
		{94052F05-3D9B-42A8-BA84-C9DC28F93C73}.Debug|Mixed Platforms.ActiveCfg = Debug|x86
		{94052F05-3D9B-42A8-BA84-C9DC28F93C73}.Debug|Mixed Platforms.Build.0 = Debug|x86
		{94052F05-3D9B-42A8-BA84-C9DC28F93C73}.Debug|x86.ActiveCfg = Debug|x86
		{94052F05-3D9B-42A8-BA84-C9DC28F93C73}.Debug|x86.Build.0 = Debug|x86
		{94052F05-3D9B-42A8-BA84-C9DC28F93C73}.Release|Any CPU.ActiveCfg = Release|x86
		{94052F05-3D9B-42A8-BA84-C9DC28F93C73}.Release|Mixed Platforms.ActiveCfg = Release|x86
		{94052F05-3D9B-42A8-BA84-C9DC28F93C73}.Release|Mixed Platforms.Build.0 = Release|x86
		{94052F05-3D9B-42A8-BA84-C9DC28F93C73}.Release|x86.ActiveCfg = Release|x86
		{94052F05-3D9B-42A8-BA84-C9DC28F93C73}.Release|x86.Build.0 = Release|x86
	EndGlobalSection
	GlobalSection(SolutionProperties) = preSolution
		HideSolutionNode = FALSE
	EndGlobalSection
	GlobalSection(NestedProjects) = preSolution
		{677A518E-909C-414F-AC5E-528AB32023AF} = {847298BA-D4D1-4EBD-AF69-0193A77DC90C}
		{56EC5ABD-C261-4B90-9BD3-5956D6E82CCD} = {847298BA-D4D1-4EBD-AF69-0193A77DC90C}
		{982F36B7-A3E5-4782-96B0-9979A95610F1} = {847298BA-D4D1-4EBD-AF69-0193A77DC90C}
		{97FEC59D-58AC-41BA-84B4-2FF3187CB0DE} = {982F36B7-A3E5-4782-96B0-9979A95610F1}
		{B1BD67A4-BEC2-442D-8F70-DAEB27735602} = {847298BA-D4D1-4EBD-AF69-0193A77DC90C}
		{231E88A0-FFBB-4F4B-803E-2B24D4A37CEC} = {FEA4635F-E0AE-4562-A292-1B6ABCF4444F}
		{8129B61A-3FCE-4012-8013-377A87D4132B} = {847298BA-D4D1-4EBD-AF69-0193A77DC90C}
		{F797B3BC-7A54-4E75-9BCB-2E52A82C9E93} = {982F36B7-A3E5-4782-96B0-9979A95610F1}
		{10C22CD7-1CB7-4E4D-8422-F9C589A3F743} = {F797B3BC-7A54-4E75-9BCB-2E52A82C9E93}
		{3469B02D-8F18-4333-94F7-0DD3D240C7A1} = {677A518E-909C-414F-AC5E-528AB32023AF}
		{A55DC44A-FAA2-4691-8C8F-5DB19B870FA5} = {FEA4635F-E0AE-4562-A292-1B6ABCF4444F}
		{752D1A5C-9013-4D5B-A7A8-2DA12197A275} = {A55DC44A-FAA2-4691-8C8F-5DB19B870FA5}
		{D99EA3E2-E522-4C20-867D-065A478FD56A} = {752D1A5C-9013-4D5B-A7A8-2DA12197A275}
		{9611D0E6-CEA6-4CD6-8C1C-FE9932372416} = {847298BA-D4D1-4EBD-AF69-0193A77DC90C}
		{69CAA1BD-A7B6-419E-BA1E-05347BB80698} = {9611D0E6-CEA6-4CD6-8C1C-FE9932372416}
		{3CF08082-4063-4345-84BC-92248A5C2F29} = {9611D0E6-CEA6-4CD6-8C1C-FE9932372416}
		{6683BA1C-8DD6-4A33-9139-7BDF9566524A} = {A55DC44A-FAA2-4691-8C8F-5DB19B870FA5}
		{276528FB-1D01-4BB7-96AB-C29CA1C25EC8} = {A55DC44A-FAA2-4691-8C8F-5DB19B870FA5}
		{416ABC6F-4C14-4468-B51B-E2D2929DF808} = {A55DC44A-FAA2-4691-8C8F-5DB19B870FA5}
		{A7B3C91E-E7FF-4E53-957A-1F7BEFA8585B} = {276528FB-1D01-4BB7-96AB-C29CA1C25EC8}
		{A9BDC9A0-7D55-4615-B290-C661E13DF997} = {416ABC6F-4C14-4468-B51B-E2D2929DF808}
		{64F2641B-ECF2-4ACF-83FB-69BF28C54ECE} = {752D1A5C-9013-4D5B-A7A8-2DA12197A275}
		{3662CABF-2023-4A0B-96AC-8AFA0818A704} = {6683BA1C-8DD6-4A33-9139-7BDF9566524A}
		{339C78F1-563A-472D-A5CC-3A03358EE202} = {6683BA1C-8DD6-4A33-9139-7BDF9566524A}
		{EBF0E95D-737E-4092-95DE-6EF91FA05FF3} = {9611D0E6-CEA6-4CD6-8C1C-FE9932372416}
		{DCD6658E-6008-4668-BBDF-CCB0F0267759} = {3A9F0F6C-1E67-460C-9A55-D4F4B60E9460}
		{88FEE481-A97F-4DD6-B206-5B33F777AD4D} = {507B60F2-1D3A-4DC4-9ACB-7A565BA0EF8A}
		{43599321-D767-4BF7-A725-34850D057B4E} = {FEA4635F-E0AE-4562-A292-1B6ABCF4444F}
		{6904C0F4-0535-48EB-AFC1-CE1396418D00} = {3A9F0F6C-1E67-460C-9A55-D4F4B60E9460}
		{268E716E-5BF5-4CF3-86D8-904A6BBAB6AC} = {FEA4635F-E0AE-4562-A292-1B6ABCF4444F}
		{DC459772-7889-47B1-9471-7F9ABA3C3FC4} = {507B60F2-1D3A-4DC4-9ACB-7A565BA0EF8A}
		{A8636D77-B876-4E6A-863D-8C924E40955C} = {FEA4635F-E0AE-4562-A292-1B6ABCF4444F}
		{23D753CD-127D-4DEB-8A4B-AB0E4F11E90C} = {FEA4635F-E0AE-4562-A292-1B6ABCF4444F}
		{EC883124-C0D6-4349-B3D7-22A688CE6BA2} = {FEA4635F-E0AE-4562-A292-1B6ABCF4444F}
		{7F278F32-47B4-4F4E-85B2-BAEAA406951B} = {708C9420-4676-4314-B690-7A887F8CC992}
		{833877EA-2CEA-46EE-B475-14051B77D9F0} = {FEA4635F-E0AE-4562-A292-1B6ABCF4444F}
		{D8000EE2-BBD5-4E10-97E2-B1CF562753EF} = {708C9420-4676-4314-B690-7A887F8CC992}
		{C3B940DA-5325-43D8-94E1-CF87255DA471} = {708C9420-4676-4314-B690-7A887F8CC992}
		{97FA3B48-FA55-43A0-9B86-82415A1E29F3} = {708C9420-4676-4314-B690-7A887F8CC992}
		{FE543F37-B717-412E-98A1-4EA3DDE2EF34} = {FEA4635F-E0AE-4562-A292-1B6ABCF4444F}
		{E53031CE-1C1E-4CF0-9683-982C6BF5E2FD} = {FEA4635F-E0AE-4562-A292-1B6ABCF4444F}
		{5664DF0B-6BE5-42A4-A7AE-0CAEE046918E} = {FEA4635F-E0AE-4562-A292-1B6ABCF4444F}
		{5425D659-18C8-479A-BC2C-75B99FC71254} = {FEA4635F-E0AE-4562-A292-1B6ABCF4444F}
		{D68133BD-1E63-496E-9EDE-4FBDBF77B486} = {8129B61A-3FCE-4012-8013-377A87D4132B}
		{FAE8EBEF-6351-4699-AD8E-88D1DFF3CD92} = {FEA4635F-E0AE-4562-A292-1B6ABCF4444F}
		{63E6915C-7EA4-4D76-AB28-0D7191EEA626} = {8129B61A-3FCE-4012-8013-377A87D4132B}
		{092FE8E0-7C8B-4B3B-BB89-2FE2FFACD047} = {507B60F2-1D3A-4DC4-9ACB-7A565BA0EF8A}
		{991AA564-5CCF-481C-A2FE-E657D7379E67} = {3A9F0F6C-1E67-460C-9A55-D4F4B60E9460}
		{370D8C48-8190-4DE0-9DB3-51B07B7C86B9} = {708C9420-4676-4314-B690-7A887F8CC992}
		{9DBD8EE0-0C5E-48F7-B0A8-7A7D52F8A82D} = {507B60F2-1D3A-4DC4-9ACB-7A565BA0EF8A}
		{94052F05-3D9B-42A8-BA84-C9DC28F93C73} = {507B60F2-1D3A-4DC4-9ACB-7A565BA0EF8A}
	EndGlobalSection
	GlobalSection(TestCaseManagementSettings) = postSolution
		CategoryFile = Tools.vsmdi
	EndGlobalSection
EndGlobal
