
Microsoft Visual Studio Solution File, Format Version 9.00
# Visual Studio 2005
Project("{F184B08F-C81C-45F6-A57F-5ABD9991F28F}") = "Diff Equa", "NonlinDifFormulas\Diff Equa.vbproj", "{2A9BE76F-8111-42EA-893B-B4F8AE9D8B58}"
EndProject
Project("{F184B08F-C81C-45F6-A57F-5ABD9991F28F}") = "SyntaktickyAnalyzator", "SyntaktickyAnalyzator\SyntaktickyAnalyzator.vbproj", "{C6D3F30D-0207-4D03-83BF-8BA76A3AB5DD}"
EndProject
Global
	GlobalSection(TeamFoundationVersionControl) = preSolution
		SccNumberOfProjects = 3
		SccEnterpriseProvider = {4CA58AB2-18FA-4F8D-95D4-32DDF27D184C}
		SccTeamFoundationServer = https://tfs01.codeplex.com/
		SccLocalPath0 = .
		SccProjectUniqueName1 = NonlinDifFormulas\\Diff\u0020Equa.vbproj
		SccProjectName1 = NonlinDifFormulas
		SccLocalPath1 = NonlinDifFormulas
		SccProjectUniqueName2 = SyntaktickyAnalyzator\\SyntaktickyAnalyzator.vbproj
		SccProjectName2 = SyntaktickyAnalyzator
		SccLocalPath2 = SyntaktickyAnalyzator
	EndGlobalSection
	GlobalSection(SolutionConfigurationPlatforms) = preSolution
		Debug|Any CPU = Debug|Any CPU
		Release|Any CPU = Release|Any CPU
	EndGlobalSection
	GlobalSection(ProjectConfigurationPlatforms) = postSolution
		{2A9BE76F-8111-42EA-893B-B4F8AE9D8B58}.Debug|Any CPU.ActiveCfg = Debug|Any CPU
		{2A9BE76F-8111-42EA-893B-B4F8AE9D8B58}.Debug|Any CPU.Build.0 = Debug|Any CPU
		{2A9BE76F-8111-42EA-893B-B4F8AE9D8B58}.Release|Any CPU.ActiveCfg = Release|Any CPU
		{2A9BE76F-8111-42EA-893B-B4F8AE9D8B58}.Release|Any CPU.Build.0 = Release|Any CPU
		{C6D3F30D-0207-4D03-83BF-8BA76A3AB5DD}.Debug|Any CPU.ActiveCfg = Debug|Any CPU
		{C6D3F30D-0207-4D03-83BF-8BA76A3AB5DD}.Debug|Any CPU.Build.0 = Debug|Any CPU
		{C6D3F30D-0207-4D03-83BF-8BA76A3AB5DD}.Release|Any CPU.ActiveCfg = Release|Any CPU
		{C6D3F30D-0207-4D03-83BF-8BA76A3AB5DD}.Release|Any CPU.Build.0 = Release|Any CPU
	EndGlobalSection
	GlobalSection(SolutionProperties) = preSolution
		HideSolutionNode = FALSE
	EndGlobalSection
EndGlobal
