<?xml version="1.0" encoding="utf-8"?>
<Project ToolsVersion="4.0" xmlns="http://schemas.microsoft.com/developer/msbuild/2003">
  <ItemGroup>
    <Filter Include="Doc">
      <UniqueIdentifier>{ec8450c4-5199-4b01-bb0d-f345fd6b0b28}</UniqueIdentifier>
      <ParseFiles>false</ParseFiles>
    </Filter>
    <Filter Include="Header Files">
      <UniqueIdentifier>{93995380-89BD-4b04-88EB-625FBE52EBFB}</UniqueIdentifier>
      <Extensions>h;hpp;hxx;hm;inl;inc;xsd</Extensions>
    </Filter>
    <Filter Include="Header Files\Plugin">
      <UniqueIdentifier>{aca1547e-0981-426c-8fc2-dafcdd663185}</UniqueIdentifier>
    </Filter>
    <Filter Include="Source Files">
      <UniqueIdentifier>{4FC737F1-C7A5-4376-A066-2A32D752A2FF}</UniqueIdentifier>
      <Extensions>cpp;c;cc;cxx;def;odl;idl;hpj;bat;asm;asmx</Extensions>
    </Filter>
    <Filter Include="Header Files\WFX">
      <UniqueIdentifier>{f72845f3-d2c0-4944-adf9-3ceaa1cfdb3d}</UniqueIdentifier>
    </Filter>
    <Filter Include="Source Files\WFX">
      <UniqueIdentifier>{49ab9988-b9cd-4d82-ac1f-356315e7fc27}</UniqueIdentifier>
    </Filter>
  </ItemGroup>
  <ItemGroup>
    <ClInclude Include="Common.h">
      <Filter>Header Files</Filter>
    </ClInclude>
    <ClInclude Include="ContentPluginBase helpers.h">
      <Filter>Header Files</Filter>
    </ClInclude>
    <ClInclude Include="ContentPluginBase.h">
      <Filter>Header Files</Filter>
    </ClInclude>
    <ClInclude Include="Date.h">
      <Filter>Header Files</Filter>
    </ClInclude>
    <ClInclude Include="Exceptions.h">
      <Filter>Header Files</Filter>
    </ClInclude>
    <ClInclude Include="PluginBase.h">
      <Filter>Header Files</Filter>
    </ClInclude>
    <ClInclude Include="Plugin\contplug.h">
      <Filter>Header Files\Plugin</Filter>
    </ClInclude>
    <ClInclude Include="Plugin\fsplugin.h">
      <Filter>Header Files\Plugin</Filter>
    </ClInclude>
    <ClInclude Include="Plugin\plug_common.h">
      <Filter>Header Files\Plugin</Filter>
    </ClInclude>
    <ClInclude Include="PluginMethodAttribute.h">
      <Filter>Header Files</Filter>
    </ClInclude>
    <ClInclude Include="WFX\FileSystemPlugin.h">
      <Filter>Header Files\WFX</Filter>
    </ClInclude>
    <ClInclude Include="WFX\WFX Enums.h">
      <Filter>Header Files\WFX</Filter>
    </ClInclude>
    <ClInclude Include="WFX\ViewDefinition.h">
      <Filter>Header Files\WFX</Filter>
    </ClInclude>
    <ClInclude Include="WFX\FindData.h">
      <Filter>Header Files\WFX</Filter>
    </ClInclude>
    <ClInclude Include="WFX\RemoteInfo.h">
      <Filter>Header Files\WFX</Filter>
    </ClInclude>
    <ClInclude Include="WFX\WFX common.h">
      <Filter>Header Files\WFX</Filter>
    </ClInclude>
    <ClInclude Include="WFX\WFX Callback Wrappers.h">
      <Filter>Header Files\WFX</Filter>
    </ClInclude>
    <ClInclude Include="Attributes.h">
      <Filter>Header Files</Filter>
    </ClInclude>
  </ItemGroup>
  <ItemGroup>
    <None Include="Doc\Content.wdx.hlp">
      <Filter>Doc</Filter>
    </None>
    <None Include="Doc\FileSystem.wfx.hlp">
      <Filter>Doc</Filter>
    </None>
    <None Include="Doc\Lister.wlx.hlp">
      <Filter>Doc</Filter>
    </None>
    <None Include="Doc\Packer.wcx.hlp">
      <Filter>Doc</Filter>
    </None>
  </ItemGroup>
  <ItemGroup>
    <ClCompile Include="AssemblyInfo.cpp">
      <Filter>Source Files</Filter>
    </ClCompile>
    <ClCompile Include="Common.cpp">
      <Filter>Source Files</Filter>
    </ClCompile>
    <ClCompile Include="ContentPluginBase helpers.cpp">
      <Filter>Source Files</Filter>
    </ClCompile>
    <ClCompile Include="ContentPluginBase.cpp">
      <Filter>Source Files</Filter>
    </ClCompile>
    <ClCompile Include="Date.cpp">
      <Filter>Source Files</Filter>
    </ClCompile>
    <ClCompile Include="Exceptions.cpp">
      <Filter>Source Files</Filter>
    </ClCompile>
    <ClCompile Include="PluginBase.cpp">
      <Filter>Source Files</Filter>
    </ClCompile>
    <ClCompile Include="PluginMethodAttribute.cpp">
      <Filter>Source Files</Filter>
    </ClCompile>
    <ClCompile Include="WFX\FileSystemPlugin.cpp">
      <Filter>Source Files\WFX</Filter>
    </ClCompile>
    <ClCompile Include="WFX\WFX Enums.cpp">
      <Filter>Source Files\WFX</Filter>
    </ClCompile>
    <ClCompile Include="WFX\ViewDefinition.cpp">
      <Filter>Source Files\WFX</Filter>
    </ClCompile>
    <ClCompile Include="WFX\FindData.cpp">
      <Filter>Source Files\WFX</Filter>
    </ClCompile>
    <ClCompile Include="WFX\RemoteInfo.cpp">
      <Filter>Source Files\WFX</Filter>
    </ClCompile>
    <ClCompile Include="WFX\WFX common.cpp">
      <Filter>Source Files\WFX</Filter>
    </ClCompile>
    <ClCompile Include="WFX\WFX Callback Wrappers.cpp">
      <Filter>Source Files\WFX</Filter>
    </ClCompile>
    <ClCompile Include="Attributes.cpp">
      <Filter>Source Files</Filter>
    </ClCompile>
  </ItemGroup>
  <ItemGroup>
    <EmbeddedResource Include="Exceptions.cs.resx" />
    <EmbeddedResource Include="Exceptions.resx" />
  </ItemGroup>
</Project>